// !$*UTF8*$!
{
	archiveVersion = 1;
	classes = {
	};
	objectVersion = 56;
	objects = {

/* Begin PBXBuildFile section */
		AD1B2C462E15A00A00123456 /* OnboardingData.swift in Sources */ = {isa = PBXBuildFile; fileRef = AD1B2C3D2E15A00100123456 /* OnboardingData.swift */; };
		AD1B2C472E15A00B00123456 /* OnboardingViewModel.swift in Sources */ = {isa = PBXBuildFile; fileRef = AD1B2C3E2E15A00200123456 /* OnboardingViewModel.swift */; };
		AD25A7822E17439500611A56 /* Clerk in Frameworks */ = {isa = PBXBuildFile; productRef = AD25A7812E17439500611A56 /* Clerk */; };
		AD2C3D5F2E16B10A00234567 /* HealthKitManager.swift in Sources */ = {isa = PBXBuildFile; fileRef = AD2C3D5E2E16B10900234567 /* HealthKitManager.swift */; };
		AD3E4F652E17A12300345678 /* HealthKit.framework in Frameworks */ = {isa = PBXBuildFile; fileRef = AD3E4F642E17A12300345678 /* HealthKit.framework */; };
		AD4F5E7B2E18C23500456789 /* PreferencesView.swift in Sources */ = {isa = PBXBuildFile; fileRef = AD4F5E7A2E18C23400456789 /* PreferencesView.swift */; };
		AD6A7B912E1BE45B00678902 /* LogYourBody.xcdatamodeld in Sources */ = {isa = PBXBuildFile; fileRef = AD6A7B902E1BE45A00678902 /* LogYourBody.xcdatamodeld */; };
		AD6F7F9D2E1AE45700678901 /* DailyLog.swift in Sources */ = {isa = PBXBuildFile; fileRef = AD6F7F9C2E1AE45600678901 /* DailyLog.swift */; };
		AD723B152E15FA5D002376C6 /* delete_files.sh in Resources */ = {isa = PBXBuildFile; fileRef = AD722F0E2E15FA5A002376C6 /* delete_files.sh */; };
		AD723B162E15FA5D002376C6 /* README.md in Resources */ = {isa = PBXBuildFile; fileRef = AD722F0F2E15FA5A002376C6 /* README.md */; };
		AD723B172E15FA5D002376C6 /* icon-1024.png in Resources */ = {isa = PBXBuildFile; fileRef = AD722F102E15FA5A002376C6 /* icon-1024.png */; };
		AD723B1A2E15FA5D002376C6 /* CONFIGURATION.md in Resources */ = {isa = PBXBuildFile; fileRef = AD722F142E15FA5A002376C6 /* CONFIGURATION.md */; };
		AD723B1B2E15FA5D002376C6 /* PROJECT_STRUCTURE.md in Resources */ = {isa = PBXBuildFile; fileRef = AD722F152E15FA5A002376C6 /* PROJECT_STRUCTURE.md */; };
		AD723B1C2E15FA5D002376C6 /* generate_app_icons.sh in Resources */ = {isa = PBXBuildFile; fileRef = AD722F162E15FA5A002376C6 /* generate_app_icons.sh */; };
		AD7243242E15FA5D002376C6 /* setup-local-testing.sh in Resources */ = {isa = PBXBuildFile; fileRef = AD723ACC2E15FA5C002376C6 /* setup-local-testing.sh */; };
		AD7243252E15FA5D002376C6 /* CLERK_SETUP.md in Resources */ = {isa = PBXBuildFile; fileRef = AD723ACD2E15FA5C002376C6 /* CLERK_SETUP.md */; };
		AD72432B2E15FA5D002376C6 /* BodyMetrics.swift in Sources */ = {isa = PBXBuildFile; fileRef = AD723AD52E15FA5C002376C6 /* BodyMetrics.swift */; };
		AD72432D2E15FA5D002376C6 /* DailyMetrics.swift in Sources */ = {isa = PBXBuildFile; fileRef = AD723AD72E15FA5C002376C6 /* DailyMetrics.swift */; };
		AD72432E2E15FA5D002376C6 /* LogYourBody.xcdatamodeld in Sources */ = {isa = PBXBuildFile; fileRef = AD723AD82E15FA5C002376C6 /* LogYourBody.xcdatamodeld */; };
		AD7243302E15FA5D002376C6 /* User.swift in Sources */ = {isa = PBXBuildFile; fileRef = AD723ADA2E15FA5C002376C6 /* User.swift */; };
		AD7243322E15FA5D002376C6 /* Preview Assets.xcassets in Resources */ = {isa = PBXBuildFile; fileRef = AD723ADD2E15FA5C002376C6 /* Preview Assets.xcassets */; };
		AD7243332E15FA5D002376C6 /* app-icon-180.png in Resources */ = {isa = PBXBuildFile; fileRef = AD723AE12E15FA5C002376C6 /* app-icon-180.png */; };
		AD7243342E15FA5D002376C6 /* AppIconGuide.md in Resources */ = {isa = PBXBuildFile; fileRef = AD723AE22E15FA5C002376C6 /* AppIconGuide.md */; };
		AD7243372E15FA5D002376C6 /* CoreDataManager.swift in Sources */ = {isa = PBXBuildFile; fileRef = AD723AE62E15FA5C002376C6 /* CoreDataManager.swift */; };
		AD7243392E15FA5D002376C6 /* LoadingManager.swift in Sources */ = {isa = PBXBuildFile; fileRef = AD723AE82E15FA5C002376C6 /* LoadingManager.swift */; };
		AD72433B2E15FA5D002376C6 /* SupabaseDataClient.swift in Sources */ = {isa = PBXBuildFile; fileRef = AD723AEA2E15FA5C002376C6 /* SupabaseDataClient.swift */; };
		AD72433D2E15FA5E002376C6 /* SyncManager.swift in Sources */ = {isa = PBXBuildFile; fileRef = AD723AEC2E15FA5C002376C6 /* SyncManager.swift */; };
		AD72433E2E15FA5E002376C6 /* Configuration.swift in Sources */ = {isa = PBXBuildFile; fileRef = AD723AEE2E15FA5C002376C6 /* Configuration.swift */; };
		AD7243412E15FA5E002376C6 /* CompletionStepView.swift in Sources */ = {isa = PBXBuildFile; fileRef = AD723AF32E15FA5C002376C6 /* CompletionStepView.swift */; };
		AD7243442E15FA5E002376C6 /* HealthKitStepView.swift in Sources */ = {isa = PBXBuildFile; fileRef = AD723AF62E15FA5C002376C6 /* HealthKitStepView.swift */; };
		AD7243452E15FA5E002376C6 /* NotificationsStepView.swift in Sources */ = {isa = PBXBuildFile; fileRef = AD723AF72E15FA5C002376C6 /* NotificationsStepView.swift */; };
		AD7243462E15FA5E002376C6 /* OnboardingContainerView.swift in Sources */ = {isa = PBXBuildFile; fileRef = AD723AF82E15FA5C002376C6 /* OnboardingContainerView.swift */; };
		AD7243482E15FA5E002376C6 /* WelcomeStepView.swift in Sources */ = {isa = PBXBuildFile; fileRef = AD723AFA2E15FA5C002376C6 /* WelcomeStepView.swift */; };
		AD72434B2E15FA5E002376C6 /* DeleteAccountView.swift in Sources */ = {isa = PBXBuildFile; fileRef = AD723AFE2E15FA5C002376C6 /* DeleteAccountView.swift */; };
		AD72434C2E15FA5E002376C6 /* EmailVerificationView.swift in Sources */ = {isa = PBXBuildFile; fileRef = AD723AFF2E15FA5C002376C6 /* EmailVerificationView.swift */; };
		AD72434D2E15FA5E002376C6 /* ExportDataView.swift in Sources */ = {isa = PBXBuildFile; fileRef = AD723B002E15FA5C002376C6 /* ExportDataView.swift */; };
		AD72434E2E15FA5E002376C6 /* HealthKitPromptView.swift in Sources */ = {isa = PBXBuildFile; fileRef = AD723B012E15FA5C002376C6 /* HealthKitPromptView.swift */; };
		AD72434F2E15FA5E002376C6 /* LoadingView.swift in Sources */ = {isa = PBXBuildFile; fileRef = AD723B022E15FA5C002376C6 /* LoadingView.swift */; };
		AD7243502E15FA5E002376C6 /* LoginView.swift in Sources */ = {isa = PBXBuildFile; fileRef = AD723B032E15FA5C002376C6 /* LoginView.swift */; };
		AD7243522E15FA5E002376C6 /* MainTabView.swift in Sources */ = {isa = PBXBuildFile; fileRef = AD723B052E15FA5C002376C6 /* MainTabView.swift */; };
		AD7243542E15FA5E002376C6 /* ProfileSettingsView.swift in Sources */ = {isa = PBXBuildFile; fileRef = AD723B072E15FA5C002376C6 /* ProfileSettingsView.swift */; };
		AD7243572E15FA5E002376C6 /* Assets.xcassets in Resources */ = {isa = PBXBuildFile; fileRef = AD723B0B2E15FA5C002376C6 /* Assets.xcassets */; };
		AD7243582E15FA5E002376C6 /* Config.xcconfig in Resources */ = {isa = PBXBuildFile; fileRef = AD723B0C2E15FA5C002376C6 /* Config.xcconfig */; };
		AD7243592E15FA5E002376C6 /* Config.xcconfig.example in Resources */ = {isa = PBXBuildFile; fileRef = AD723B0D2E15FA5C002376C6 /* Config.xcconfig.example */; };
		AD72435C2E15FA5E002376C6 /* LaunchScreen.storyboard in Resources */ = {isa = PBXBuildFile; fileRef = AD723B102E15FA5C002376C6 /* LaunchScreen.storyboard */; };
		AD7D30962E14907F0072AA5B /* LogYourBodyApp.swift in Sources */ = {isa = PBXBuildFile; fileRef = AD7D30952E14907F0072AA5B /* LogYourBodyApp.swift */; };
		AD7D30982E14907F0072AA5B /* ContentView.swift in Sources */ = {isa = PBXBuildFile; fileRef = AD7D30972E14907F0072AA5B /* ContentView.swift */; };
		AD7D30A72E1490810072AA5B /* LogYourBodyTests.swift in Sources */ = {isa = PBXBuildFile; fileRef = AD7D30A62E1490810072AA5B /* LogYourBodyTests.swift */; };
		AD7D30B12E1490810072AA5B /* LogYourBodyUITests.swift in Sources */ = {isa = PBXBuildFile; fileRef = AD7D30B02E1490810072AA5B /* LogYourBodyUITests.swift */; };
		AD7D30B32E1490810072AA5B /* LogYourBodyUITestsLaunchTests.swift in Sources */ = {isa = PBXBuildFile; fileRef = AD7D30B22E1490810072AA5B /* LogYourBodyUITestsLaunchTests.swift */; };
		ADBD69472E14A7B900921A30 /* AuthManager.swift in Sources */ = {isa = PBXBuildFile; fileRef = ADBD692A2E14A7B900921A30 /* AuthManager.swift */; };
		ADBD69482E14A7B900921A30 /* DashboardView.swift in Sources */ = {isa = PBXBuildFile; fileRef = ADBD692C2E14A7B900921A30 /* DashboardView.swift */; };
		ADBD694A2E14A7B900921A30 /* LogWeightView.swift in Sources */ = {isa = PBXBuildFile; fileRef = ADBD692E2E14A7B900921A30 /* LogWeightView.swift */; };
		ADBD694D2E14A7B900921A30 /* SettingsView.swift in Sources */ = {isa = PBXBuildFile; fileRef = ADBD69312E14A7B900921A30 /* SettingsView.swift */; };
		ADBD694E2E14A7B900921A30 /* SignUpView.swift in Sources */ = {isa = PBXBuildFile; fileRef = ADBD69322E14A7B900921A30 /* SignUpView.swift */; };
		ADBD69502E14A7B900921A30 /* Constants.swift in Sources */ = {isa = PBXBuildFile; fileRef = ADBD69352E14A7B900921A30 /* Constants.swift */; };
		ADBD69512E14A7B900921A30 /* Color+Theme.swift in Sources */ = {isa = PBXBuildFile; fileRef = ADBD69372E14A7B900921A30 /* Color+Theme.swift */; };
		ADBD69522E14A7B900921A30 /* Font+Custom.swift in Sources */ = {isa = PBXBuildFile; fileRef = ADBD69382E14A7B900921A30 /* Font+Custom.swift */; };
		ADBD69532E14A7B900921A30 /* View+Styles.swift in Sources */ = {isa = PBXBuildFile; fileRef = ADBD69392E14A7B900921A30 /* View+Styles.swift */; };
		ADBD69542E14A7B900921A30 /* Assets.xcassets in Resources */ = {isa = PBXBuildFile; fileRef = ADBD693C2E14A7B900921A30 /* Assets.xcassets */; };
		ADBD69562E14A7B900921A30 /* WeightEntry.swift in Sources */ = {isa = PBXBuildFile; fileRef = ADBD693E2E14A7B900921A30 /* WeightEntry.swift */; };
		ADBD69572E14A7B900921A30 /* Preview Assets.xcassets in Resources */ = {isa = PBXBuildFile; fileRef = ADBD69402E14A7B900921A30 /* Preview Assets.xcassets */; };
		ADBD69582E14A7B900921A30 /* app-icon-180.png in Resources */ = {isa = PBXBuildFile; fileRef = ADBD69442E14A7B900921A30 /* app-icon-180.png */; };
		ADBD69592E14A7B900921A30 /* AppIconGuide.md in Resources */ = {isa = PBXBuildFile; fileRef = ADBD69452E14A7B900921A30 /* AppIconGuide.md */; };
		ADF287A72E14AC6300198D6F /* AppleSignInButton.swift in Sources */ = {isa = PBXBuildFile; fileRef = ADF287A62E14AC6300198D6F /* AppleSignInButton.swift */; };
		ADF287A92E14AFB100198D6F /* LaunchScreen.storyboard in Resources */ = {isa = PBXBuildFile; fileRef = ADF287A82E14AFB000198D6F /* LaunchScreen.storyboard */; };
		ADF287AB2E15045900198D6F /* Supabase.xcconfig in Resources */ = {isa = PBXBuildFile; fileRef = ADF287AA2E15045900198D6F /* Supabase.xcconfig */; };
		ADF287AE2E1507C300198D6F /* Supabase.xcconfig in Resources */ = {isa = PBXBuildFile; fileRef = ADF287AD2E1507C300198D6F /* Supabase.xcconfig */; };
		ADFC6A0E2E1858A3004FCE40 /* NotificationsStepView.swift in Sources */ = {isa = PBXBuildFile; fileRef = AD1B2C442E15A00800123456 /* NotificationsStepView.swift */; };
		ADFC6A122E1858A3004FCE40 /* HealthKitStepView.swift in Sources */ = {isa = PBXBuildFile; fileRef = AD2C3D602E16B10B00234567 /* HealthKitStepView.swift */; };
		ADFC6A162E1858A3004FCE40 /* WelcomeStepView.swift in Sources */ = {isa = PBXBuildFile; fileRef = AD1B2C402E15A00400123456 /* WelcomeStepView.swift */; };
		ADFC6A182E1858A3004FCE40 /* CompletionStepView.swift in Sources */ = {isa = PBXBuildFile; fileRef = AD1B2C452E15A00900123456 /* CompletionStepView.swift */; };
		ADFC6A1A2E1858A3004FCE40 /* OnboardingContainerView.swift in Sources */ = {isa = PBXBuildFile; fileRef = AD1B2C3F2E15A00300123456 /* OnboardingContainerView.swift */; };
		ADFC6A1F2E185913004FCE40 /* NameInputView.swift in Sources */ = {isa = PBXBuildFile; fileRef = ADFC6A1B2E185913004FCE40 /* NameInputView.swift */; };
		ADFC6A202E185913004FCE40 /* GenderInputView.swift in Sources */ = {isa = PBXBuildFile; fileRef = ADFC6A1C2E185913004FCE40 /* GenderInputView.swift */; };
		ADFC6A212E185913004FCE40 /* DateOfBirthInputView.swift in Sources */ = {isa = PBXBuildFile; fileRef = ADFC6A1D2E185913004FCE40 /* DateOfBirthInputView.swift */; };
		ADFC6A222E185913004FCE40 /* HeightInputView.swift in Sources */ = {isa = PBXBuildFile; fileRef = ADFC6A1E2E185913004FCE40 /* HeightInputView.swift */; };
		ADFC6A242E187717004FCE40 /* SupabaseManager.swift in Sources */ = {isa = PBXBuildFile; fileRef = ADFC6A232E187717004FCE40 /* SupabaseManager.swift */; };
		ADFC6A262E188F96004FCE40 /* OTPInputView.swift in Sources */ = {isa = PBXBuildFile; fileRef = ADFC6A252E188F96004FCE40 /* OTPInputView.swift */; };
/* End PBXBuildFile section */

/* Begin PBXContainerItemProxy section */
		AD7D30A32E1490810072AA5B /* PBXContainerItemProxy */ = {
			isa = PBXContainerItemProxy;
			containerPortal = AD7D308A2E14907F0072AA5B /* Project object */;
			proxyType = 1;
			remoteGlobalIDString = AD7D30912E14907F0072AA5B;
			remoteInfo = LogYourBody;
		};
		AD7D30AD2E1490810072AA5B /* PBXContainerItemProxy */ = {
			isa = PBXContainerItemProxy;
			containerPortal = AD7D308A2E14907F0072AA5B /* Project object */;
			proxyType = 1;
			remoteGlobalIDString = AD7D30912E14907F0072AA5B;
			remoteInfo = LogYourBody;
		};
/* End PBXContainerItemProxy section */

/* Begin PBXFileReference section */
		AD1B2C3D2E15A00100123456 /* OnboardingData.swift */ = {isa = PBXFileReference; lastKnownFileType = sourcecode.swift; path = OnboardingData.swift; sourceTree = "<group>"; };
		AD1B2C3E2E15A00200123456 /* OnboardingViewModel.swift */ = {isa = PBXFileReference; lastKnownFileType = sourcecode.swift; path = OnboardingViewModel.swift; sourceTree = "<group>"; };
		AD1B2C3F2E15A00300123456 /* OnboardingContainerView.swift */ = {isa = PBXFileReference; lastKnownFileType = sourcecode.swift; path = OnboardingContainerView.swift; sourceTree = "<group>"; };
		AD1B2C402E15A00400123456 /* WelcomeStepView.swift */ = {isa = PBXFileReference; lastKnownFileType = sourcecode.swift; path = WelcomeStepView.swift; sourceTree = "<group>"; };
		AD1B2C442E15A00800123456 /* NotificationsStepView.swift */ = {isa = PBXFileReference; lastKnownFileType = sourcecode.swift; path = NotificationsStepView.swift; sourceTree = "<group>"; };
		AD1B2C452E15A00900123456 /* CompletionStepView.swift */ = {isa = PBXFileReference; lastKnownFileType = sourcecode.swift; path = CompletionStepView.swift; sourceTree = "<group>"; };
		AD2C3D5E2E16B10900234567 /* HealthKitManager.swift */ = {isa = PBXFileReference; lastKnownFileType = sourcecode.swift; path = HealthKitManager.swift; sourceTree = "<group>"; };
		AD2C3D602E16B10B00234567 /* HealthKitStepView.swift */ = {isa = PBXFileReference; lastKnownFileType = sourcecode.swift; path = HealthKitStepView.swift; sourceTree = "<group>"; };
		AD2C3D622E16B10D00234567 /* HealthKitPromptView.swift */ = {isa = PBXFileReference; lastKnownFileType = sourcecode.swift; path = HealthKitPromptView.swift; sourceTree = "<group>"; };
		AD3E4F642E17A12300345678 /* HealthKit.framework */ = {isa = PBXFileReference; lastKnownFileType = wrapper.framework; name = HealthKit.framework; path = System/Library/Frameworks/HealthKit.framework; sourceTree = SDKROOT; };
		AD4F5E7A2E18C23400456789 /* PreferencesView.swift */ = {isa = PBXFileReference; lastKnownFileType = sourcecode.swift; path = PreferencesView.swift; sourceTree = "<group>"; };
		AD5F6E8B2E19D34500567890 /* ProfileSettingsView.swift */ = {isa = PBXFileReference; lastKnownFileType = sourcecode.swift; path = ProfileSettingsView.swift; sourceTree = "<group>"; };
		AD6A7B8C2E1BE45600678902 /* BodyMetrics.swift */ = {isa = PBXFileReference; lastKnownFileType = sourcecode.swift; path = BodyMetrics.swift; sourceTree = "<group>"; };
		AD6A7B8E2E1BE45800678902 /* DailyMetrics.swift */ = {isa = PBXFileReference; lastKnownFileType = sourcecode.swift; path = DailyMetrics.swift; sourceTree = "<group>"; };
		AD6A7B922E1BE45C00678902 /* CoreDataManager.swift */ = {isa = PBXFileReference; lastKnownFileType = sourcecode.swift; path = CoreDataManager.swift; sourceTree = "<group>"; };
		AD6A7B942E1BE45E00678902 /* SyncManager.swift */ = {isa = PBXFileReference; lastKnownFileType = sourcecode.swift; path = SyncManager.swift; sourceTree = "<group>"; };
		AD6A7B962E1BE46000678902 /* LogYourBody.xcdatamodel */ = {isa = PBXFileReference; lastKnownFileType = wrapper.xcdatamodel; path = LogYourBody.xcdatamodel; sourceTree = "<group>"; };
		AD6F7F9C2E1AE45600678901 /* DailyLog.swift */ = {isa = PBXFileReference; lastKnownFileType = sourcecode.swift; path = DailyLog.swift; sourceTree = "<group>"; };
		AD722F0E2E15FA5A002376C6 /* delete_files.sh */ = {isa = PBXFileReference; fileEncoding = 4; lastKnownFileType = text.script.sh; path = delete_files.sh; sourceTree = "<group>"; };
		AD722F0F2E15FA5A002376C6 /* README.md */ = {isa = PBXFileReference; fileEncoding = 4; lastKnownFileType = net.daringfireball.markdown; path = README.md; sourceTree = "<group>"; };
		AD722F102E15FA5A002376C6 /* icon-1024.png */ = {isa = PBXFileReference; lastKnownFileType = image.png; path = "icon-1024.png"; sourceTree = "<group>"; };
		AD722F112E15FA5A002376C6 /* LogYourBodyUITests.swift */ = {isa = PBXFileReference; fileEncoding = 4; lastKnownFileType = sourcecode.swift; path = LogYourBodyUITests.swift; sourceTree = "<group>"; };
		AD722F122E15FA5A002376C6 /* LogYourBodyUITestsLaunchTests.swift */ = {isa = PBXFileReference; fileEncoding = 4; lastKnownFileType = sourcecode.swift; path = LogYourBodyUITestsLaunchTests.swift; sourceTree = "<group>"; };
		AD722F142E15FA5A002376C6 /* CONFIGURATION.md */ = {isa = PBXFileReference; fileEncoding = 4; lastKnownFileType = net.daringfireball.markdown; path = CONFIGURATION.md; sourceTree = "<group>"; };
		AD722F152E15FA5A002376C6 /* PROJECT_STRUCTURE.md */ = {isa = PBXFileReference; fileEncoding = 4; lastKnownFileType = net.daringfireball.markdown; path = PROJECT_STRUCTURE.md; sourceTree = "<group>"; };
		AD722F162E15FA5A002376C6 /* generate_app_icons.sh */ = {isa = PBXFileReference; fileEncoding = 4; lastKnownFileType = text.script.sh; path = generate_app_icons.sh; sourceTree = "<group>"; };
		AD723ACC2E15FA5C002376C6 /* setup-local-testing.sh */ = {isa = PBXFileReference; fileEncoding = 4; lastKnownFileType = text.script.sh; path = "setup-local-testing.sh"; sourceTree = "<group>"; };
		AD723ACD2E15FA5C002376C6 /* CLERK_SETUP.md */ = {isa = PBXFileReference; fileEncoding = 4; lastKnownFileType = net.daringfireball.markdown; path = CLERK_SETUP.md; sourceTree = "<group>"; };
		AD723ACE2E15FA5C002376C6 /* LogYourBodyTests.swift */ = {isa = PBXFileReference; fileEncoding = 4; lastKnownFileType = sourcecode.swift; path = LogYourBodyTests.swift; sourceTree = "<group>"; };
		AD723AD12E15FA5C002376C6 /* Color+Theme.swift */ = {isa = PBXFileReference; fileEncoding = 4; lastKnownFileType = sourcecode.swift; path = "Color+Theme.swift"; sourceTree = "<group>"; };
		AD723AD22E15FA5C002376C6 /* Font+Custom.swift */ = {isa = PBXFileReference; fileEncoding = 4; lastKnownFileType = sourcecode.swift; path = "Font+Custom.swift"; sourceTree = "<group>"; };
		AD723AD32E15FA5C002376C6 /* View+Styles.swift */ = {isa = PBXFileReference; fileEncoding = 4; lastKnownFileType = sourcecode.swift; path = "View+Styles.swift"; sourceTree = "<group>"; };
		AD723AD52E15FA5C002376C6 /* BodyMetrics.swift */ = {isa = PBXFileReference; fileEncoding = 4; lastKnownFileType = sourcecode.swift; path = BodyMetrics.swift; sourceTree = "<group>"; };
		AD723AD62E15FA5C002376C6 /* DailyLog.swift */ = {isa = PBXFileReference; fileEncoding = 4; lastKnownFileType = sourcecode.swift; path = DailyLog.swift; sourceTree = "<group>"; };
		AD723AD72E15FA5C002376C6 /* DailyMetrics.swift */ = {isa = PBXFileReference; fileEncoding = 4; lastKnownFileType = sourcecode.swift; path = DailyMetrics.swift; sourceTree = "<group>"; };
		AD723AD92E15FA5C002376C6 /* OnboardingData.swift */ = {isa = PBXFileReference; fileEncoding = 4; lastKnownFileType = sourcecode.swift; path = OnboardingData.swift; sourceTree = "<group>"; };
		AD723ADA2E15FA5C002376C6 /* User.swift */ = {isa = PBXFileReference; fileEncoding = 4; lastKnownFileType = sourcecode.swift; path = User.swift; sourceTree = "<group>"; };
		AD723ADB2E15FA5C002376C6 /* WeightEntry.swift */ = {isa = PBXFileReference; fileEncoding = 4; lastKnownFileType = sourcecode.swift; path = WeightEntry.swift; sourceTree = "<group>"; };
		AD723ADD2E15FA5C002376C6 /* Preview Assets.xcassets */ = {isa = PBXFileReference; lastKnownFileType = folder.assetcatalog; path = "Preview Assets.xcassets"; sourceTree = "<group>"; };
		AD723AE12E15FA5C002376C6 /* app-icon-180.png */ = {isa = PBXFileReference; lastKnownFileType = image.png; path = "app-icon-180.png"; sourceTree = "<group>"; };
		AD723AE22E15FA5C002376C6 /* AppIconGuide.md */ = {isa = PBXFileReference; fileEncoding = 4; lastKnownFileType = net.daringfireball.markdown; path = AppIconGuide.md; sourceTree = "<group>"; };
		AD723AE42E15FA5C002376C6 /* AuthManager.swift */ = {isa = PBXFileReference; fileEncoding = 4; lastKnownFileType = sourcecode.swift; path = AuthManager.swift; sourceTree = "<group>"; };
		AD723AE62E15FA5C002376C6 /* CoreDataManager.swift */ = {isa = PBXFileReference; fileEncoding = 4; lastKnownFileType = sourcecode.swift; path = CoreDataManager.swift; sourceTree = "<group>"; };
		AD723AE72E15FA5C002376C6 /* HealthKitManager.swift */ = {isa = PBXFileReference; fileEncoding = 4; lastKnownFileType = sourcecode.swift; path = HealthKitManager.swift; sourceTree = "<group>"; };
		AD723AE82E15FA5C002376C6 /* LoadingManager.swift */ = {isa = PBXFileReference; fileEncoding = 4; lastKnownFileType = sourcecode.swift; path = LoadingManager.swift; sourceTree = "<group>"; };
		AD723AEA2E15FA5C002376C6 /* SupabaseDataClient.swift */ = {isa = PBXFileReference; fileEncoding = 4; lastKnownFileType = sourcecode.swift; path = SupabaseDataClient.swift; sourceTree = "<group>"; };
		AD723AEC2E15FA5C002376C6 /* SyncManager.swift */ = {isa = PBXFileReference; fileEncoding = 4; lastKnownFileType = sourcecode.swift; path = SyncManager.swift; sourceTree = "<group>"; };
		AD723AEE2E15FA5C002376C6 /* Configuration.swift */ = {isa = PBXFileReference; fileEncoding = 4; lastKnownFileType = sourcecode.swift; path = Configuration.swift; sourceTree = "<group>"; };
		AD723AEF2E15FA5C002376C6 /* Constants.swift */ = {isa = PBXFileReference; fileEncoding = 4; lastKnownFileType = sourcecode.swift; path = Constants.swift; sourceTree = "<group>"; };
		AD723AF12E15FA5C002376C6 /* OnboardingViewModel.swift */ = {isa = PBXFileReference; fileEncoding = 4; lastKnownFileType = sourcecode.swift; path = OnboardingViewModel.swift; sourceTree = "<group>"; };
		AD723AF32E15FA5C002376C6 /* CompletionStepView.swift */ = {isa = PBXFileReference; fileEncoding = 4; lastKnownFileType = sourcecode.swift; path = CompletionStepView.swift; sourceTree = "<group>"; };
		AD723AF62E15FA5C002376C6 /* HealthKitStepView.swift */ = {isa = PBXFileReference; fileEncoding = 4; lastKnownFileType = sourcecode.swift; path = HealthKitStepView.swift; sourceTree = "<group>"; };
		AD723AF72E15FA5C002376C6 /* NotificationsStepView.swift */ = {isa = PBXFileReference; fileEncoding = 4; lastKnownFileType = sourcecode.swift; path = NotificationsStepView.swift; sourceTree = "<group>"; };
		AD723AF82E15FA5C002376C6 /* OnboardingContainerView.swift */ = {isa = PBXFileReference; fileEncoding = 4; lastKnownFileType = sourcecode.swift; path = OnboardingContainerView.swift; sourceTree = "<group>"; };
		AD723AF92E15FA5C002376C6 /* ProfileSetupStepView.swift */ = {isa = PBXFileReference; fileEncoding = 4; lastKnownFileType = sourcecode.swift; path = ProfileSetupStepView.swift; sourceTree = "<group>"; };
		AD723AFA2E15FA5C002376C6 /* WelcomeStepView.swift */ = {isa = PBXFileReference; fileEncoding = 4; lastKnownFileType = sourcecode.swift; path = WelcomeStepView.swift; sourceTree = "<group>"; };
		AD723AFC2E15FA5C002376C6 /* AppleSignInButton.swift */ = {isa = PBXFileReference; fileEncoding = 4; lastKnownFileType = sourcecode.swift; path = AppleSignInButton.swift; sourceTree = "<group>"; };
		AD723AFD2E15FA5C002376C6 /* DashboardView.swift */ = {isa = PBXFileReference; fileEncoding = 4; lastKnownFileType = sourcecode.swift; path = DashboardView.swift; sourceTree = "<group>"; };
		AD723AFE2E15FA5C002376C6 /* DeleteAccountView.swift */ = {isa = PBXFileReference; fileEncoding = 4; lastKnownFileType = sourcecode.swift; path = DeleteAccountView.swift; sourceTree = "<group>"; };
		AD723AFF2E15FA5C002376C6 /* EmailVerificationView.swift */ = {isa = PBXFileReference; fileEncoding = 4; lastKnownFileType = sourcecode.swift; path = EmailVerificationView.swift; sourceTree = "<group>"; };
		AD723B002E15FA5C002376C6 /* ExportDataView.swift */ = {isa = PBXFileReference; fileEncoding = 4; lastKnownFileType = sourcecode.swift; path = ExportDataView.swift; sourceTree = "<group>"; };
		AD723B012E15FA5C002376C6 /* HealthKitPromptView.swift */ = {isa = PBXFileReference; fileEncoding = 4; lastKnownFileType = sourcecode.swift; path = HealthKitPromptView.swift; sourceTree = "<group>"; };
		AD723B022E15FA5C002376C6 /* LoadingView.swift */ = {isa = PBXFileReference; fileEncoding = 4; lastKnownFileType = sourcecode.swift; path = LoadingView.swift; sourceTree = "<group>"; };
		AD723B032E15FA5C002376C6 /* LoginView.swift */ = {isa = PBXFileReference; fileEncoding = 4; lastKnownFileType = sourcecode.swift; path = LoginView.swift; sourceTree = "<group>"; };
		AD723B042E15FA5C002376C6 /* LogWeightView.swift */ = {isa = PBXFileReference; fileEncoding = 4; lastKnownFileType = sourcecode.swift; path = LogWeightView.swift; sourceTree = "<group>"; };
		AD723B052E15FA5C002376C6 /* MainTabView.swift */ = {isa = PBXFileReference; fileEncoding = 4; lastKnownFileType = sourcecode.swift; path = MainTabView.swift; sourceTree = "<group>"; };
		AD723B062E15FA5C002376C6 /* PreferencesView.swift */ = {isa = PBXFileReference; fileEncoding = 4; lastKnownFileType = sourcecode.swift; path = PreferencesView.swift; sourceTree = "<group>"; };
		AD723B072E15FA5C002376C6 /* ProfileSettingsView.swift */ = {isa = PBXFileReference; fileEncoding = 4; lastKnownFileType = sourcecode.swift; path = ProfileSettingsView.swift; sourceTree = "<group>"; };
		AD723B082E15FA5C002376C6 /* SettingsView.swift */ = {isa = PBXFileReference; fileEncoding = 4; lastKnownFileType = sourcecode.swift; path = SettingsView.swift; sourceTree = "<group>"; };
		AD723B092E15FA5C002376C6 /* SignUpView.swift */ = {isa = PBXFileReference; fileEncoding = 4; lastKnownFileType = sourcecode.swift; path = SignUpView.swift; sourceTree = "<group>"; };
		AD723B0B2E15FA5C002376C6 /* Assets.xcassets */ = {isa = PBXFileReference; lastKnownFileType = folder.assetcatalog; path = Assets.xcassets; sourceTree = "<group>"; };
		AD723B0C2E15FA5C002376C6 /* Config.xcconfig */ = {isa = PBXFileReference; fileEncoding = 4; lastKnownFileType = text.xcconfig; path = Config.xcconfig; sourceTree = "<group>"; };
		AD723B0D2E15FA5C002376C6 /* Config.xcconfig.example */ = {isa = PBXFileReference; fileEncoding = 4; lastKnownFileType = text; path = Config.xcconfig.example; sourceTree = "<group>"; };
		AD723B0E2E15FA5C002376C6 /* ContentView.swift */ = {isa = PBXFileReference; fileEncoding = 4; lastKnownFileType = sourcecode.swift; path = ContentView.swift; sourceTree = "<group>"; };
		AD723B0F2E15FA5C002376C6 /* Info.plist */ = {isa = PBXFileReference; fileEncoding = 4; lastKnownFileType = text.plist.xml; path = Info.plist; sourceTree = "<group>"; };
		AD723B102E15FA5C002376C6 /* LaunchScreen.storyboard */ = {isa = PBXFileReference; fileEncoding = 4; lastKnownFileType = file.storyboard; path = LaunchScreen.storyboard; sourceTree = "<group>"; };
		AD723B112E15FA5C002376C6 /* LogYourBody.entitlements */ = {isa = PBXFileReference; fileEncoding = 4; lastKnownFileType = text.plist.entitlements; path = LogYourBody.entitlements; sourceTree = "<group>"; };
		AD723B122E15FA5C002376C6 /* LogYourBodyApp.swift */ = {isa = PBXFileReference; fileEncoding = 4; lastKnownFileType = sourcecode.swift; path = LogYourBodyApp.swift; sourceTree = "<group>"; };
		AD723B142E15FA5C002376C6 /* LogYourBody.xcdatamodel */ = {isa = PBXFileReference; lastKnownFileType = wrapper.xcdatamodel; path = LogYourBody.xcdatamodel; sourceTree = "<group>"; };
		AD7B8C992E1CE56600789012 /* LoadingView.swift */ = {isa = PBXFileReference; lastKnownFileType = sourcecode.swift; path = LoadingView.swift; sourceTree = "<group>"; };
		AD7B8C9B2E1CE56800789012 /* LoadingManager.swift */ = {isa = PBXFileReference; lastKnownFileType = sourcecode.swift; path = LoadingManager.swift; sourceTree = "<group>"; };
		AD7D30922E14907F0072AA5B /* LogYourBody.app */ = {isa = PBXFileReference; explicitFileType = wrapper.application; includeInIndex = 0; path = LogYourBody.app; sourceTree = BUILT_PRODUCTS_DIR; };
		AD7D30952E14907F0072AA5B /* LogYourBodyApp.swift */ = {isa = PBXFileReference; lastKnownFileType = sourcecode.swift; path = LogYourBodyApp.swift; sourceTree = "<group>"; };
		AD7D30972E14907F0072AA5B /* ContentView.swift */ = {isa = PBXFileReference; lastKnownFileType = sourcecode.swift; path = ContentView.swift; sourceTree = "<group>"; };
		AD7D30992E1490810072AA5B /* Assets.xcassets */ = {isa = PBXFileReference; lastKnownFileType = folder.assetcatalog; path = Assets.xcassets; sourceTree = "<group>"; };
		AD7D309C2E1490810072AA5B /* Preview Assets.xcassets */ = {isa = PBXFileReference; lastKnownFileType = folder.assetcatalog; path = "Preview Assets.xcassets"; sourceTree = "<group>"; };
		AD7D30A22E1490810072AA5B /* LogYourBodyTests.xctest */ = {isa = PBXFileReference; explicitFileType = wrapper.cfbundle; includeInIndex = 0; path = LogYourBodyTests.xctest; sourceTree = BUILT_PRODUCTS_DIR; };
		AD7D30A62E1490810072AA5B /* LogYourBodyTests.swift */ = {isa = PBXFileReference; lastKnownFileType = sourcecode.swift; path = LogYourBodyTests.swift; sourceTree = "<group>"; };
		AD7D30AC2E1490810072AA5B /* LogYourBodyUITests.xctest */ = {isa = PBXFileReference; explicitFileType = wrapper.cfbundle; includeInIndex = 0; path = LogYourBodyUITests.xctest; sourceTree = BUILT_PRODUCTS_DIR; };
		AD7D30B02E1490810072AA5B /* LogYourBodyUITests.swift */ = {isa = PBXFileReference; lastKnownFileType = sourcecode.swift; path = LogYourBodyUITests.swift; sourceTree = "<group>"; };
		AD7D30B22E1490810072AA5B /* LogYourBodyUITestsLaunchTests.swift */ = {isa = PBXFileReference; lastKnownFileType = sourcecode.swift; path = LogYourBodyUITestsLaunchTests.swift; sourceTree = "<group>"; };
		AD857D532E15EE7B00A6B57A /* SupabaseDataClient.swift */ = {isa = PBXFileReference; fileEncoding = 4; lastKnownFileType = sourcecode.swift; path = SupabaseDataClient.swift; sourceTree = "<group>"; };
		AD99F2982E1491FA00F5ECE4 /* AuthManager.swift */ = {isa = PBXFileReference; fileEncoding = 4; lastKnownFileType = sourcecode.swift; name = AuthManager.swift; path = Services/AuthManager.swift; sourceTree = "<group>"; };
		AD99F29A2E14921400F5ECE4 /* LogWeightView.swift */ = {isa = PBXFileReference; fileEncoding = 4; lastKnownFileType = sourcecode.swift; name = LogWeightView.swift; path = LogYourBody/Views/LogWeightView.swift; sourceTree = "<group>"; };
		AD99F29B2E14921400F5ECE4 /* SettingsView.swift */ = {isa = PBXFileReference; fileEncoding = 4; lastKnownFileType = sourcecode.swift; name = SettingsView.swift; path = LogYourBody/Views/SettingsView.swift; sourceTree = "<group>"; };
		AD99F29C2E14921400F5ECE4 /* MainTabView.swift */ = {isa = PBXFileReference; fileEncoding = 4; lastKnownFileType = sourcecode.swift; name = MainTabView.swift; path = LogYourBody/Views/MainTabView.swift; sourceTree = "<group>"; };
		AD99F29D2E14921400F5ECE4 /* LoginView.swift */ = {isa = PBXFileReference; fileEncoding = 4; lastKnownFileType = sourcecode.swift; name = LoginView.swift; path = LogYourBody/Views/LoginView.swift; sourceTree = "<group>"; };
		AD99F29E2E14921400F5ECE4 /* SignUpView.swift */ = {isa = PBXFileReference; fileEncoding = 4; lastKnownFileType = sourcecode.swift; name = SignUpView.swift; path = LogYourBody/Views/SignUpView.swift; sourceTree = "<group>"; };
		AD99F2A02E14921400F5ECE4 /* DashboardView.swift */ = {isa = PBXFileReference; fileEncoding = 4; lastKnownFileType = sourcecode.swift; name = DashboardView.swift; path = LogYourBody/Views/DashboardView.swift; sourceTree = "<group>"; };
		ADBD692A2E14A7B900921A30 /* AuthManager.swift */ = {isa = PBXFileReference; fileEncoding = 4; lastKnownFileType = sourcecode.swift; path = AuthManager.swift; sourceTree = "<group>"; };
		ADBD692C2E14A7B900921A30 /* DashboardView.swift */ = {isa = PBXFileReference; fileEncoding = 4; lastKnownFileType = sourcecode.swift; path = DashboardView.swift; sourceTree = "<group>"; };
		ADBD692D2E14A7B900921A30 /* LoginView.swift */ = {isa = PBXFileReference; fileEncoding = 4; lastKnownFileType = sourcecode.swift; path = LoginView.swift; sourceTree = "<group>"; };
		ADBD692E2E14A7B900921A30 /* LogWeightView.swift */ = {isa = PBXFileReference; fileEncoding = 4; lastKnownFileType = sourcecode.swift; path = LogWeightView.swift; sourceTree = "<group>"; };
		ADBD692F2E14A7B900921A30 /* MainTabView.swift */ = {isa = PBXFileReference; fileEncoding = 4; lastKnownFileType = sourcecode.swift; path = MainTabView.swift; sourceTree = "<group>"; };
		ADBD69312E14A7B900921A30 /* SettingsView.swift */ = {isa = PBXFileReference; fileEncoding = 4; lastKnownFileType = sourcecode.swift; path = SettingsView.swift; sourceTree = "<group>"; };
		ADBD69322E14A7B900921A30 /* SignUpView.swift */ = {isa = PBXFileReference; fileEncoding = 4; lastKnownFileType = sourcecode.swift; path = SignUpView.swift; sourceTree = "<group>"; };
		ADBD69352E14A7B900921A30 /* Constants.swift */ = {isa = PBXFileReference; fileEncoding = 4; lastKnownFileType = sourcecode.swift; path = Constants.swift; sourceTree = "<group>"; };
		ADBD69372E14A7B900921A30 /* Color+Theme.swift */ = {isa = PBXFileReference; fileEncoding = 4; lastKnownFileType = sourcecode.swift; path = "Color+Theme.swift"; sourceTree = "<group>"; };
		ADBD69382E14A7B900921A30 /* Font+Custom.swift */ = {isa = PBXFileReference; fileEncoding = 4; lastKnownFileType = sourcecode.swift; path = "Font+Custom.swift"; sourceTree = "<group>"; };
		ADBD69392E14A7B900921A30 /* View+Styles.swift */ = {isa = PBXFileReference; fileEncoding = 4; lastKnownFileType = sourcecode.swift; path = "View+Styles.swift"; sourceTree = "<group>"; };
		ADBD693C2E14A7B900921A30 /* Assets.xcassets */ = {isa = PBXFileReference; lastKnownFileType = folder.assetcatalog; name = Assets.xcassets; path = LogYourBody/Assets.xcassets; sourceTree = "<group>"; };
		ADBD693D2E14A7B900921A30 /* User.swift */ = {isa = PBXFileReference; fileEncoding = 4; lastKnownFileType = sourcecode.swift; path = User.swift; sourceTree = "<group>"; };
		ADBD693E2E14A7B900921A30 /* WeightEntry.swift */ = {isa = PBXFileReference; fileEncoding = 4; lastKnownFileType = sourcecode.swift; path = WeightEntry.swift; sourceTree = "<group>"; };
		ADBD69402E14A7B900921A30 /* Preview Assets.xcassets */ = {isa = PBXFileReference; lastKnownFileType = folder.assetcatalog; path = "Preview Assets.xcassets"; sourceTree = "<group>"; };
		ADBD69442E14A7B900921A30 /* app-icon-180.png */ = {isa = PBXFileReference; lastKnownFileType = image.png; path = "app-icon-180.png"; sourceTree = "<group>"; };
		ADBD69452E14A7B900921A30 /* AppIconGuide.md */ = {isa = PBXFileReference; fileEncoding = 4; lastKnownFileType = net.daringfireball.markdown; path = AppIconGuide.md; sourceTree = "<group>"; };
		ADF287A62E14AC6300198D6F /* AppleSignInButton.swift */ = {isa = PBXFileReference; lastKnownFileType = sourcecode.swift; name = AppleSignInButton.swift; path = LogYourBody/Views/AppleSignInButton.swift; sourceTree = "<group>"; };
		ADF287A72E14AFA900198D6F /* LogYourBody.entitlements */ = {isa = PBXFileReference; lastKnownFileType = text.plist.entitlements; path = LogYourBody.entitlements; sourceTree = "<group>"; };
		ADF287A82E14AFB000198D6F /* LaunchScreen.storyboard */ = {isa = PBXFileReference; lastKnownFileType = file.storyboard; path = LaunchScreen.storyboard; sourceTree = "<group>"; };
		ADF287AA2E15045900198D6F /* Supabase.xcconfig */ = {isa = PBXFileReference; lastKnownFileType = text.xcconfig; path = Supabase.xcconfig; sourceTree = "<group>"; };
		ADF287AC2E1507AF00198D6F /* setup-xcode-config.sh */ = {isa = PBXFileReference; lastKnownFileType = text.script.sh; path = "setup-xcode-config.sh"; sourceTree = "<group>"; };
		ADF287AD2E1507C300198D6F /* Supabase.xcconfig */ = {isa = PBXFileReference; fileEncoding = 4; lastKnownFileType = text.xcconfig; path = Supabase.xcconfig; sourceTree = "<group>"; };
		ADFC6A1B2E185913004FCE40 /* NameInputView.swift */ = {isa = PBXFileReference; fileEncoding = 4; lastKnownFileType = sourcecode.swift; path = NameInputView.swift; sourceTree = "<group>"; };
		ADFC6A1C2E185913004FCE40 /* GenderInputView.swift */ = {isa = PBXFileReference; fileEncoding = 4; lastKnownFileType = sourcecode.swift; path = GenderInputView.swift; sourceTree = "<group>"; };
		ADFC6A1D2E185913004FCE40 /* DateOfBirthInputView.swift */ = {isa = PBXFileReference; fileEncoding = 4; lastKnownFileType = sourcecode.swift; path = DateOfBirthInputView.swift; sourceTree = "<group>"; };
		ADFC6A1E2E185913004FCE40 /* HeightInputView.swift */ = {isa = PBXFileReference; fileEncoding = 4; lastKnownFileType = sourcecode.swift; path = HeightInputView.swift; sourceTree = "<group>"; };
		ADFC6A232E187717004FCE40 /* SupabaseManager.swift */ = {isa = PBXFileReference; fileEncoding = 4; lastKnownFileType = sourcecode.swift; path = SupabaseManager.swift; sourceTree = "<group>"; };
		ADFC6A252E188F96004FCE40 /* OTPInputView.swift */ = {isa = PBXFileReference; fileEncoding = 4; lastKnownFileType = sourcecode.swift; path = OTPInputView.swift; sourceTree = "<group>"; };
/* End PBXFileReference section */

/* Begin PBXFrameworksBuildPhase section */
		AD7D308F2E14907F0072AA5B /* Frameworks */ = {
			isa = PBXFrameworksBuildPhase;
			buildActionMask = 2147483647;
			files = (
				AD25A7822E17439500611A56 /* Clerk in Frameworks */,
				AD3E4F652E17A12300345678 /* HealthKit.framework in Frameworks */,
			);
			runOnlyForDeploymentPostprocessing = 0;
		};
		AD7D309F2E1490810072AA5B /* Frameworks */ = {
			isa = PBXFrameworksBuildPhase;
			buildActionMask = 2147483647;
			files = (
			);
			runOnlyForDeploymentPostprocessing = 0;
		};
		AD7D30A92E1490810072AA5B /* Frameworks */ = {
			isa = PBXFrameworksBuildPhase;
			buildActionMask = 2147483647;
			files = (
			);
			runOnlyForDeploymentPostprocessing = 0;
		};
/* End PBXFrameworksBuildPhase section */

/* Begin PBXGroup section */
		AD1B2C502E15A02000123456 /* Onboarding */ = {
			isa = PBXGroup;
			children = (
				ADFC6A1D2E185913004FCE40 /* DateOfBirthInputView.swift */,
				ADFC6A1C2E185913004FCE40 /* GenderInputView.swift */,
				ADFC6A1E2E185913004FCE40 /* HeightInputView.swift */,
				ADFC6A1B2E185913004FCE40 /* NameInputView.swift */,
				AD1B2C3F2E15A00300123456 /* OnboardingContainerView.swift */,
				AD1B2C402E15A00400123456 /* WelcomeStepView.swift */,
				AD2C3D602E16B10B00234567 /* HealthKitStepView.swift */,
				AD1B2C442E15A00800123456 /* NotificationsStepView.swift */,
				AD1B2C452E15A00900123456 /* CompletionStepView.swift */,
			);
			path = Onboarding;
			sourceTree = "<group>";
		};
		AD3E4F632E17A12300345678 /* Frameworks */ = {
			isa = PBXGroup;
			children = (
				AD3E4F642E17A12300345678 /* HealthKit.framework */,
			);
			name = Frameworks;
			sourceTree = "<group>";
		};
		AD722F132E15FA5A002376C6 /* LogYourBodyUITests */ = {
			isa = PBXGroup;
			children = (
				AD722F112E15FA5A002376C6 /* LogYourBodyUITests.swift */,
				AD722F122E15FA5A002376C6 /* LogYourBodyUITestsLaunchTests.swift */,
			);
			path = LogYourBodyUITests;
			sourceTree = "<group>";
		};
		AD723ACF2E15FA5C002376C6 /* LogYourBodyTests */ = {
			isa = PBXGroup;
			children = (
				AD723ACE2E15FA5C002376C6 /* LogYourBodyTests.swift */,
			);
			path = LogYourBodyTests;
			sourceTree = "<group>";
		};
		AD723AD42E15FA5C002376C6 /* Extensions */ = {
			isa = PBXGroup;
			children = (
				AD723AD12E15FA5C002376C6 /* Color+Theme.swift */,
				AD723AD22E15FA5C002376C6 /* Font+Custom.swift */,
				AD723AD32E15FA5C002376C6 /* View+Styles.swift */,
			);
			path = Extensions;
			sourceTree = "<group>";
		};
		AD723ADC2E15FA5C002376C6 /* Models */ = {
			isa = PBXGroup;
			children = (
				AD723AD52E15FA5C002376C6 /* BodyMetrics.swift */,
				AD723AD62E15FA5C002376C6 /* DailyLog.swift */,
				AD723AD72E15FA5C002376C6 /* DailyMetrics.swift */,
				AD723AD82E15FA5C002376C6 /* LogYourBody.xcdatamodeld */,
				AD723AD92E15FA5C002376C6 /* OnboardingData.swift */,
				AD723ADA2E15FA5C002376C6 /* User.swift */,
				AD723ADB2E15FA5C002376C6 /* WeightEntry.swift */,
			);
			path = Models;
			sourceTree = "<group>";
		};
		AD723ADE2E15FA5C002376C6 /* Preview Content */ = {
			isa = PBXGroup;
			children = (
				AD723ADD2E15FA5C002376C6 /* Preview Assets.xcassets */,
			);
			path = "Preview Content";
			sourceTree = "<group>";
		};
		AD723ADF2E15FA5C002376C6 /* Colors */ = {
			isa = PBXGroup;
			children = (
			);
			path = Colors;
			sourceTree = "<group>";
		};
		AD723AE02E15FA5C002376C6 /* Fonts */ = {
			isa = PBXGroup;
			children = (
			);
			path = Fonts;
			sourceTree = "<group>";
		};
		AD723AE32E15FA5C002376C6 /* Resources */ = {
			isa = PBXGroup;
			children = (
				AD723ADF2E15FA5C002376C6 /* Colors */,
				AD723AE02E15FA5C002376C6 /* Fonts */,
				AD723AE12E15FA5C002376C6 /* app-icon-180.png */,
				AD723AE22E15FA5C002376C6 /* AppIconGuide.md */,
			);
			path = Resources;
			sourceTree = "<group>";
		};
		AD723AED2E15FA5C002376C6 /* Services */ = {
			isa = PBXGroup;
			children = (
				ADFC6A232E187717004FCE40 /* SupabaseManager.swift */,
				AD723AE42E15FA5C002376C6 /* AuthManager.swift */,
				AD723AE62E15FA5C002376C6 /* CoreDataManager.swift */,
				AD723AE72E15FA5C002376C6 /* HealthKitManager.swift */,
				AD723AE82E15FA5C002376C6 /* LoadingManager.swift */,
				AD723AEA2E15FA5C002376C6 /* SupabaseDataClient.swift */,
				AD723AEC2E15FA5C002376C6 /* SyncManager.swift */,
			);
			path = Services;
			sourceTree = "<group>";
		};
		AD723AF02E15FA5C002376C6 /* Utils */ = {
			isa = PBXGroup;
			children = (
				AD723AEE2E15FA5C002376C6 /* Configuration.swift */,
				AD723AEF2E15FA5C002376C6 /* Constants.swift */,
			);
			path = Utils;
			sourceTree = "<group>";
		};
		AD723AF22E15FA5C002376C6 /* ViewModels */ = {
			isa = PBXGroup;
			children = (
				AD723AF12E15FA5C002376C6 /* OnboardingViewModel.swift */,
			);
			path = ViewModels;
			sourceTree = "<group>";
		};
		AD723AFB2E15FA5C002376C6 /* Onboarding */ = {
			isa = PBXGroup;
			children = (
				AD723AF32E15FA5C002376C6 /* CompletionStepView.swift */,
				AD723AF62E15FA5C002376C6 /* HealthKitStepView.swift */,
				AD723AF72E15FA5C002376C6 /* NotificationsStepView.swift */,
				AD723AF82E15FA5C002376C6 /* OnboardingContainerView.swift */,
				AD723AF92E15FA5C002376C6 /* ProfileSetupStepView.swift */,
				AD723AFA2E15FA5C002376C6 /* WelcomeStepView.swift */,
			);
			path = Onboarding;
			sourceTree = "<group>";
		};
		AD723B0A2E15FA5C002376C6 /* Views */ = {
			isa = PBXGroup;
			children = (
				AD723AFB2E15FA5C002376C6 /* Onboarding */,
				AD723AFC2E15FA5C002376C6 /* AppleSignInButton.swift */,
				AD723AFD2E15FA5C002376C6 /* DashboardView.swift */,
				AD723AFE2E15FA5C002376C6 /* DeleteAccountView.swift */,
				AD723AFF2E15FA5C002376C6 /* EmailVerificationView.swift */,
				AD723B002E15FA5C002376C6 /* ExportDataView.swift */,
				AD723B012E15FA5C002376C6 /* HealthKitPromptView.swift */,
				AD723B022E15FA5C002376C6 /* LoadingView.swift */,
				AD723B032E15FA5C002376C6 /* LoginView.swift */,
				AD723B042E15FA5C002376C6 /* LogWeightView.swift */,
				AD723B052E15FA5C002376C6 /* MainTabView.swift */,
				AD723B062E15FA5C002376C6 /* PreferencesView.swift */,
				AD723B072E15FA5C002376C6 /* ProfileSettingsView.swift */,
				AD723B082E15FA5C002376C6 /* SettingsView.swift */,
				AD723B092E15FA5C002376C6 /* SignUpView.swift */,
			);
			path = Views;
			sourceTree = "<group>";
		};
		AD723B132E15FA5C002376C6 /* LogYourBody */ = {
			isa = PBXGroup;
			children = (
				AD723AD42E15FA5C002376C6 /* Extensions */,
				AD723ADC2E15FA5C002376C6 /* Models */,
				AD723ADE2E15FA5C002376C6 /* Preview Content */,
				AD723AE32E15FA5C002376C6 /* Resources */,
				AD723AED2E15FA5C002376C6 /* Services */,
				AD723AF02E15FA5C002376C6 /* Utils */,
				AD723AF22E15FA5C002376C6 /* ViewModels */,
				AD723B0A2E15FA5C002376C6 /* Views */,
				AD723B0B2E15FA5C002376C6 /* Assets.xcassets */,
				AD723B0C2E15FA5C002376C6 /* Config.xcconfig */,
				AD723B0D2E15FA5C002376C6 /* Config.xcconfig.example */,
				AD723B0E2E15FA5C002376C6 /* ContentView.swift */,
				AD723B0F2E15FA5C002376C6 /* Info.plist */,
				AD723B102E15FA5C002376C6 /* LaunchScreen.storyboard */,
				AD723B112E15FA5C002376C6 /* LogYourBody.entitlements */,
				AD723B122E15FA5C002376C6 /* LogYourBodyApp.swift */,
			);
			path = LogYourBody;
			sourceTree = "<group>";
		};
		AD7D30892E14907F0072AA5B = {
			isa = PBXGroup;
			children = (
				AD723ACD2E15FA5C002376C6 /* CLERK_SETUP.md */,
				AD722F142E15FA5A002376C6 /* CONFIGURATION.md */,
				AD722F0E2E15FA5A002376C6 /* delete_files.sh */,
				AD722F162E15FA5A002376C6 /* generate_app_icons.sh */,
				AD722F102E15FA5A002376C6 /* icon-1024.png */,
				AD723B132E15FA5C002376C6 /* LogYourBody */,
				AD723ACF2E15FA5C002376C6 /* LogYourBodyTests */,
				AD722F132E15FA5A002376C6 /* LogYourBodyUITests */,
				AD722F152E15FA5A002376C6 /* PROJECT_STRUCTURE.md */,
				AD722F0F2E15FA5A002376C6 /* README.md */,
				AD723ACC2E15FA5C002376C6 /* setup-local-testing.sh */,
				ADF287AC2E1507AF00198D6F /* setup-xcode-config.sh */,
				ADF287AD2E1507C300198D6F /* Supabase.xcconfig */,
				ADF287A62E14AC6300198D6F /* AppleSignInButton.swift */,
				ADBD693C2E14A7B900921A30 /* Assets.xcassets */,
				ADF287AA2E15045900198D6F /* Supabase.xcconfig */,
				ADBD693A2E14A7B900921A30 /* Extensions */,
				ADBD693F2E14A7B900921A30 /* Models */,
				ADBD69412E14A7B900921A30 /* Preview Content */,
				ADBD69462E14A7B900921A30 /* Resources */,
				ADBD692B2E14A7B900921A30 /* Services */,
				ADBD69362E14A7B900921A30 /* Utils */,
				ADBD693B2E14A7B900921A30 /* ViewModels */,
				ADBD69332E14A7B900921A30 /* Views */,
				AD99F2A02E14921400F5ECE4 /* DashboardView.swift */,
				AD99F29D2E14921400F5ECE4 /* LoginView.swift */,
				AD99F29A2E14921400F5ECE4 /* LogWeightView.swift */,
				AD99F29C2E14921400F5ECE4 /* MainTabView.swift */,
				AD99F29B2E14921400F5ECE4 /* SettingsView.swift */,
				AD99F29E2E14921400F5ECE4 /* SignUpView.swift */,
				AD7D30942E14907F0072AA5B /* LogYourBody */,
				AD7D30A52E1490810072AA5B /* LogYourBodyTests */,
				AD7D30AF2E1490810072AA5B /* LogYourBodyUITests */,
				AD7D30932E14907F0072AA5B /* Products */,
				AD3E4F632E17A12300345678 /* Frameworks */,
			);
			sourceTree = "<group>";
		};
		AD7D30932E14907F0072AA5B /* Products */ = {
			isa = PBXGroup;
			children = (
				AD7D30922E14907F0072AA5B /* LogYourBody.app */,
				AD7D30A22E1490810072AA5B /* LogYourBodyTests.xctest */,
				AD7D30AC2E1490810072AA5B /* LogYourBodyUITests.xctest */,
			);
			name = Products;
			sourceTree = "<group>";
		};
		AD7D30942E14907F0072AA5B /* LogYourBody */ = {
			isa = PBXGroup;
			children = (
				ADF287A72E14AFA900198D6F /* LogYourBody.entitlements */,
				AD99F2982E1491FA00F5ECE4 /* AuthManager.swift */,
				AD7D30952E14907F0072AA5B /* LogYourBodyApp.swift */,
				AD7D30972E14907F0072AA5B /* ContentView.swift */,
				ADF287A82E14AFB000198D6F /* LaunchScreen.storyboard */,
				AD7D30992E1490810072AA5B /* Assets.xcassets */,
				AD7D309B2E1490810072AA5B /* Preview Content */,
			);
			path = LogYourBody;
			sourceTree = "<group>";
		};
		AD7D309B2E1490810072AA5B /* Preview Content */ = {
			isa = PBXGroup;
			children = (
				AD7D309C2E1490810072AA5B /* Preview Assets.xcassets */,
			);
			path = "Preview Content";
			sourceTree = "<group>";
		};
		AD7D30A52E1490810072AA5B /* LogYourBodyTests */ = {
			isa = PBXGroup;
			children = (
				AD7D30A62E1490810072AA5B /* LogYourBodyTests.swift */,
			);
			path = LogYourBodyTests;
			sourceTree = "<group>";
		};
		AD7D30AF2E1490810072AA5B /* LogYourBodyUITests */ = {
			isa = PBXGroup;
			children = (
				AD7D30B02E1490810072AA5B /* LogYourBodyUITests.swift */,
				AD7D30B22E1490810072AA5B /* LogYourBodyUITestsLaunchTests.swift */,
			);
			path = LogYourBodyUITests;
			sourceTree = "<group>";
		};
		ADBD692B2E14A7B900921A30 /* Services */ = {
			isa = PBXGroup;
			children = (
				AD857D532E15EE7B00A6B57A /* SupabaseDataClient.swift */,
				ADBD692A2E14A7B900921A30 /* AuthManager.swift */,
				AD6A7B922E1BE45C00678902 /* CoreDataManager.swift */,
				AD2C3D5E2E16B10900234567 /* HealthKitManager.swift */,
				AD7B8C9B2E1CE56800789012 /* LoadingManager.swift */,
				AD6A7B942E1BE45E00678902 /* SyncManager.swift */,
			);
			name = Services;
			path = LogYourBody/Services;
			sourceTree = "<group>";
		};
		ADBD69332E14A7B900921A30 /* Views */ = {
			isa = PBXGroup;
			children = (
				ADFC6A252E188F96004FCE40 /* OTPInputView.swift */,
				AD1B2C502E15A02000123456 /* Onboarding */,
				ADBD692C2E14A7B900921A30 /* DashboardView.swift */,
				AD2C3D622E16B10D00234567 /* HealthKitPromptView.swift */,
				AD7B8C992E1CE56600789012 /* LoadingView.swift */,
				ADBD692D2E14A7B900921A30 /* LoginView.swift */,
				ADBD692E2E14A7B900921A30 /* LogWeightView.swift */,
				ADBD692F2E14A7B900921A30 /* MainTabView.swift */,
				AD4F5E7A2E18C23400456789 /* PreferencesView.swift */,
				AD5F6E8B2E19D34500567890 /* ProfileSettingsView.swift */,
				ADBD69312E14A7B900921A30 /* SettingsView.swift */,
				ADBD69322E14A7B900921A30 /* SignUpView.swift */,
			);
			name = Views;
			path = LogYourBody/Views;
			sourceTree = "<group>";
		};
		ADBD69362E14A7B900921A30 /* Utils */ = {
			isa = PBXGroup;
			children = (
				ADBD69352E14A7B900921A30 /* Constants.swift */,
			);
			name = Utils;
			path = LogYourBody/Utils;
			sourceTree = "<group>";
		};
		ADBD693A2E14A7B900921A30 /* Extensions */ = {
			isa = PBXGroup;
			children = (
				ADBD69372E14A7B900921A30 /* Color+Theme.swift */,
				ADBD69382E14A7B900921A30 /* Font+Custom.swift */,
				ADBD69392E14A7B900921A30 /* View+Styles.swift */,
			);
			name = Extensions;
			path = LogYourBody/Extensions;
			sourceTree = "<group>";
		};
		ADBD693B2E14A7B900921A30 /* ViewModels */ = {
			isa = PBXGroup;
			children = (
				AD1B2C3E2E15A00200123456 /* OnboardingViewModel.swift */,
			);
			name = ViewModels;
			path = LogYourBody/ViewModels;
			sourceTree = "<group>";
		};
		ADBD693F2E14A7B900921A30 /* Models */ = {
			isa = PBXGroup;
			children = (
				AD6A7B8C2E1BE45600678902 /* BodyMetrics.swift */,
				AD6F7F9C2E1AE45600678901 /* DailyLog.swift */,
				AD6A7B8E2E1BE45800678902 /* DailyMetrics.swift */,
				AD6A7B902E1BE45A00678902 /* LogYourBody.xcdatamodeld */,
				AD1B2C3D2E15A00100123456 /* OnboardingData.swift */,
				ADBD693D2E14A7B900921A30 /* User.swift */,
				ADBD693E2E14A7B900921A30 /* WeightEntry.swift */,
			);
			name = Models;
			path = LogYourBody/Models;
			sourceTree = "<group>";
		};
		ADBD69412E14A7B900921A30 /* Preview Content */ = {
			isa = PBXGroup;
			children = (
				ADBD69402E14A7B900921A30 /* Preview Assets.xcassets */,
			);
			name = "Preview Content";
			path = "LogYourBody/Preview Content";
			sourceTree = "<group>";
		};
		ADBD69422E14A7B900921A30 /* Colors */ = {
			isa = PBXGroup;
			children = (
			);
			path = Colors;
			sourceTree = "<group>";
		};
		ADBD69432E14A7B900921A30 /* Fonts */ = {
			isa = PBXGroup;
			children = (
			);
			path = Fonts;
			sourceTree = "<group>";
		};
		ADBD69462E14A7B900921A30 /* Resources */ = {
			isa = PBXGroup;
			children = (
				ADBD69422E14A7B900921A30 /* Colors */,
				ADBD69432E14A7B900921A30 /* Fonts */,
				ADBD69442E14A7B900921A30 /* app-icon-180.png */,
				ADBD69452E14A7B900921A30 /* AppIconGuide.md */,
			);
			name = Resources;
			path = LogYourBody/Resources;
			sourceTree = "<group>";
		};
/* End PBXGroup section */

/* Begin PBXNativeTarget section */
		AD7D30912E14907F0072AA5B /* LogYourBody */ = {
			isa = PBXNativeTarget;
			buildConfigurationList = AD7D30B62E1490810072AA5B /* Build configuration list for PBXNativeTarget "LogYourBody" */;
			buildPhases = (
				AD7D308E2E14907F0072AA5B /* Sources */,
				AD7D308F2E14907F0072AA5B /* Frameworks */,
				AD7D30902E14907F0072AA5B /* Resources */,
			);
			buildRules = (
			);
			dependencies = (
			);
			name = LogYourBody;
			packageProductDependencies = (
				AD25A7812E17439500611A56 /* Clerk */,
			);
			productName = LogYourBody;
			productReference = AD7D30922E14907F0072AA5B /* LogYourBody.app */;
			productType = "com.apple.product-type.application";
		};
		AD7D30A12E1490810072AA5B /* LogYourBodyTests */ = {
			isa = PBXNativeTarget;
			buildConfigurationList = AD7D30B92E1490810072AA5B /* Build configuration list for PBXNativeTarget "LogYourBodyTests" */;
			buildPhases = (
				AD7D309E2E1490810072AA5B /* Sources */,
				AD7D309F2E1490810072AA5B /* Frameworks */,
				AD7D30A02E1490810072AA5B /* Resources */,
			);
			buildRules = (
			);
			dependencies = (
				AD7D30A42E1490810072AA5B /* PBXTargetDependency */,
			);
			name = LogYourBodyTests;
			productName = LogYourBodyTests;
			productReference = AD7D30A22E1490810072AA5B /* LogYourBodyTests.xctest */;
			productType = "com.apple.product-type.bundle.unit-test";
		};
		AD7D30AB2E1490810072AA5B /* LogYourBodyUITests */ = {
			isa = PBXNativeTarget;
			buildConfigurationList = AD7D30BC2E1490810072AA5B /* Build configuration list for PBXNativeTarget "LogYourBodyUITests" */;
			buildPhases = (
				AD7D30A82E1490810072AA5B /* Sources */,
				AD7D30A92E1490810072AA5B /* Frameworks */,
				AD7D30AA2E1490810072AA5B /* Resources */,
			);
			buildRules = (
			);
			dependencies = (
				AD7D30AE2E1490810072AA5B /* PBXTargetDependency */,
			);
			name = LogYourBodyUITests;
			productName = LogYourBodyUITests;
			productReference = AD7D30AC2E1490810072AA5B /* LogYourBodyUITests.xctest */;
			productType = "com.apple.product-type.bundle.ui-testing";
		};
/* End PBXNativeTarget section */

/* Begin PBXProject section */
		AD7D308A2E14907F0072AA5B /* Project object */ = {
			isa = PBXProject;
			attributes = {
				BuildIndependentTargetsInParallel = 1;
				LastSwiftUpdateCheck = 1540;
				LastUpgradeCheck = 1540;
				TargetAttributes = {
					AD7D30912E14907F0072AA5B = {
						CreatedOnToolsVersion = 15.4;
					};
					AD7D30A12E1490810072AA5B = {
						CreatedOnToolsVersion = 15.4;
						TestTargetID = AD7D30912E14907F0072AA5B;
					};
					AD7D30AB2E1490810072AA5B = {
						CreatedOnToolsVersion = 15.4;
						TestTargetID = AD7D30912E14907F0072AA5B;
					};
				};
			};
			buildConfigurationList = AD7D308D2E14907F0072AA5B /* Build configuration list for PBXProject "LogYourBody" */;
			compatibilityVersion = "Xcode 14.0";
			developmentRegion = en;
			hasScannedForEncodings = 0;
			knownRegions = (
				en,
				Base,
			);
			mainGroup = AD7D30892E14907F0072AA5B;
			packageReferences = (
				AD25A7802E17439500611A56 /* XCRemoteSwiftPackageReference "clerk-ios" */,
			);
			productRefGroup = AD7D30932E14907F0072AA5B /* Products */;
			projectDirPath = "";
			projectRoot = "";
			targets = (
				AD7D30912E14907F0072AA5B /* LogYourBody */,
				AD7D30A12E1490810072AA5B /* LogYourBodyTests */,
				AD7D30AB2E1490810072AA5B /* LogYourBodyUITests */,
			);
		};
/* End PBXProject section */

/* Begin PBXResourcesBuildPhase section */
		AD7D30902E14907F0072AA5B /* Resources */ = {
			isa = PBXResourcesBuildPhase;
			buildActionMask = 2147483647;
			files = (
				ADBD69572E14A7B900921A30 /* Preview Assets.xcassets in Resources */,
				ADBD69542E14A7B900921A30 /* Assets.xcassets in Resources */,
				AD72435C2E15FA5E002376C6 /* LaunchScreen.storyboard in Resources */,
				AD7243322E15FA5D002376C6 /* Preview Assets.xcassets in Resources */,
				AD723B162E15FA5D002376C6 /* README.md in Resources */,
				AD7243252E15FA5D002376C6 /* CLERK_SETUP.md in Resources */,
				AD723B1A2E15FA5D002376C6 /* CONFIGURATION.md in Resources */,
				ADF287A92E14AFB100198D6F /* LaunchScreen.storyboard in Resources */,
				AD723B172E15FA5D002376C6 /* icon-1024.png in Resources */,
				ADF287AE2E1507C300198D6F /* Supabase.xcconfig in Resources */,
				AD7243332E15FA5D002376C6 /* app-icon-180.png in Resources */,
				AD7243572E15FA5E002376C6 /* Assets.xcassets in Resources */,
				AD7243242E15FA5D002376C6 /* setup-local-testing.sh in Resources */,
				AD7243592E15FA5E002376C6 /* Config.xcconfig.example in Resources */,
				AD723B152E15FA5D002376C6 /* delete_files.sh in Resources */,
				ADBD69582E14A7B900921A30 /* app-icon-180.png in Resources */,
				AD723B1C2E15FA5D002376C6 /* generate_app_icons.sh in Resources */,
				AD723B1B2E15FA5D002376C6 /* PROJECT_STRUCTURE.md in Resources */,
				ADF287AB2E15045900198D6F /* Supabase.xcconfig in Resources */,
				AD7243582E15FA5E002376C6 /* Config.xcconfig in Resources */,
				ADBD69592E14A7B900921A30 /* AppIconGuide.md in Resources */,
				AD7243342E15FA5D002376C6 /* AppIconGuide.md in Resources */,
			);
			runOnlyForDeploymentPostprocessing = 0;
		};
		AD7D30A02E1490810072AA5B /* Resources */ = {
			isa = PBXResourcesBuildPhase;
			buildActionMask = 2147483647;
			files = (
			);
			runOnlyForDeploymentPostprocessing = 0;
		};
		AD7D30AA2E1490810072AA5B /* Resources */ = {
			isa = PBXResourcesBuildPhase;
			buildActionMask = 2147483647;
			files = (
			);
			runOnlyForDeploymentPostprocessing = 0;
		};
/* End PBXResourcesBuildPhase section */

/* Begin PBXSourcesBuildPhase section */
		AD7D308E2E14907F0072AA5B /* Sources */ = {
			isa = PBXSourcesBuildPhase;
			buildActionMask = 2147483647;
			files = (
				AD72433B2E15FA5D002376C6 /* SupabaseDataClient.swift in Sources */,
				ADFC6A202E185913004FCE40 /* GenderInputView.swift in Sources */,
				AD7243482E15FA5E002376C6 /* WelcomeStepView.swift in Sources */,
				ADFC6A1F2E185913004FCE40 /* NameInputView.swift in Sources */,
				AD7243462E15FA5E002376C6 /* OnboardingContainerView.swift in Sources */,
				AD7243522E15FA5E002376C6 /* MainTabView.swift in Sources */,
				ADBD69502E14A7B900921A30 /* Constants.swift in Sources */,
				AD7243392E15FA5D002376C6 /* LoadingManager.swift in Sources */,
				ADBD69482E14A7B900921A30 /* DashboardView.swift in Sources */,
				ADBD69532E14A7B900921A30 /* View+Styles.swift in Sources */,
				ADBD69522E14A7B900921A30 /* Font+Custom.swift in Sources */,
				ADBD69512E14A7B900921A30 /* Color+Theme.swift in Sources */,
				AD72434C2E15FA5E002376C6 /* EmailVerificationView.swift in Sources */,
				AD7243302E15FA5D002376C6 /* User.swift in Sources */,
				AD7D30982E14907F0072AA5B /* ContentView.swift in Sources */,
				AD7243412E15FA5E002376C6 /* CompletionStepView.swift in Sources */,
				ADBD694D2E14A7B900921A30 /* SettingsView.swift in Sources */,
				AD72434E2E15FA5E002376C6 /* HealthKitPromptView.swift in Sources */,
				ADBD694A2E14A7B900921A30 /* LogWeightView.swift in Sources */,
				AD7243502E15FA5E002376C6 /* LoginView.swift in Sources */,
				AD7243542E15FA5E002376C6 /* ProfileSettingsView.swift in Sources */,
				AD7D30962E14907F0072AA5B /* LogYourBodyApp.swift in Sources */,
				AD7243452E15FA5E002376C6 /* NotificationsStepView.swift in Sources */,
				ADFC6A262E188F96004FCE40 /* OTPInputView.swift in Sources */,
				ADBD69472E14A7B900921A30 /* AuthManager.swift in Sources */,
				AD72432E2E15FA5D002376C6 /* LogYourBody.xcdatamodeld in Sources */,
				AD72432D2E15FA5D002376C6 /* DailyMetrics.swift in Sources */,
				ADBD694E2E14A7B900921A30 /* SignUpView.swift in Sources */,
				AD72433D2E15FA5E002376C6 /* SyncManager.swift in Sources */,
				ADBD69562E14A7B900921A30 /* WeightEntry.swift in Sources */,
				AD7243372E15FA5D002376C6 /* CoreDataManager.swift in Sources */,
				AD72434D2E15FA5E002376C6 /* ExportDataView.swift in Sources */,
				ADF287A72E14AC6300198D6F /* AppleSignInButton.swift in Sources */,
				AD72432B2E15FA5D002376C6 /* BodyMetrics.swift in Sources */,
				AD1B2C462E15A00A00123456 /* OnboardingData.swift in Sources */,
				AD1B2C472E15A00B00123456 /* OnboardingViewModel.swift in Sources */,
				AD7243442E15FA5E002376C6 /* HealthKitStepView.swift in Sources */,
				ADFC6A212E185913004FCE40 /* DateOfBirthInputView.swift in Sources */,
				AD72434F2E15FA5E002376C6 /* LoadingView.swift in Sources */,
				AD72434B2E15FA5E002376C6 /* DeleteAccountView.swift in Sources */,
				ADFC6A0E2E1858A3004FCE40 /* NotificationsStepView.swift in Sources */,
				ADFC6A222E185913004FCE40 /* HeightInputView.swift in Sources */,
				ADFC6A122E1858A3004FCE40 /* HealthKitStepView.swift in Sources */,
				ADFC6A162E1858A3004FCE40 /* WelcomeStepView.swift in Sources */,
				ADFC6A182E1858A3004FCE40 /* CompletionStepView.swift in Sources */,
				ADFC6A1A2E1858A3004FCE40 /* OnboardingContainerView.swift in Sources */,
				ADFC6A242E187717004FCE40 /* SupabaseManager.swift in Sources */,
				AD72433E2E15FA5E002376C6 /* Configuration.swift in Sources */,
				AD2C3D5F2E16B10A00234567 /* HealthKitManager.swift in Sources */,
				AD4F5E7B2E18C23500456789 /* PreferencesView.swift in Sources */,
				AD6F7F9D2E1AE45700678901 /* DailyLog.swift in Sources */,
				AD6A7B912E1BE45B00678902 /* LogYourBody.xcdatamodeld in Sources */,
			);
			runOnlyForDeploymentPostprocessing = 0;
		};
		AD7D309E2E1490810072AA5B /* Sources */ = {
			isa = PBXSourcesBuildPhase;
			buildActionMask = 2147483647;
			files = (
				AD7D30A72E1490810072AA5B /* LogYourBodyTests.swift in Sources */,
			);
			runOnlyForDeploymentPostprocessing = 0;
		};
		AD7D30A82E1490810072AA5B /* Sources */ = {
			isa = PBXSourcesBuildPhase;
			buildActionMask = 2147483647;
			files = (
				AD7D30B32E1490810072AA5B /* LogYourBodyUITestsLaunchTests.swift in Sources */,
				AD7D30B12E1490810072AA5B /* LogYourBodyUITests.swift in Sources */,
			);
			runOnlyForDeploymentPostprocessing = 0;
		};
/* End PBXSourcesBuildPhase section */

/* Begin PBXTargetDependency section */
		AD7D30A42E1490810072AA5B /* PBXTargetDependency */ = {
			isa = PBXTargetDependency;
			target = AD7D30912E14907F0072AA5B /* LogYourBody */;
			targetProxy = AD7D30A32E1490810072AA5B /* PBXContainerItemProxy */;
		};
		AD7D30AE2E1490810072AA5B /* PBXTargetDependency */ = {
			isa = PBXTargetDependency;
			target = AD7D30912E14907F0072AA5B /* LogYourBody */;
			targetProxy = AD7D30AD2E1490810072AA5B /* PBXContainerItemProxy */;
		};
/* End PBXTargetDependency section */

/* Begin XCBuildConfiguration section */
		AD7D30B42E1490810072AA5B /* Debug */ = {
			isa = XCBuildConfiguration;
			buildSettings = {
				ALWAYS_SEARCH_USER_PATHS = NO;
				ASSETCATALOG_COMPILER_GENERATE_SWIFT_ASSET_SYMBOL_EXTENSIONS = YES;
				CLANG_ANALYZER_NONNULL = YES;
				CLANG_ANALYZER_NUMBER_OBJECT_CONVERSION = YES_AGGRESSIVE;
				CLANG_CXX_LANGUAGE_STANDARD = "gnu++20";
				CLANG_ENABLE_MODULES = YES;
				CLANG_ENABLE_OBJC_ARC = YES;
				CLANG_ENABLE_OBJC_WEAK = YES;
				CLANG_WARN_BLOCK_CAPTURE_AUTORELEASING = YES;
				CLANG_WARN_BOOL_CONVERSION = YES;
				CLANG_WARN_COMMA = YES;
				CLANG_WARN_CONSTANT_CONVERSION = YES;
				CLANG_WARN_DEPRECATED_OBJC_IMPLEMENTATIONS = YES;
				CLANG_WARN_DIRECT_OBJC_ISA_USAGE = YES_ERROR;
				CLANG_WARN_DOCUMENTATION_COMMENTS = YES;
				CLANG_WARN_EMPTY_BODY = YES;
				CLANG_WARN_ENUM_CONVERSION = YES;
				CLANG_WARN_INFINITE_RECURSION = YES;
				CLANG_WARN_INT_CONVERSION = YES;
				CLANG_WARN_NON_LITERAL_NULL_CONVERSION = YES;
				CLANG_WARN_OBJC_IMPLICIT_RETAIN_SELF = YES;
				CLANG_WARN_OBJC_LITERAL_CONVERSION = YES;
				CLANG_WARN_OBJC_ROOT_CLASS = YES_ERROR;
				CLANG_WARN_QUOTED_INCLUDE_IN_FRAMEWORK_HEADER = YES;
				CLANG_WARN_RANGE_LOOP_ANALYSIS = YES;
				CLANG_WARN_STRICT_PROTOTYPES = YES;
				CLANG_WARN_SUSPICIOUS_MOVE = YES;
				CLANG_WARN_UNGUARDED_AVAILABILITY = YES_AGGRESSIVE;
				CLANG_WARN_UNREACHABLE_CODE = YES;
				CLANG_WARN__DUPLICATE_METHOD_MATCH = YES;
				COPY_PHASE_STRIP = NO;
				DEBUG_INFORMATION_FORMAT = dwarf;
				ENABLE_STRICT_OBJC_MSGSEND = YES;
				ENABLE_TESTABILITY = YES;
				ENABLE_USER_SCRIPT_SANDBOXING = YES;
				GCC_C_LANGUAGE_STANDARD = gnu17;
				GCC_DYNAMIC_NO_PIC = NO;
				GCC_NO_COMMON_BLOCKS = YES;
				GCC_OPTIMIZATION_LEVEL = 0;
				GCC_PREPROCESSOR_DEFINITIONS = (
					"DEBUG=1",
					"$(inherited)",
				);
				GCC_WARN_64_TO_32_BIT_CONVERSION = YES;
				GCC_WARN_ABOUT_RETURN_TYPE = YES_ERROR;
				GCC_WARN_UNDECLARED_SELECTOR = YES;
				GCC_WARN_UNINITIALIZED_AUTOS = YES_AGGRESSIVE;
				GCC_WARN_UNUSED_FUNCTION = YES;
				GCC_WARN_UNUSED_VARIABLE = YES;
				IPHONEOS_DEPLOYMENT_TARGET = 17.5;
				LOCALIZATION_PREFERS_STRING_CATALOGS = YES;
				MTL_ENABLE_DEBUG_INFO = INCLUDE_SOURCE;
				MTL_FAST_MATH = YES;
				ONLY_ACTIVE_ARCH = YES;
				SDKROOT = iphoneos;
				SWIFT_ACTIVE_COMPILATION_CONDITIONS = "DEBUG $(inherited)";
				SWIFT_OPTIMIZATION_LEVEL = "-Onone";
			};
			name = Debug;
		};
		AD7D30B52E1490810072AA5B /* Release */ = {
			isa = XCBuildConfiguration;
			buildSettings = {
				ALWAYS_SEARCH_USER_PATHS = NO;
				ASSETCATALOG_COMPILER_GENERATE_SWIFT_ASSET_SYMBOL_EXTENSIONS = YES;
				CLANG_ANALYZER_NONNULL = YES;
				CLANG_ANALYZER_NUMBER_OBJECT_CONVERSION = YES_AGGRESSIVE;
				CLANG_CXX_LANGUAGE_STANDARD = "gnu++20";
				CLANG_ENABLE_MODULES = YES;
				CLANG_ENABLE_OBJC_ARC = YES;
				CLANG_ENABLE_OBJC_WEAK = YES;
				CLANG_WARN_BLOCK_CAPTURE_AUTORELEASING = YES;
				CLANG_WARN_BOOL_CONVERSION = YES;
				CLANG_WARN_COMMA = YES;
				CLANG_WARN_CONSTANT_CONVERSION = YES;
				CLANG_WARN_DEPRECATED_OBJC_IMPLEMENTATIONS = YES;
				CLANG_WARN_DIRECT_OBJC_ISA_USAGE = YES_ERROR;
				CLANG_WARN_DOCUMENTATION_COMMENTS = YES;
				CLANG_WARN_EMPTY_BODY = YES;
				CLANG_WARN_ENUM_CONVERSION = YES;
				CLANG_WARN_INFINITE_RECURSION = YES;
				CLANG_WARN_INT_CONVERSION = YES;
				CLANG_WARN_NON_LITERAL_NULL_CONVERSION = YES;
				CLANG_WARN_OBJC_IMPLICIT_RETAIN_SELF = YES;
				CLANG_WARN_OBJC_LITERAL_CONVERSION = YES;
				CLANG_WARN_OBJC_ROOT_CLASS = YES_ERROR;
				CLANG_WARN_QUOTED_INCLUDE_IN_FRAMEWORK_HEADER = YES;
				CLANG_WARN_RANGE_LOOP_ANALYSIS = YES;
				CLANG_WARN_STRICT_PROTOTYPES = YES;
				CLANG_WARN_SUSPICIOUS_MOVE = YES;
				CLANG_WARN_UNGUARDED_AVAILABILITY = YES_AGGRESSIVE;
				CLANG_WARN_UNREACHABLE_CODE = YES;
				CLANG_WARN__DUPLICATE_METHOD_MATCH = YES;
				COPY_PHASE_STRIP = NO;
				DEBUG_INFORMATION_FORMAT = "dwarf-with-dsym";
				ENABLE_NS_ASSERTIONS = NO;
				ENABLE_STRICT_OBJC_MSGSEND = YES;
				ENABLE_USER_SCRIPT_SANDBOXING = YES;
				GCC_C_LANGUAGE_STANDARD = gnu17;
				GCC_NO_COMMON_BLOCKS = YES;
				GCC_WARN_64_TO_32_BIT_CONVERSION = YES;
				GCC_WARN_ABOUT_RETURN_TYPE = YES_ERROR;
				GCC_WARN_UNDECLARED_SELECTOR = YES;
				GCC_WARN_UNINITIALIZED_AUTOS = YES_AGGRESSIVE;
				GCC_WARN_UNUSED_FUNCTION = YES;
				GCC_WARN_UNUSED_VARIABLE = YES;
				IPHONEOS_DEPLOYMENT_TARGET = 17.5;
				LOCALIZATION_PREFERS_STRING_CATALOGS = YES;
				MTL_ENABLE_DEBUG_INFO = NO;
				MTL_FAST_MATH = YES;
				SDKROOT = iphoneos;
				SWIFT_COMPILATION_MODE = wholemodule;
				VALIDATE_PRODUCT = YES;
			};
			name = Release;
		};
		AD7D30B72E1490810072AA5B /* Debug */ = {
			isa = XCBuildConfiguration;
			buildSettings = {
				ASSETCATALOG_COMPILER_APPICON_NAME = AppIcon;
				ASSETCATALOG_COMPILER_GLOBAL_ACCENT_COLOR_NAME = AccentColor;
				CODE_SIGN_ENTITLEMENTS = LogYourBody/LogYourBody.entitlements;
				CODE_SIGN_STYLE = Automatic;
				CURRENT_PROJECT_VERSION = 1;
				DEVELOPMENT_ASSET_PATHS = "\"LogYourBody/Preview Content\"";
				DEVELOPMENT_TEAM = G24T327LXT;
				ENABLE_PREVIEWS = YES;
				GENERATE_INFOPLIST_FILE = NO;
				INFOPLIST_FILE = LogYourBody/Info.plist;
				INFOPLIST_KEY_CFBundleDisplayName = LogYourBody;
				INFOPLIST_KEY_LSApplicationCategoryType = "public.app-category.healthcare-fitness";
				INFOPLIST_KEY_UIApplicationSceneManifest_Generation = YES;
				INFOPLIST_KEY_UIApplicationSupportsIndirectInputEvents = YES;
				INFOPLIST_KEY_UILaunchStoryboardName = LaunchScreen;
				INFOPLIST_KEY_UISupportedInterfaceOrientations_iPad = "UIInterfaceOrientationPortrait UIInterfaceOrientationPortraitUpsideDown UIInterfaceOrientationLandscapeLeft UIInterfaceOrientationLandscapeRight";
				INFOPLIST_KEY_UISupportedInterfaceOrientations_iPhone = "UIInterfaceOrientationPortrait UIInterfaceOrientationLandscapeLeft UIInterfaceOrientationLandscapeRight";
				LD_RUNPATH_SEARCH_PATHS = (
					"$(inherited)",
					"@executable_path/Frameworks",
				);
				MARKETING_VERSION = 1.0;
				PRODUCT_BUNDLE_IDENTIFIER = LogYourBody.LogYourBody;
				PRODUCT_NAME = "$(TARGET_NAME)";
				SWIFT_EMIT_LOC_STRINGS = YES;
				SWIFT_VERSION = 5.0;
				TARGETED_DEVICE_FAMILY = "1,2";
			};
			name = Debug;
		};
		AD7D30B82E1490810072AA5B /* Release */ = {
			isa = XCBuildConfiguration;
			buildSettings = {
				ASSETCATALOG_COMPILER_APPICON_NAME = AppIcon;
				ASSETCATALOG_COMPILER_GLOBAL_ACCENT_COLOR_NAME = AccentColor;
				CODE_SIGN_ENTITLEMENTS = LogYourBody/LogYourBody.entitlements;
				CODE_SIGN_STYLE = Automatic;
				CURRENT_PROJECT_VERSION = 1;
				DEVELOPMENT_ASSET_PATHS = "\"LogYourBody/Preview Content\"";
				DEVELOPMENT_TEAM = G24T327LXT;
				ENABLE_PREVIEWS = YES;
				GENERATE_INFOPLIST_FILE = NO;
				INFOPLIST_FILE = LogYourBody/Info.plist;
				INFOPLIST_KEY_CFBundleDisplayName = LogYourBody;
				INFOPLIST_KEY_LSApplicationCategoryType = "public.app-category.healthcare-fitness";
				INFOPLIST_KEY_UIApplicationSceneManifest_Generation = YES;
				INFOPLIST_KEY_UIApplicationSupportsIndirectInputEvents = YES;
				INFOPLIST_KEY_UILaunchStoryboardName = LaunchScreen;
				INFOPLIST_KEY_UISupportedInterfaceOrientations_iPad = "UIInterfaceOrientationPortrait UIInterfaceOrientationPortraitUpsideDown UIInterfaceOrientationLandscapeLeft UIInterfaceOrientationLandscapeRight";
				INFOPLIST_KEY_UISupportedInterfaceOrientations_iPhone = "UIInterfaceOrientationPortrait UIInterfaceOrientationLandscapeLeft UIInterfaceOrientationLandscapeRight";
				LD_RUNPATH_SEARCH_PATHS = (
					"$(inherited)",
					"@executable_path/Frameworks",
				);
				MARKETING_VERSION = 1.0;
				PRODUCT_BUNDLE_IDENTIFIER = LogYourBody.LogYourBody;
				PRODUCT_NAME = "$(TARGET_NAME)";
				SWIFT_EMIT_LOC_STRINGS = YES;
				SWIFT_VERSION = 5.0;
				TARGETED_DEVICE_FAMILY = "1,2";
			};
			name = Release;
		};
		AD7D30BA2E1490810072AA5B /* Debug */ = {
			isa = XCBuildConfiguration;
			buildSettings = {
				ALWAYS_EMBED_SWIFT_STANDARD_LIBRARIES = YES;
				BUNDLE_LOADER = "$(TEST_HOST)";
				CODE_SIGN_STYLE = Automatic;
				CURRENT_PROJECT_VERSION = 1;
				DEVELOPMENT_TEAM = G24T327LXT;
				GENERATE_INFOPLIST_FILE = NO;
				INFOPLIST_FILE = LogYourBody/Info.plist;
				IPHONEOS_DEPLOYMENT_TARGET = 17.5;
				MARKETING_VERSION = 1.0;
				PRODUCT_BUNDLE_IDENTIFIER = LogYourBody.LogYourBodyTests;
				PRODUCT_NAME = "$(TARGET_NAME)";
				SWIFT_EMIT_LOC_STRINGS = NO;
				SWIFT_VERSION = 5.0;
				TARGETED_DEVICE_FAMILY = "1,2";
				TEST_HOST = "$(BUILT_PRODUCTS_DIR)/LogYourBody.app/$(BUNDLE_EXECUTABLE_FOLDER_PATH)/LogYourBody";
			};
			name = Debug;
		};
		AD7D30BB2E1490810072AA5B /* Release */ = {
			isa = XCBuildConfiguration;
			buildSettings = {
				ALWAYS_EMBED_SWIFT_STANDARD_LIBRARIES = YES;
				BUNDLE_LOADER = "$(TEST_HOST)";
				CODE_SIGN_STYLE = Automatic;
				CURRENT_PROJECT_VERSION = 1;
				DEVELOPMENT_TEAM = G24T327LXT;
				GENERATE_INFOPLIST_FILE = NO;
				INFOPLIST_FILE = LogYourBody/Info.plist;
				IPHONEOS_DEPLOYMENT_TARGET = 17.5;
				MARKETING_VERSION = 1.0;
				PRODUCT_BUNDLE_IDENTIFIER = LogYourBody.LogYourBodyTests;
				PRODUCT_NAME = "$(TARGET_NAME)";
				SWIFT_EMIT_LOC_STRINGS = NO;
				SWIFT_VERSION = 5.0;
				TARGETED_DEVICE_FAMILY = "1,2";
				TEST_HOST = "$(BUILT_PRODUCTS_DIR)/LogYourBody.app/$(BUNDLE_EXECUTABLE_FOLDER_PATH)/LogYourBody";
			};
			name = Release;
		};
		AD7D30BD2E1490810072AA5B /* Debug */ = {
			isa = XCBuildConfiguration;
			buildSettings = {
				ALWAYS_EMBED_SWIFT_STANDARD_LIBRARIES = YES;
				CODE_SIGN_STYLE = Automatic;
				CURRENT_PROJECT_VERSION = 1;
				DEVELOPMENT_TEAM = G24T327LXT;
				GENERATE_INFOPLIST_FILE = NO;
				INFOPLIST_FILE = LogYourBody/Info.plist;
				MARKETING_VERSION = 1.0;
				PRODUCT_BUNDLE_IDENTIFIER = LogYourBody.LogYourBodyUITests;
				PRODUCT_NAME = "$(TARGET_NAME)";
				SWIFT_EMIT_LOC_STRINGS = NO;
				SWIFT_VERSION = 5.0;
				TARGETED_DEVICE_FAMILY = "1,2";
				TEST_TARGET_NAME = LogYourBody;
			};
			name = Debug;
		};
		AD7D30BE2E1490810072AA5B /* Release */ = {
			isa = XCBuildConfiguration;
			buildSettings = {
				ALWAYS_EMBED_SWIFT_STANDARD_LIBRARIES = YES;
				CODE_SIGN_STYLE = Automatic;
				CURRENT_PROJECT_VERSION = 1;
				DEVELOPMENT_TEAM = G24T327LXT;
				GENERATE_INFOPLIST_FILE = NO;
				INFOPLIST_FILE = LogYourBody/Info.plist;
				MARKETING_VERSION = 1.0;
				PRODUCT_BUNDLE_IDENTIFIER = LogYourBody.LogYourBodyUITests;
				PRODUCT_NAME = "$(TARGET_NAME)";
				SWIFT_EMIT_LOC_STRINGS = NO;
				SWIFT_VERSION = 5.0;
				TARGETED_DEVICE_FAMILY = "1,2";
				TEST_TARGET_NAME = LogYourBody;
			};
			name = Release;
		};
/* End XCBuildConfiguration section */

/* Begin XCConfigurationList section */
		AD7D308D2E14907F0072AA5B /* Build configuration list for PBXProject "LogYourBody" */ = {
			isa = XCConfigurationList;
			buildConfigurations = (
				AD7D30B42E1490810072AA5B /* Debug */,
				AD7D30B52E1490810072AA5B /* Release */,
			);
			defaultConfigurationIsVisible = 0;
			defaultConfigurationName = Release;
		};
		AD7D30B62E1490810072AA5B /* Build configuration list for PBXNativeTarget "LogYourBody" */ = {
			isa = XCConfigurationList;
			buildConfigurations = (
				AD7D30B72E1490810072AA5B /* Debug */,
				AD7D30B82E1490810072AA5B /* Release */,
			);
			defaultConfigurationIsVisible = 0;
			defaultConfigurationName = Release;
		};
		AD7D30B92E1490810072AA5B /* Build configuration list for PBXNativeTarget "LogYourBodyTests" */ = {
			isa = XCConfigurationList;
			buildConfigurations = (
				AD7D30BA2E1490810072AA5B /* Debug */,
				AD7D30BB2E1490810072AA5B /* Release */,
			);
			defaultConfigurationIsVisible = 0;
			defaultConfigurationName = Release;
		};
		AD7D30BC2E1490810072AA5B /* Build configuration list for PBXNativeTarget "LogYourBodyUITests" */ = {
			isa = XCConfigurationList;
			buildConfigurations = (
				AD7D30BD2E1490810072AA5B /* Debug */,
				AD7D30BE2E1490810072AA5B /* Release */,
			);
			defaultConfigurationIsVisible = 0;
			defaultConfigurationName = Release;
		};
/* End XCConfigurationList section */

/* Begin XCRemoteSwiftPackageReference section */
		AD25A7802E17439500611A56 /* XCRemoteSwiftPackageReference "clerk-ios" */ = {
			isa = XCRemoteSwiftPackageReference;
			repositoryURL = "https://github.com/clerk/clerk-ios";
			requirement = {
				kind = upToNextMajorVersion;
				minimumVersion = 0.59.0;
			};
		};
/* End XCRemoteSwiftPackageReference section */

/* Begin XCSwiftPackageProductDependency section */
		AD25A7812E17439500611A56 /* Clerk */ = {
			isa = XCSwiftPackageProductDependency;
			package = AD25A7802E17439500611A56 /* XCRemoteSwiftPackageReference "clerk-ios" */;
			productName = Clerk;
		};
/* End XCSwiftPackageProductDependency section */

/* Begin XCVersionGroup section */
		AD6A7B902E1BE45A00678902 /* LogYourBody.xcdatamodeld */ = {
			isa = XCVersionGroup;
			children = (
				AD6A7B962E1BE46000678902 /* LogYourBody.xcdatamodel */,
			);
			currentVersion = AD6A7B962E1BE46000678902 /* LogYourBody.xcdatamodel */;
			path = LogYourBody.xcdatamodeld;
			sourceTree = "<group>";
			versionGroupType = wrapper.xcdatamodel;
		};
		AD723AD82E15FA5C002376C6 /* LogYourBody.xcdatamodeld */ = {
			isa = XCVersionGroup;
			children = (
				AD723B142E15FA5C002376C6 /* LogYourBody.xcdatamodel */,
			);
			currentVersion = AD723B142E15FA5C002376C6 /* LogYourBody.xcdatamodel */;
			name = LogYourBody.xcdatamodeld;
			path = "/Users/timwhite/Documents/GitHub/TBF/LogYourBody/ios-native/LogYourBody/Models/LogYourBody.xcdatamodeld";
			sourceTree = "<group>";
			versionGroupType = wrapper.xcdatamodel;
		};
/* End XCVersionGroup section */
	};
	rootObject = AD7D308A2E14907F0072AA5B /* Project object */;
}
