// !$*UTF8*$!
{
	archiveVersion = 1;
	classes = {
	};
	objectVersion = 56;
	objects = {

/* Begin PBXBuildFile section */
		AD7F3B5B2E160A04004AEC61 /* Supabase.xcconfig in Resources */ = {isa = PBXBuildFile; fileRef = AD7F39D82E160A03004AEC61 /* Supabase.xcconfig */; };
		AD7F3B5F2E160A04004AEC61 /* setup-local-testing.sh in Resources */ = {isa = PBXBuildFile; fileRef = AD7F39DB2E160A03004AEC61 /* setup-local-testing.sh */; };
		AD7F3B602E160A04004AEC61 /* auto_fix_xcode.py in Resources */ = {isa = PBXBuildFile; fileRef = AD7F39DC2E160A03004AEC61 /* auto_fix_xcode.py */; };
		AD7F3B612E160A04004AEC61 /* setup-xcode-config.sh in Resources */ = {isa = PBXBuildFile; fileRef = AD7F39DD2E160A03004AEC61 /* setup-xcode-config.sh */; };
		AD7F3B622E160A04004AEC61 /* CLEANUP_INSTRUCTIONS.md in Resources */ = {isa = PBXBuildFile; fileRef = AD7F39DE2E160A03004AEC61 /* CLEANUP_INSTRUCTIONS.md */; };
		AD7F3B632E160A04004AEC61 /* safe_cleanup.sh in Resources */ = {isa = PBXBuildFile; fileRef = AD7F39DF2E160A03004AEC61 /* safe_cleanup.sh */; };
		AD7F3B662E160A04004AEC61 /* restore_project.sh in Resources */ = {isa = PBXBuildFile; fileRef = AD7F39E62E160A03004AEC61 /* restore_project.sh */; };
		AD7F3B672E160A04004AEC61 /* CLEANUP_REPORT.md in Resources */ = {isa = PBXBuildFile; fileRef = AD7F39E72E160A03004AEC61 /* CLEANUP_REPORT.md */; };
		AD7F3B682E160A04004AEC61 /* CONFIGURATION.md in Resources */ = {isa = PBXBuildFile; fileRef = AD7F39E82E160A03004AEC61 /* CONFIGURATION.md */; };
		AD7F3B6A2E160A04004AEC61 /* auto_fix_project.sh in Resources */ = {isa = PBXBuildFile; fileRef = AD7F39EA2E160A03004AEC61 /* auto_fix_project.sh */; };
		AD7F3B6B2E160A04004AEC61 /* icon-1024.png in Resources */ = {isa = PBXBuildFile; fileRef = AD7F39EB2E160A03004AEC61 /* icon-1024.png */; };
		AD7F3B6C2E160A04004AEC61 /* LogYourBodyApp.swift in Sources */ = {isa = PBXBuildFile; fileRef = AD7F39EC2E160A03004AEC61 /* LogYourBodyApp.swift */; };
		AD7F3B6D2E160A04004AEC61 /* Color+Theme.swift in Sources */ = {isa = PBXBuildFile; fileRef = AD7F39ED2E160A03004AEC61 /* Color+Theme.swift */; };
		AD7F3B6E2E160A04004AEC61 /* Font+Custom.swift in Sources */ = {isa = PBXBuildFile; fileRef = AD7F39EE2E160A03004AEC61 /* Font+Custom.swift */; };
		AD7F3B6F2E160A04004AEC61 /* View+Styles.swift in Sources */ = {isa = PBXBuildFile; fileRef = AD7F39EF2E160A03004AEC61 /* View+Styles.swift */; };
		AD7F3B702E160A04004AEC61 /* CLERK_SETUP.md in Resources */ = {isa = PBXBuildFile; fileRef = AD7F39F12E160A03004AEC61 /* CLERK_SETUP.md */; };
		AD7F3B712E160A04004AEC61 /* AuthManager.swift in Sources */ = {isa = PBXBuildFile; fileRef = AD7F39F22E160A03004AEC61 /* AuthManager.swift */; };
		AD7F3B722E160A04004AEC61 /* ClerkClient.swift in Sources */ = {isa = PBXBuildFile; fileRef = AD7F39F32E160A03004AEC61 /* ClerkClient.swift */; };
		AD7F3B732E160A04004AEC61 /* CoreDataManager.swift in Sources */ = {isa = PBXBuildFile; fileRef = AD7F39F42E160A03004AEC61 /* CoreDataManager.swift */; };
		AD7F3B742E160A04004AEC61 /* HealthKitManager.swift in Sources */ = {isa = PBXBuildFile; fileRef = AD7F39F52E160A03004AEC61 /* HealthKitManager.swift */; };
		AD7F3B752E160A04004AEC61 /* LoadingManager.swift in Sources */ = {isa = PBXBuildFile; fileRef = AD7F39F62E160A03004AEC61 /* LoadingManager.swift */; };
		AD7F3B762E160A04004AEC61 /* SupabaseDataClient.swift in Sources */ = {isa = PBXBuildFile; fileRef = AD7F39F72E160A03004AEC61 /* SupabaseDataClient.swift */; };
		AD7F3B772E160A04004AEC61 /* SyncManager.swift in Sources */ = {isa = PBXBuildFile; fileRef = AD7F39F82E160A03004AEC61 /* SyncManager.swift */; };
		AD7F3B792E160A04004AEC61 /* app-icon-180.png in Resources */ = {isa = PBXBuildFile; fileRef = AD7F39FB2E160A03004AEC61 /* app-icon-180.png */; };
		AD7F3B7A2E160A04004AEC61 /* AppIconGuide.md in Resources */ = {isa = PBXBuildFile; fileRef = AD7F39FC2E160A03004AEC61 /* AppIconGuide.md */; };
		AD7F3B7C2E160A04004AEC61 /* Config.xcconfig in Resources */ = {isa = PBXBuildFile; fileRef = AD7F39FF2E160A03004AEC61 /* Config.xcconfig */; };
		AD7F3B7E2E160A04004AEC61 /* BodyMetrics.swift in Sources */ = {isa = PBXBuildFile; fileRef = AD7F3A012E160A03004AEC61 /* BodyMetrics.swift */; };
		AD7F3B7F2E160A04004AEC61 /* DailyLog.swift in Sources */ = {isa = PBXBuildFile; fileRef = AD7F3A022E160A03004AEC61 /* DailyLog.swift */; };
		AD7F3B802E160A04004AEC61 /* DailyMetrics.swift in Sources */ = {isa = PBXBuildFile; fileRef = AD7F3A032E160A03004AEC61 /* DailyMetrics.swift */; };
		AD7F3B812E160A04004AEC61 /* LogYourBody.xcdatamodeld in Sources */ = {isa = PBXBuildFile; fileRef = AD7F3A042E160A03004AEC61 /* LogYourBody.xcdatamodeld */; };
		AD7F3B822E160A04004AEC61 /* OnboardingData.swift in Sources */ = {isa = PBXBuildFile; fileRef = AD7F3A052E160A03004AEC61 /* OnboardingData.swift */; };
		AD7F3B832E160A04004AEC61 /* User.swift in Sources */ = {isa = PBXBuildFile; fileRef = AD7F3A062E160A03004AEC61 /* User.swift */; };
		AD7F3B842E160A04004AEC61 /* WeightEntry.swift in Sources */ = {isa = PBXBuildFile; fileRef = AD7F3A072E160A03004AEC61 /* WeightEntry.swift */; };
		AD7F3B852E160A04004AEC61 /* Preview Assets.xcassets in Resources */ = {isa = PBXBuildFile; fileRef = AD7F3A0A2E160A03004AEC61 /* Preview Assets.xcassets */; };
		AD7F3B862E160A04004AEC61 /* fix_duplicate_files.sh in Resources */ = {isa = PBXBuildFile; fileRef = AD7F3A0C2E160A03004AEC61 /* fix_duplicate_files.sh */; };
		AD7F3B872E160A04004AEC61 /* FINAL_STEPS.md in Resources */ = {isa = PBXBuildFile; fileRef = AD7F3A0D2E160A03004AEC61 /* FINAL_STEPS.md */; };
		AD7F3B882E160A04004AEC61 /* Config.xcconfig.example in Resources */ = {isa = PBXBuildFile; fileRef = AD7F3A0E2E160A03004AEC61 /* Config.xcconfig.example */; };
		AD7F3B892E160A04004AEC61 /* generate_app_icons.sh in Resources */ = {isa = PBXBuildFile; fileRef = AD7F3A0F2E160A03004AEC61 /* generate_app_icons.sh */; };
		AD7F3B8B2E160A04004AEC61 /* verify_fix.sh in Resources */ = {isa = PBXBuildFile; fileRef = AD7F3A122E160A03004AEC61 /* verify_fix.sh */; };
		AD7F3B8C2E160A04004AEC61 /* delete_files.sh in Resources */ = {isa = PBXBuildFile; fileRef = AD7F3A132E160A03004AEC61 /* delete_files.sh */; };
		AD7F3B8D2E160A04004AEC61 /* OnboardingViewModel.swift in Sources */ = {isa = PBXBuildFile; fileRef = AD7F3A142E160A03004AEC61 /* OnboardingViewModel.swift */; };
		AD7F3B8E2E160A04004AEC61 /* cleanup_xcode.sh in Resources */ = {isa = PBXBuildFile; fileRef = AD7F3A162E160A03004AEC61 /* cleanup_xcode.sh */; };
		AD7F3B8F2E160A04004AEC61 /* move_files_for_deletion.sh in Resources */ = {isa = PBXBuildFile; fileRef = AD7F3A172E160A03004AEC61 /* move_files_for_deletion.sh */; };
		AD7F3B902E160A04004AEC61 /* Configuration.swift in Sources */ = {isa = PBXBuildFile; fileRef = AD7F3A182E160A03004AEC61 /* Configuration.swift */; };
		AD7F3B912E160A04004AEC61 /* Constants.swift in Sources */ = {isa = PBXBuildFile; fileRef = AD7F3A192E160A03004AEC61 /* Constants.swift */; };
		AD7F3B922E160A04004AEC61 /* LaunchScreen.storyboard in Resources */ = {isa = PBXBuildFile; fileRef = AD7F3A1B2E160A03004AEC61 /* LaunchScreen.storyboard */; };
		AD7F3B932E160A04004AEC61 /* XCODE_CLEANUP_GUIDE.md in Resources */ = {isa = PBXBuildFile; fileRef = AD7F3A1C2E160A03004AEC61 /* XCODE_CLEANUP_GUIDE.md */; };
		AD7F3B942E160A04004AEC61 /* ContentView.swift in Sources */ = {isa = PBXBuildFile; fileRef = AD7F3A1D2E160A03004AEC61 /* ContentView.swift */; };
		AD7F3B952E160A04004AEC61 /* README.md in Resources */ = {isa = PBXBuildFile; fileRef = AD7F3A1E2E160A03004AEC61 /* README.md */; };
		AD7F3B962E160A04004AEC61 /* CompletionStepView.swift in Sources */ = {isa = PBXBuildFile; fileRef = AD7F3A1F2E160A03004AEC61 /* CompletionStepView.swift */; };
		AD7F3B972E160A04004AEC61 /* DataConfirmationStepView.swift in Sources */ = {isa = PBXBuildFile; fileRef = AD7F3A202E160A03004AEC61 /* DataConfirmationStepView.swift */; };
		AD7F3B982E160A04004AEC61 /* DexaUploadStepView.swift in Sources */ = {isa = PBXBuildFile; fileRef = AD7F3A212E160A03004AEC61 /* DexaUploadStepView.swift */; };
		AD7F3B992E160A04004AEC61 /* HealthKitStepView.swift in Sources */ = {isa = PBXBuildFile; fileRef = AD7F3A222E160A03004AEC61 /* HealthKitStepView.swift */; };
		AD7F3B9A2E160A04004AEC61 /* NotificationsStepView.swift in Sources */ = {isa = PBXBuildFile; fileRef = AD7F3A232E160A03004AEC61 /* NotificationsStepView.swift */; };
		AD7F3B9B2E160A04004AEC61 /* OnboardingContainerView.swift in Sources */ = {isa = PBXBuildFile; fileRef = AD7F3A242E160A03004AEC61 /* OnboardingContainerView.swift */; };
		AD7F3B9C2E160A04004AEC61 /* ProfileSetupStepView.swift in Sources */ = {isa = PBXBuildFile; fileRef = AD7F3A252E160A03004AEC61 /* ProfileSetupStepView.swift */; };
		AD7F3B9D2E160A04004AEC61 /* WelcomeStepView.swift in Sources */ = {isa = PBXBuildFile; fileRef = AD7F3A262E160A03004AEC61 /* WelcomeStepView.swift */; };
		AD7F3B9E2E160A04004AEC61 /* AppleSignInButton.swift in Sources */ = {isa = PBXBuildFile; fileRef = AD7F3A282E160A03004AEC61 /* AppleSignInButton.swift */; };
		AD7F3B9F2E160A04004AEC61 /* DashboardView.swift in Sources */ = {isa = PBXBuildFile; fileRef = AD7F3A292E160A03004AEC61 /* DashboardView.swift */; };
		AD7F3BA02E160A04004AEC61 /* DeleteAccountView.swift in Sources */ = {isa = PBXBuildFile; fileRef = AD7F3A2A2E160A03004AEC61 /* DeleteAccountView.swift */; };
		AD7F3BA12E160A04004AEC61 /* EmailVerificationView.swift in Sources */ = {isa = PBXBuildFile; fileRef = AD7F3A2B2E160A03004AEC61 /* EmailVerificationView.swift */; };
		AD7F3BA22E160A04004AEC61 /* ExportDataView.swift in Sources */ = {isa = PBXBuildFile; fileRef = AD7F3A2C2E160A03004AEC61 /* ExportDataView.swift */; };
		AD7F3BA32E160A04004AEC61 /* HealthKitPromptView.swift in Sources */ = {isa = PBXBuildFile; fileRef = AD7F3A2D2E160A03004AEC61 /* HealthKitPromptView.swift */; };
		AD7F3BA42E160A04004AEC61 /* LoadingView.swift in Sources */ = {isa = PBXBuildFile; fileRef = AD7F3A2E2E160A03004AEC61 /* LoadingView.swift */; };
		AD7F3BA52E160A04004AEC61 /* LoginView.swift in Sources */ = {isa = PBXBuildFile; fileRef = AD7F3A2F2E160A03004AEC61 /* LoginView.swift */; };
		AD7F3BA62E160A04004AEC61 /* LogWeightView.swift in Sources */ = {isa = PBXBuildFile; fileRef = AD7F3A302E160A03004AEC61 /* LogWeightView.swift */; };
		AD7F3BA72E160A04004AEC61 /* MainTabView.swift in Sources */ = {isa = PBXBuildFile; fileRef = AD7F3A312E160A03004AEC61 /* MainTabView.swift */; };
		AD7F3BA82E160A04004AEC61 /* PreferencesView.swift in Sources */ = {isa = PBXBuildFile; fileRef = AD7F3A322E160A03004AEC61 /* PreferencesView.swift */; };
		AD7F3BA92E160A04004AEC61 /* ProfileSettingsView.swift in Sources */ = {isa = PBXBuildFile; fileRef = AD7F3A332E160A03004AEC61 /* ProfileSettingsView.swift */; };
		AD7F3BAA2E160A04004AEC61 /* SettingsView.swift in Sources */ = {isa = PBXBuildFile; fileRef = AD7F3A342E160A03004AEC61 /* SettingsView.swift */; };
		AD7F3BAB2E160A04004AEC61 /* SignUpView.swift in Sources */ = {isa = PBXBuildFile; fileRef = AD7F3A352E160A03004AEC61 /* SignUpView.swift */; };
		AD7F3BAC2E160A04004AEC61 /* PROJECT_STRUCTURE.md in Resources */ = {isa = PBXBuildFile; fileRef = AD7F3A372E160A03004AEC61 /* PROJECT_STRUCTURE.md */; };
		AD7F3BAD2E160A04004AEC61 /* reorganize_project.sh in Resources */ = {isa = PBXBuildFile; fileRef = AD7F3A382E160A03004AEC61 /* reorganize_project.sh */; };
		AD7F3BAE2E160A04004AEC61 /* Assets.xcassets in Resources */ = {isa = PBXBuildFile; fileRef = AD7F3A462E160A04004AEC61 /* Assets.xcassets */; };
		AD7F3BAF2E160A04004AEC61 /* Color+Theme.swift in Sources */ = {isa = PBXBuildFile; fileRef = AD7F3A472E160A04004AEC61 /* Color+Theme.swift */; };
		AD7F3BB02E160A04004AEC61 /* Font+Custom.swift in Sources */ = {isa = PBXBuildFile; fileRef = AD7F3A482E160A04004AEC61 /* Font+Custom.swift */; };
		AD7F3BB12E160A04004AEC61 /* View+Styles.swift in Sources */ = {isa = PBXBuildFile; fileRef = AD7F3A492E160A04004AEC61 /* View+Styles.swift */; };
		AD7F3BB22E160A04004AEC61 /* BodyMetrics.swift in Sources */ = {isa = PBXBuildFile; fileRef = AD7F3A4B2E160A04004AEC61 /* BodyMetrics.swift */; };
		AD7F3BB32E160A04004AEC61 /* DailyLog.swift in Sources */ = {isa = PBXBuildFile; fileRef = AD7F3A4C2E160A04004AEC61 /* DailyLog.swift */; };
		AD7F3BB42E160A04004AEC61 /* DailyMetrics.swift in Sources */ = {isa = PBXBuildFile; fileRef = AD7F3A4D2E160A04004AEC61 /* DailyMetrics.swift */; };
		AD7F3BB52E160A04004AEC61 /* LogYourBody.xcdatamodeld in Sources */ = {isa = PBXBuildFile; fileRef = AD7F3A4E2E160A04004AEC61 /* LogYourBody.xcdatamodeld */; };
		AD7F3BB62E160A04004AEC61 /* OnboardingData.swift in Sources */ = {isa = PBXBuildFile; fileRef = AD7F3A4F2E160A04004AEC61 /* OnboardingData.swift */; };
		AD7F3BB72E160A04004AEC61 /* User.swift in Sources */ = {isa = PBXBuildFile; fileRef = AD7F3A502E160A04004AEC61 /* User.swift */; };
		AD7F3BB82E160A04004AEC61 /* WeightEntry.swift in Sources */ = {isa = PBXBuildFile; fileRef = AD7F3A512E160A04004AEC61 /* WeightEntry.swift */; };
		AD7F3BB92E160A04004AEC61 /* Preview Assets.xcassets in Resources */ = {isa = PBXBuildFile; fileRef = AD7F3A532E160A04004AEC61 /* Preview Assets.xcassets */; };
		AD7F3BBA2E160A04004AEC61 /* app-icon-180.png in Resources */ = {isa = PBXBuildFile; fileRef = AD7F3A552E160A04004AEC61 /* app-icon-180.png */; };
		AD7F3BBB2E160A04004AEC61 /* AppIconGuide.md in Resources */ = {isa = PBXBuildFile; fileRef = AD7F3A562E160A04004AEC61 /* AppIconGuide.md */; };
		AD7F3BBC2E160A04004AEC61 /* AuthManager.swift in Sources */ = {isa = PBXBuildFile; fileRef = AD7F3A582E160A04004AEC61 /* AuthManager.swift */; };
		AD7F3BBD2E160A04004AEC61 /* ClerkClient.swift in Sources */ = {isa = PBXBuildFile; fileRef = AD7F3A592E160A04004AEC61 /* ClerkClient.swift */; };
		AD7F3BBE2E160A04004AEC61 /* CoreDataManager.swift in Sources */ = {isa = PBXBuildFile; fileRef = AD7F3A5A2E160A04004AEC61 /* CoreDataManager.swift */; };
		AD7F3BBF2E160A04004AEC61 /* HealthKitManager.swift in Sources */ = {isa = PBXBuildFile; fileRef = AD7F3A5B2E160A04004AEC61 /* HealthKitManager.swift */; };
		AD7F3BC02E160A04004AEC61 /* LoadingManager.swift in Sources */ = {isa = PBXBuildFile; fileRef = AD7F3A5C2E160A04004AEC61 /* LoadingManager.swift */; };
		AD7F3BC12E160A04004AEC61 /* SupabaseDataClient.swift in Sources */ = {isa = PBXBuildFile; fileRef = AD7F3A5D2E160A04004AEC61 /* SupabaseDataClient.swift */; };
		AD7F3BC22E160A04004AEC61 /* SyncManager.swift in Sources */ = {isa = PBXBuildFile; fileRef = AD7F3A5E2E160A04004AEC61 /* SyncManager.swift */; };
		AD7F3BC32E160A04004AEC61 /* Configuration.swift in Sources */ = {isa = PBXBuildFile; fileRef = AD7F3A602E160A04004AEC61 /* Configuration.swift */; };
		AD7F3BC42E160A04004AEC61 /* Constants.swift in Sources */ = {isa = PBXBuildFile; fileRef = AD7F3A612E160A04004AEC61 /* Constants.swift */; };
		AD7F3BC52E160A04004AEC61 /* OnboardingViewModel.swift in Sources */ = {isa = PBXBuildFile; fileRef = AD7F3A632E160A04004AEC61 /* OnboardingViewModel.swift */; };
		AD7F3BC62E160A04004AEC61 /* CompletionStepView.swift in Sources */ = {isa = PBXBuildFile; fileRef = AD7F3A652E160A04004AEC61 /* CompletionStepView.swift */; };
		AD7F3BC72E160A04004AEC61 /* DataConfirmationStepView.swift in Sources */ = {isa = PBXBuildFile; fileRef = AD7F3A662E160A04004AEC61 /* DataConfirmationStepView.swift */; };
		AD7F3BC82E160A04004AEC61 /* DexaUploadStepView.swift in Sources */ = {isa = PBXBuildFile; fileRef = AD7F3A672E160A04004AEC61 /* DexaUploadStepView.swift */; };
		AD7F3BC92E160A04004AEC61 /* HealthKitStepView.swift in Sources */ = {isa = PBXBuildFile; fileRef = AD7F3A682E160A04004AEC61 /* HealthKitStepView.swift */; };
		AD7F3BCA2E160A04004AEC61 /* NotificationsStepView.swift in Sources */ = {isa = PBXBuildFile; fileRef = AD7F3A692E160A04004AEC61 /* NotificationsStepView.swift */; };
		AD7F3BCB2E160A04004AEC61 /* OnboardingContainerView.swift in Sources */ = {isa = PBXBuildFile; fileRef = AD7F3A6A2E160A04004AEC61 /* OnboardingContainerView.swift */; };
		AD7F3BCC2E160A04004AEC61 /* ProfileSetupStepView.swift in Sources */ = {isa = PBXBuildFile; fileRef = AD7F3A6B2E160A04004AEC61 /* ProfileSetupStepView.swift */; };
		AD7F3BCD2E160A04004AEC61 /* WelcomeStepView.swift in Sources */ = {isa = PBXBuildFile; fileRef = AD7F3A6C2E160A04004AEC61 /* WelcomeStepView.swift */; };
		AD7F3BCE2E160A04004AEC61 /* AppleSignInButton.swift in Sources */ = {isa = PBXBuildFile; fileRef = AD7F3A6E2E160A04004AEC61 /* AppleSignInButton.swift */; };
		AD7F3BCF2E160A04004AEC61 /* DashboardView.swift in Sources */ = {isa = PBXBuildFile; fileRef = AD7F3A6F2E160A04004AEC61 /* DashboardView.swift */; };
		AD7F3BD02E160A04004AEC61 /* DeleteAccountView.swift in Sources */ = {isa = PBXBuildFile; fileRef = AD7F3A702E160A04004AEC61 /* DeleteAccountView.swift */; };
		AD7F3BD12E160A04004AEC61 /* EmailVerificationView.swift in Sources */ = {isa = PBXBuildFile; fileRef = AD7F3A712E160A04004AEC61 /* EmailVerificationView.swift */; };
		AD7F3BD22E160A04004AEC61 /* ExportDataView.swift in Sources */ = {isa = PBXBuildFile; fileRef = AD7F3A722E160A04004AEC61 /* ExportDataView.swift */; };
		AD7F3BD32E160A04004AEC61 /* HealthKitPromptView.swift in Sources */ = {isa = PBXBuildFile; fileRef = AD7F3A732E160A04004AEC61 /* HealthKitPromptView.swift */; };
		AD7F3BD42E160A04004AEC61 /* LoadingView.swift in Sources */ = {isa = PBXBuildFile; fileRef = AD7F3A742E160A04004AEC61 /* LoadingView.swift */; };
		AD7F3BD52E160A04004AEC61 /* LoginView.swift in Sources */ = {isa = PBXBuildFile; fileRef = AD7F3A752E160A04004AEC61 /* LoginView.swift */; };
		AD7F3BD62E160A04004AEC61 /* LogWeightView.swift in Sources */ = {isa = PBXBuildFile; fileRef = AD7F3A762E160A04004AEC61 /* LogWeightView.swift */; };
		AD7F3BD72E160A04004AEC61 /* MainTabView.swift in Sources */ = {isa = PBXBuildFile; fileRef = AD7F3A772E160A04004AEC61 /* MainTabView.swift */; };
		AD7F3BD82E160A04004AEC61 /* PreferencesView.swift in Sources */ = {isa = PBXBuildFile; fileRef = AD7F3A782E160A04004AEC61 /* PreferencesView.swift */; };
		AD7F3BD92E160A04004AEC61 /* ProfileSettingsView.swift in Sources */ = {isa = PBXBuildFile; fileRef = AD7F3A792E160A04004AEC61 /* ProfileSettingsView.swift */; };
		AD7F3BDA2E160A04004AEC61 /* SettingsView.swift in Sources */ = {isa = PBXBuildFile; fileRef = AD7F3A7A2E160A04004AEC61 /* SettingsView.swift */; };
		AD7F3BDB2E160A04004AEC61 /* SignUpView.swift in Sources */ = {isa = PBXBuildFile; fileRef = AD7F3A7B2E160A04004AEC61 /* SignUpView.swift */; };
		AD7F3BDC2E160A04004AEC61 /* Assets.xcassets in Resources */ = {isa = PBXBuildFile; fileRef = AD7F3A7D2E160A04004AEC61 /* Assets.xcassets */; };
		AD7F3BDD2E160A04004AEC61 /* Config.xcconfig in Resources */ = {isa = PBXBuildFile; fileRef = AD7F3A7E2E160A04004AEC61 /* Config.xcconfig */; };
		AD7F3BDE2E160A04004AEC61 /* Config.xcconfig.example in Resources */ = {isa = PBXBuildFile; fileRef = AD7F3A7F2E160A04004AEC61 /* Config.xcconfig.example */; };
		AD7F3BDF2E160A04004AEC61 /* ContentView.swift in Sources */ = {isa = PBXBuildFile; fileRef = AD7F3A802E160A04004AEC61 /* ContentView.swift */; };
		AD7F3BE12E160A04004AEC61 /* LaunchScreen.storyboard in Resources */ = {isa = PBXBuildFile; fileRef = AD7F3A822E160A04004AEC61 /* LaunchScreen.storyboard */; };
		AD7F3BE22E160A04004AEC61 /* LogYourBodyApp.swift in Sources */ = {isa = PBXBuildFile; fileRef = AD7F3A842E160A04004AEC61 /* LogYourBodyApp.swift */; };
		AD7F3BFE2E164D51004AEC61 /* XCTest.framework in Frameworks */ = {isa = PBXBuildFile; fileRef = AD7F3BFD2E164D51004AEC61 /* XCTest.framework */; platformFilter = ios; };
/* End PBXBuildFile section */

/* Begin PBXContainerItemProxy section */
		AD7D30A32E1490810072AA5B /* PBXContainerItemProxy */ = {
			isa = PBXContainerItemProxy;
			containerPortal = AD7D308A2E14907F0072AA5B /* Project object */;
			proxyType = 1;
			remoteGlobalIDString = AD7D30912E14907F0072AA5B;
			remoteInfo = LogYourBody;
		};
		AD7D30AD2E1490810072AA5B /* PBXContainerItemProxy */ = {
			isa = PBXContainerItemProxy;
			containerPortal = AD7D308A2E14907F0072AA5B /* Project object */;
			proxyType = 1;
			remoteGlobalIDString = AD7D30912E14907F0072AA5B;
			remoteInfo = LogYourBody;
		};
		AD7F3A402E160A04004AEC61 /* PBXContainerItemProxy */ = {
			isa = PBXContainerItemProxy;
			containerPortal = AD7F3A392E160A03004AEC61 /* LogYourBody.xcodeproj */;
			proxyType = 2;
			remoteGlobalIDString = AD7D30922E14907F0072AA5B;
			remoteInfo = LogYourBody;
		};
		AD7F3A422E160A04004AEC61 /* PBXContainerItemProxy */ = {
			isa = PBXContainerItemProxy;
			containerPortal = AD7F3A392E160A03004AEC61 /* LogYourBody.xcodeproj */;
			proxyType = 2;
			remoteGlobalIDString = AD7D30A22E1490810072AA5B;
			remoteInfo = LogYourBodyTests;
		};
		AD7F3A442E160A04004AEC61 /* PBXContainerItemProxy */ = {
			isa = PBXContainerItemProxy;
			containerPortal = AD7F3A392E160A03004AEC61 /* LogYourBody.xcodeproj */;
			proxyType = 2;
			remoteGlobalIDString = AD7D30AC2E1490810072AA5B;
			remoteInfo = LogYourBodyUITests;
		};
/* End PBXContainerItemProxy section */

/* Begin PBXFileReference section */
		AD453ECB2E1654DD00FE2ABC /* LogYourBodyTests.xctest */ = {isa = PBXFileReference; explicitFileType = wrapper.cfbundle; includeInIndex = 0; path = LogYourBodyTests.xctest; sourceTree = BUILT_PRODUCTS_DIR; };
		AD453ECC2E1654DD00FE2ABC /* LogYourBodyUITests.xctest */ = {isa = PBXFileReference; explicitFileType = wrapper.cfbundle; includeInIndex = 0; path = LogYourBodyUITests.xctest; sourceTree = BUILT_PRODUCTS_DIR; };
		AD7F38742E160A02004AEC61 /* LogYourBody-Bridging-Header.h */ = {isa = PBXFileReference; lastKnownFileType = sourcecode.c.h; path = "LogYourBody-Bridging-Header.h"; sourceTree = "<group>"; };
		AD7F38752E160A02004AEC61 /* LogYourBody.app */ = {isa = PBXFileReference; explicitFileType = wrapper.application; includeInIndex = 0; path = LogYourBody.app; sourceTree = BUILT_PRODUCTS_DIR; };
		AD7F39D82E160A03004AEC61 /* Supabase.xcconfig */ = {isa = PBXFileReference; fileEncoding = 4; lastKnownFileType = text.xcconfig; path = Supabase.xcconfig; sourceTree = "<group>"; };
		AD7F39DB2E160A03004AEC61 /* setup-local-testing.sh */ = {isa = PBXFileReference; fileEncoding = 4; lastKnownFileType = text.script.sh; path = "setup-local-testing.sh"; sourceTree = "<group>"; };
		AD7F39DC2E160A03004AEC61 /* auto_fix_xcode.py */ = {isa = PBXFileReference; fileEncoding = 4; lastKnownFileType = text.script.python; path = auto_fix_xcode.py; sourceTree = "<group>"; };
		AD7F39DD2E160A03004AEC61 /* setup-xcode-config.sh */ = {isa = PBXFileReference; fileEncoding = 4; lastKnownFileType = text.script.sh; path = "setup-xcode-config.sh"; sourceTree = "<group>"; };
		AD7F39DE2E160A03004AEC61 /* CLEANUP_INSTRUCTIONS.md */ = {isa = PBXFileReference; fileEncoding = 4; lastKnownFileType = net.daringfireball.markdown; path = CLEANUP_INSTRUCTIONS.md; sourceTree = "<group>"; };
		AD7F39DF2E160A03004AEC61 /* safe_cleanup.sh */ = {isa = PBXFileReference; fileEncoding = 4; lastKnownFileType = text.script.sh; path = safe_cleanup.sh; sourceTree = "<group>"; };
		AD7F39E02E160A03004AEC61 /* LogYourBody.xcodeproj */ = {isa = PBXFileReference; lastKnownFileType = "wrapper.pb-project"; path = LogYourBody.xcodeproj; sourceTree = "<group>"; };
		AD7F39E62E160A03004AEC61 /* restore_project.sh */ = {isa = PBXFileReference; fileEncoding = 4; lastKnownFileType = text.script.sh; path = restore_project.sh; sourceTree = "<group>"; };
		AD7F39E72E160A03004AEC61 /* CLEANUP_REPORT.md */ = {isa = PBXFileReference; fileEncoding = 4; lastKnownFileType = net.daringfireball.markdown; path = CLEANUP_REPORT.md; sourceTree = "<group>"; };
		AD7F39E82E160A03004AEC61 /* CONFIGURATION.md */ = {isa = PBXFileReference; fileEncoding = 4; lastKnownFileType = net.daringfireball.markdown; path = CONFIGURATION.md; sourceTree = "<group>"; };
		AD7F39EA2E160A03004AEC61 /* auto_fix_project.sh */ = {isa = PBXFileReference; fileEncoding = 4; lastKnownFileType = text.script.sh; path = auto_fix_project.sh; sourceTree = "<group>"; };
		AD7F39EB2E160A03004AEC61 /* icon-1024.png */ = {isa = PBXFileReference; lastKnownFileType = image.png; path = "icon-1024.png"; sourceTree = "<group>"; };
		AD7F39EC2E160A03004AEC61 /* LogYourBodyApp.swift */ = {isa = PBXFileReference; fileEncoding = 4; lastKnownFileType = sourcecode.swift; name = LogYourBodyApp.swift; path = LogYourBody/LogYourBodyApp.swift; sourceTree = "<group>"; };
		AD7F39ED2E160A03004AEC61 /* Color+Theme.swift */ = {isa = PBXFileReference; fileEncoding = 4; lastKnownFileType = sourcecode.swift; path = "Color+Theme.swift"; sourceTree = "<group>"; };
		AD7F39EE2E160A03004AEC61 /* Font+Custom.swift */ = {isa = PBXFileReference; fileEncoding = 4; lastKnownFileType = sourcecode.swift; path = "Font+Custom.swift"; sourceTree = "<group>"; };
		AD7F39EF2E160A03004AEC61 /* View+Styles.swift */ = {isa = PBXFileReference; fileEncoding = 4; lastKnownFileType = sourcecode.swift; path = "View+Styles.swift"; sourceTree = "<group>"; };
		AD7F39F12E160A03004AEC61 /* CLERK_SETUP.md */ = {isa = PBXFileReference; fileEncoding = 4; lastKnownFileType = net.daringfireball.markdown; path = CLERK_SETUP.md; sourceTree = "<group>"; };
		AD7F39F22E160A03004AEC61 /* AuthManager.swift */ = {isa = PBXFileReference; fileEncoding = 4; lastKnownFileType = sourcecode.swift; path = AuthManager.swift; sourceTree = "<group>"; };
		AD7F39F32E160A03004AEC61 /* ClerkClient.swift */ = {isa = PBXFileReference; fileEncoding = 4; lastKnownFileType = sourcecode.swift; path = ClerkClient.swift; sourceTree = "<group>"; };
		AD7F39F42E160A03004AEC61 /* CoreDataManager.swift */ = {isa = PBXFileReference; fileEncoding = 4; lastKnownFileType = sourcecode.swift; path = CoreDataManager.swift; sourceTree = "<group>"; };
		AD7F39F52E160A03004AEC61 /* HealthKitManager.swift */ = {isa = PBXFileReference; fileEncoding = 4; lastKnownFileType = sourcecode.swift; path = HealthKitManager.swift; sourceTree = "<group>"; };
		AD7F39F62E160A03004AEC61 /* LoadingManager.swift */ = {isa = PBXFileReference; fileEncoding = 4; lastKnownFileType = sourcecode.swift; path = LoadingManager.swift; sourceTree = "<group>"; };
		AD7F39F72E160A03004AEC61 /* SupabaseDataClient.swift */ = {isa = PBXFileReference; fileEncoding = 4; lastKnownFileType = sourcecode.swift; path = SupabaseDataClient.swift; sourceTree = "<group>"; };
		AD7F39F82E160A03004AEC61 /* SyncManager.swift */ = {isa = PBXFileReference; fileEncoding = 4; lastKnownFileType = sourcecode.swift; path = SyncManager.swift; sourceTree = "<group>"; };
		AD7F39FB2E160A03004AEC61 /* app-icon-180.png */ = {isa = PBXFileReference; lastKnownFileType = image.png; path = "app-icon-180.png"; sourceTree = "<group>"; };
		AD7F39FC2E160A03004AEC61 /* AppIconGuide.md */ = {isa = PBXFileReference; fileEncoding = 4; lastKnownFileType = net.daringfireball.markdown; path = AppIconGuide.md; sourceTree = "<group>"; };
		AD7F39FF2E160A03004AEC61 /* Config.xcconfig */ = {isa = PBXFileReference; fileEncoding = 4; lastKnownFileType = text.xcconfig; name = Config.xcconfig; path = LogYourBody/Config.xcconfig; sourceTree = "<group>"; };
		AD7F3A012E160A03004AEC61 /* BodyMetrics.swift */ = {isa = PBXFileReference; fileEncoding = 4; lastKnownFileType = sourcecode.swift; path = BodyMetrics.swift; sourceTree = "<group>"; };
		AD7F3A022E160A03004AEC61 /* DailyLog.swift */ = {isa = PBXFileReference; fileEncoding = 4; lastKnownFileType = sourcecode.swift; path = DailyLog.swift; sourceTree = "<group>"; };
		AD7F3A032E160A03004AEC61 /* DailyMetrics.swift */ = {isa = PBXFileReference; fileEncoding = 4; lastKnownFileType = sourcecode.swift; path = DailyMetrics.swift; sourceTree = "<group>"; };
		AD7F3A052E160A03004AEC61 /* OnboardingData.swift */ = {isa = PBXFileReference; fileEncoding = 4; lastKnownFileType = sourcecode.swift; path = OnboardingData.swift; sourceTree = "<group>"; };
		AD7F3A062E160A03004AEC61 /* User.swift */ = {isa = PBXFileReference; fileEncoding = 4; lastKnownFileType = sourcecode.swift; path = User.swift; sourceTree = "<group>"; };
		AD7F3A072E160A03004AEC61 /* WeightEntry.swift */ = {isa = PBXFileReference; fileEncoding = 4; lastKnownFileType = sourcecode.swift; path = WeightEntry.swift; sourceTree = "<group>"; };
		AD7F3A092E160A03004AEC61 /* LogYourBody.xcdatamodel */ = {isa = PBXFileReference; lastKnownFileType = wrapper.xcdatamodel; path = LogYourBody.xcdatamodel; sourceTree = "<group>"; };
		AD7F3A0A2E160A03004AEC61 /* Preview Assets.xcassets */ = {isa = PBXFileReference; lastKnownFileType = folder.assetcatalog; path = "Preview Assets.xcassets"; sourceTree = "<group>"; };
		AD7F3A0C2E160A03004AEC61 /* fix_duplicate_files.sh */ = {isa = PBXFileReference; fileEncoding = 4; lastKnownFileType = text.script.sh; path = fix_duplicate_files.sh; sourceTree = "<group>"; };
		AD7F3A0D2E160A03004AEC61 /* FINAL_STEPS.md */ = {isa = PBXFileReference; fileEncoding = 4; lastKnownFileType = net.daringfireball.markdown; path = FINAL_STEPS.md; sourceTree = "<group>"; };
		AD7F3A0E2E160A03004AEC61 /* Config.xcconfig.example */ = {isa = PBXFileReference; fileEncoding = 4; lastKnownFileType = text; name = Config.xcconfig.example; path = LogYourBody/Config.xcconfig.example; sourceTree = "<group>"; };
		AD7F3A0F2E160A03004AEC61 /* generate_app_icons.sh */ = {isa = PBXFileReference; fileEncoding = 4; lastKnownFileType = text.script.sh; path = generate_app_icons.sh; sourceTree = "<group>"; };
		AD7F3A112E160A03004AEC61 /* LogYourBody.entitlements */ = {isa = PBXFileReference; fileEncoding = 4; lastKnownFileType = text.plist.entitlements; name = LogYourBody.entitlements; path = LogYourBody/LogYourBody.entitlements; sourceTree = "<group>"; };
		AD7F3A122E160A03004AEC61 /* verify_fix.sh */ = {isa = PBXFileReference; fileEncoding = 4; lastKnownFileType = text.script.sh; path = verify_fix.sh; sourceTree = "<group>"; };
		AD7F3A132E160A03004AEC61 /* delete_files.sh */ = {isa = PBXFileReference; fileEncoding = 4; lastKnownFileType = text.script.sh; path = delete_files.sh; sourceTree = "<group>"; };
		AD7F3A142E160A03004AEC61 /* OnboardingViewModel.swift */ = {isa = PBXFileReference; fileEncoding = 4; lastKnownFileType = sourcecode.swift; path = OnboardingViewModel.swift; sourceTree = "<group>"; };
		AD7F3A162E160A03004AEC61 /* cleanup_xcode.sh */ = {isa = PBXFileReference; fileEncoding = 4; lastKnownFileType = text.script.sh; path = cleanup_xcode.sh; sourceTree = "<group>"; };
		AD7F3A172E160A03004AEC61 /* move_files_for_deletion.sh */ = {isa = PBXFileReference; fileEncoding = 4; lastKnownFileType = text.script.sh; path = move_files_for_deletion.sh; sourceTree = "<group>"; };
		AD7F3A182E160A03004AEC61 /* Configuration.swift */ = {isa = PBXFileReference; fileEncoding = 4; lastKnownFileType = sourcecode.swift; path = Configuration.swift; sourceTree = "<group>"; };
		AD7F3A192E160A03004AEC61 /* Constants.swift */ = {isa = PBXFileReference; fileEncoding = 4; lastKnownFileType = sourcecode.swift; path = Constants.swift; sourceTree = "<group>"; };
		AD7F3A1B2E160A03004AEC61 /* LaunchScreen.storyboard */ = {isa = PBXFileReference; fileEncoding = 4; lastKnownFileType = file.storyboard; name = LaunchScreen.storyboard; path = LogYourBody/LaunchScreen.storyboard; sourceTree = "<group>"; };
		AD7F3A1C2E160A03004AEC61 /* XCODE_CLEANUP_GUIDE.md */ = {isa = PBXFileReference; fileEncoding = 4; lastKnownFileType = net.daringfireball.markdown; path = XCODE_CLEANUP_GUIDE.md; sourceTree = "<group>"; };
		AD7F3A1D2E160A03004AEC61 /* ContentView.swift */ = {isa = PBXFileReference; fileEncoding = 4; lastKnownFileType = sourcecode.swift; name = ContentView.swift; path = LogYourBody/ContentView.swift; sourceTree = "<group>"; };
		AD7F3A1E2E160A03004AEC61 /* README.md */ = {isa = PBXFileReference; fileEncoding = 4; lastKnownFileType = net.daringfireball.markdown; path = README.md; sourceTree = "<group>"; };
		AD7F3A1F2E160A03004AEC61 /* CompletionStepView.swift */ = {isa = PBXFileReference; fileEncoding = 4; lastKnownFileType = sourcecode.swift; path = CompletionStepView.swift; sourceTree = "<group>"; };
		AD7F3A202E160A03004AEC61 /* DataConfirmationStepView.swift */ = {isa = PBXFileReference; fileEncoding = 4; lastKnownFileType = sourcecode.swift; path = DataConfirmationStepView.swift; sourceTree = "<group>"; };
		AD7F3A212E160A03004AEC61 /* DexaUploadStepView.swift */ = {isa = PBXFileReference; fileEncoding = 4; lastKnownFileType = sourcecode.swift; path = DexaUploadStepView.swift; sourceTree = "<group>"; };
		AD7F3A222E160A03004AEC61 /* HealthKitStepView.swift */ = {isa = PBXFileReference; fileEncoding = 4; lastKnownFileType = sourcecode.swift; path = HealthKitStepView.swift; sourceTree = "<group>"; };
		AD7F3A232E160A03004AEC61 /* NotificationsStepView.swift */ = {isa = PBXFileReference; fileEncoding = 4; lastKnownFileType = sourcecode.swift; path = NotificationsStepView.swift; sourceTree = "<group>"; };
		AD7F3A242E160A03004AEC61 /* OnboardingContainerView.swift */ = {isa = PBXFileReference; fileEncoding = 4; lastKnownFileType = sourcecode.swift; path = OnboardingContainerView.swift; sourceTree = "<group>"; };
		AD7F3A252E160A03004AEC61 /* ProfileSetupStepView.swift */ = {isa = PBXFileReference; fileEncoding = 4; lastKnownFileType = sourcecode.swift; path = ProfileSetupStepView.swift; sourceTree = "<group>"; };
		AD7F3A262E160A03004AEC61 /* WelcomeStepView.swift */ = {isa = PBXFileReference; fileEncoding = 4; lastKnownFileType = sourcecode.swift; path = WelcomeStepView.swift; sourceTree = "<group>"; };
		AD7F3A282E160A03004AEC61 /* AppleSignInButton.swift */ = {isa = PBXFileReference; fileEncoding = 4; lastKnownFileType = sourcecode.swift; path = AppleSignInButton.swift; sourceTree = "<group>"; };
		AD7F3A292E160A03004AEC61 /* DashboardView.swift */ = {isa = PBXFileReference; fileEncoding = 4; lastKnownFileType = sourcecode.swift; path = DashboardView.swift; sourceTree = "<group>"; };
		AD7F3A2A2E160A03004AEC61 /* DeleteAccountView.swift */ = {isa = PBXFileReference; fileEncoding = 4; lastKnownFileType = sourcecode.swift; path = DeleteAccountView.swift; sourceTree = "<group>"; };
		AD7F3A2B2E160A03004AEC61 /* EmailVerificationView.swift */ = {isa = PBXFileReference; fileEncoding = 4; lastKnownFileType = sourcecode.swift; path = EmailVerificationView.swift; sourceTree = "<group>"; };
		AD7F3A2C2E160A03004AEC61 /* ExportDataView.swift */ = {isa = PBXFileReference; fileEncoding = 4; lastKnownFileType = sourcecode.swift; path = ExportDataView.swift; sourceTree = "<group>"; };
		AD7F3A2D2E160A03004AEC61 /* HealthKitPromptView.swift */ = {isa = PBXFileReference; fileEncoding = 4; lastKnownFileType = sourcecode.swift; path = HealthKitPromptView.swift; sourceTree = "<group>"; };
		AD7F3A2E2E160A03004AEC61 /* LoadingView.swift */ = {isa = PBXFileReference; fileEncoding = 4; lastKnownFileType = sourcecode.swift; path = LoadingView.swift; sourceTree = "<group>"; };
		AD7F3A2F2E160A03004AEC61 /* LoginView.swift */ = {isa = PBXFileReference; fileEncoding = 4; lastKnownFileType = sourcecode.swift; path = LoginView.swift; sourceTree = "<group>"; };
		AD7F3A302E160A03004AEC61 /* LogWeightView.swift */ = {isa = PBXFileReference; fileEncoding = 4; lastKnownFileType = sourcecode.swift; path = LogWeightView.swift; sourceTree = "<group>"; };
		AD7F3A312E160A03004AEC61 /* MainTabView.swift */ = {isa = PBXFileReference; fileEncoding = 4; lastKnownFileType = sourcecode.swift; path = MainTabView.swift; sourceTree = "<group>"; };
		AD7F3A322E160A03004AEC61 /* PreferencesView.swift */ = {isa = PBXFileReference; fileEncoding = 4; lastKnownFileType = sourcecode.swift; path = PreferencesView.swift; sourceTree = "<group>"; };
		AD7F3A332E160A03004AEC61 /* ProfileSettingsView.swift */ = {isa = PBXFileReference; fileEncoding = 4; lastKnownFileType = sourcecode.swift; path = ProfileSettingsView.swift; sourceTree = "<group>"; };
		AD7F3A342E160A03004AEC61 /* SettingsView.swift */ = {isa = PBXFileReference; fileEncoding = 4; lastKnownFileType = sourcecode.swift; path = SettingsView.swift; sourceTree = "<group>"; };
		AD7F3A352E160A03004AEC61 /* SignUpView.swift */ = {isa = PBXFileReference; fileEncoding = 4; lastKnownFileType = sourcecode.swift; path = SignUpView.swift; sourceTree = "<group>"; };
		AD7F3A372E160A03004AEC61 /* PROJECT_STRUCTURE.md */ = {isa = PBXFileReference; fileEncoding = 4; lastKnownFileType = net.daringfireball.markdown; path = PROJECT_STRUCTURE.md; sourceTree = "<group>"; };
		AD7F3A382E160A03004AEC61 /* reorganize_project.sh */ = {isa = PBXFileReference; fileEncoding = 4; lastKnownFileType = text.script.sh; path = reorganize_project.sh; sourceTree = "<group>"; };
		AD7F3A392E160A03004AEC61 /* LogYourBody.xcodeproj */ = {isa = PBXFileReference; lastKnownFileType = "wrapper.pb-project"; path = LogYourBody.xcodeproj; sourceTree = "<group>"; };
		AD7F3A462E160A04004AEC61 /* Assets.xcassets */ = {isa = PBXFileReference; lastKnownFileType = folder.assetcatalog; name = Assets.xcassets; path = LogYourBody/Assets.xcassets; sourceTree = "<group>"; };
		AD7F3A472E160A04004AEC61 /* Color+Theme.swift */ = {isa = PBXFileReference; fileEncoding = 4; lastKnownFileType = sourcecode.swift; path = "Color+Theme.swift"; sourceTree = "<group>"; };
		AD7F3A482E160A04004AEC61 /* Font+Custom.swift */ = {isa = PBXFileReference; fileEncoding = 4; lastKnownFileType = sourcecode.swift; path = "Font+Custom.swift"; sourceTree = "<group>"; };
		AD7F3A492E160A04004AEC61 /* View+Styles.swift */ = {isa = PBXFileReference; fileEncoding = 4; lastKnownFileType = sourcecode.swift; path = "View+Styles.swift"; sourceTree = "<group>"; };
		AD7F3A4B2E160A04004AEC61 /* BodyMetrics.swift */ = {isa = PBXFileReference; fileEncoding = 4; lastKnownFileType = sourcecode.swift; path = BodyMetrics.swift; sourceTree = "<group>"; };
		AD7F3A4C2E160A04004AEC61 /* DailyLog.swift */ = {isa = PBXFileReference; fileEncoding = 4; lastKnownFileType = sourcecode.swift; path = DailyLog.swift; sourceTree = "<group>"; };
		AD7F3A4D2E160A04004AEC61 /* DailyMetrics.swift */ = {isa = PBXFileReference; fileEncoding = 4; lastKnownFileType = sourcecode.swift; path = DailyMetrics.swift; sourceTree = "<group>"; };
		AD7F3A4F2E160A04004AEC61 /* OnboardingData.swift */ = {isa = PBXFileReference; fileEncoding = 4; lastKnownFileType = sourcecode.swift; path = OnboardingData.swift; sourceTree = "<group>"; };
		AD7F3A502E160A04004AEC61 /* User.swift */ = {isa = PBXFileReference; fileEncoding = 4; lastKnownFileType = sourcecode.swift; path = User.swift; sourceTree = "<group>"; };
		AD7F3A512E160A04004AEC61 /* WeightEntry.swift */ = {isa = PBXFileReference; fileEncoding = 4; lastKnownFileType = sourcecode.swift; path = WeightEntry.swift; sourceTree = "<group>"; };
		AD7F3A532E160A04004AEC61 /* Preview Assets.xcassets */ = {isa = PBXFileReference; lastKnownFileType = folder.assetcatalog; path = "Preview Assets.xcassets"; sourceTree = "<group>"; };
		AD7F3A552E160A04004AEC61 /* app-icon-180.png */ = {isa = PBXFileReference; lastKnownFileType = image.png; path = "app-icon-180.png"; sourceTree = "<group>"; };
		AD7F3A562E160A04004AEC61 /* AppIconGuide.md */ = {isa = PBXFileReference; fileEncoding = 4; lastKnownFileType = net.daringfireball.markdown; path = AppIconGuide.md; sourceTree = "<group>"; };
		AD7F3A582E160A04004AEC61 /* AuthManager.swift */ = {isa = PBXFileReference; fileEncoding = 4; lastKnownFileType = sourcecode.swift; path = AuthManager.swift; sourceTree = "<group>"; };
		AD7F3A592E160A04004AEC61 /* ClerkClient.swift */ = {isa = PBXFileReference; fileEncoding = 4; lastKnownFileType = sourcecode.swift; path = ClerkClient.swift; sourceTree = "<group>"; };
		AD7F3A5A2E160A04004AEC61 /* CoreDataManager.swift */ = {isa = PBXFileReference; fileEncoding = 4; lastKnownFileType = sourcecode.swift; path = CoreDataManager.swift; sourceTree = "<group>"; };
		AD7F3A5B2E160A04004AEC61 /* HealthKitManager.swift */ = {isa = PBXFileReference; fileEncoding = 4; lastKnownFileType = sourcecode.swift; path = HealthKitManager.swift; sourceTree = "<group>"; };
		AD7F3A5C2E160A04004AEC61 /* LoadingManager.swift */ = {isa = PBXFileReference; fileEncoding = 4; lastKnownFileType = sourcecode.swift; path = LoadingManager.swift; sourceTree = "<group>"; };
		AD7F3A5D2E160A04004AEC61 /* SupabaseDataClient.swift */ = {isa = PBXFileReference; fileEncoding = 4; lastKnownFileType = sourcecode.swift; path = SupabaseDataClient.swift; sourceTree = "<group>"; };
		AD7F3A5E2E160A04004AEC61 /* SyncManager.swift */ = {isa = PBXFileReference; fileEncoding = 4; lastKnownFileType = sourcecode.swift; path = SyncManager.swift; sourceTree = "<group>"; };
		AD7F3A602E160A04004AEC61 /* Configuration.swift */ = {isa = PBXFileReference; fileEncoding = 4; lastKnownFileType = sourcecode.swift; path = Configuration.swift; sourceTree = "<group>"; };
		AD7F3A612E160A04004AEC61 /* Constants.swift */ = {isa = PBXFileReference; fileEncoding = 4; lastKnownFileType = sourcecode.swift; path = Constants.swift; sourceTree = "<group>"; };
		AD7F3A632E160A04004AEC61 /* OnboardingViewModel.swift */ = {isa = PBXFileReference; fileEncoding = 4; lastKnownFileType = sourcecode.swift; path = OnboardingViewModel.swift; sourceTree = "<group>"; };
		AD7F3A652E160A04004AEC61 /* CompletionStepView.swift */ = {isa = PBXFileReference; fileEncoding = 4; lastKnownFileType = sourcecode.swift; path = CompletionStepView.swift; sourceTree = "<group>"; };
		AD7F3A662E160A04004AEC61 /* DataConfirmationStepView.swift */ = {isa = PBXFileReference; fileEncoding = 4; lastKnownFileType = sourcecode.swift; path = DataConfirmationStepView.swift; sourceTree = "<group>"; };
		AD7F3A672E160A04004AEC61 /* DexaUploadStepView.swift */ = {isa = PBXFileReference; fileEncoding = 4; lastKnownFileType = sourcecode.swift; path = DexaUploadStepView.swift; sourceTree = "<group>"; };
		AD7F3A682E160A04004AEC61 /* HealthKitStepView.swift */ = {isa = PBXFileReference; fileEncoding = 4; lastKnownFileType = sourcecode.swift; path = HealthKitStepView.swift; sourceTree = "<group>"; };
		AD7F3A692E160A04004AEC61 /* NotificationsStepView.swift */ = {isa = PBXFileReference; fileEncoding = 4; lastKnownFileType = sourcecode.swift; path = NotificationsStepView.swift; sourceTree = "<group>"; };
		AD7F3A6A2E160A04004AEC61 /* OnboardingContainerView.swift */ = {isa = PBXFileReference; fileEncoding = 4; lastKnownFileType = sourcecode.swift; path = OnboardingContainerView.swift; sourceTree = "<group>"; };
		AD7F3A6B2E160A04004AEC61 /* ProfileSetupStepView.swift */ = {isa = PBXFileReference; fileEncoding = 4; lastKnownFileType = sourcecode.swift; path = ProfileSetupStepView.swift; sourceTree = "<group>"; };
		AD7F3A6C2E160A04004AEC61 /* WelcomeStepView.swift */ = {isa = PBXFileReference; fileEncoding = 4; lastKnownFileType = sourcecode.swift; path = WelcomeStepView.swift; sourceTree = "<group>"; };
		AD7F3A6E2E160A04004AEC61 /* AppleSignInButton.swift */ = {isa = PBXFileReference; fileEncoding = 4; lastKnownFileType = sourcecode.swift; path = AppleSignInButton.swift; sourceTree = "<group>"; };
		AD7F3A6F2E160A04004AEC61 /* DashboardView.swift */ = {isa = PBXFileReference; fileEncoding = 4; lastKnownFileType = sourcecode.swift; path = DashboardView.swift; sourceTree = "<group>"; };
		AD7F3A702E160A04004AEC61 /* DeleteAccountView.swift */ = {isa = PBXFileReference; fileEncoding = 4; lastKnownFileType = sourcecode.swift; path = DeleteAccountView.swift; sourceTree = "<group>"; };
		AD7F3A712E160A04004AEC61 /* EmailVerificationView.swift */ = {isa = PBXFileReference; fileEncoding = 4; lastKnownFileType = sourcecode.swift; path = EmailVerificationView.swift; sourceTree = "<group>"; };
		AD7F3A722E160A04004AEC61 /* ExportDataView.swift */ = {isa = PBXFileReference; fileEncoding = 4; lastKnownFileType = sourcecode.swift; path = ExportDataView.swift; sourceTree = "<group>"; };
		AD7F3A732E160A04004AEC61 /* HealthKitPromptView.swift */ = {isa = PBXFileReference; fileEncoding = 4; lastKnownFileType = sourcecode.swift; path = HealthKitPromptView.swift; sourceTree = "<group>"; };
		AD7F3A742E160A04004AEC61 /* LoadingView.swift */ = {isa = PBXFileReference; fileEncoding = 4; lastKnownFileType = sourcecode.swift; path = LoadingView.swift; sourceTree = "<group>"; };
		AD7F3A752E160A04004AEC61 /* LoginView.swift */ = {isa = PBXFileReference; fileEncoding = 4; lastKnownFileType = sourcecode.swift; path = LoginView.swift; sourceTree = "<group>"; };
		AD7F3A762E160A04004AEC61 /* LogWeightView.swift */ = {isa = PBXFileReference; fileEncoding = 4; lastKnownFileType = sourcecode.swift; path = LogWeightView.swift; sourceTree = "<group>"; };
		AD7F3A772E160A04004AEC61 /* MainTabView.swift */ = {isa = PBXFileReference; fileEncoding = 4; lastKnownFileType = sourcecode.swift; path = MainTabView.swift; sourceTree = "<group>"; };
		AD7F3A782E160A04004AEC61 /* PreferencesView.swift */ = {isa = PBXFileReference; fileEncoding = 4; lastKnownFileType = sourcecode.swift; path = PreferencesView.swift; sourceTree = "<group>"; };
		AD7F3A792E160A04004AEC61 /* ProfileSettingsView.swift */ = {isa = PBXFileReference; fileEncoding = 4; lastKnownFileType = sourcecode.swift; path = ProfileSettingsView.swift; sourceTree = "<group>"; };
		AD7F3A7A2E160A04004AEC61 /* SettingsView.swift */ = {isa = PBXFileReference; fileEncoding = 4; lastKnownFileType = sourcecode.swift; path = SettingsView.swift; sourceTree = "<group>"; };
		AD7F3A7B2E160A04004AEC61 /* SignUpView.swift */ = {isa = PBXFileReference; fileEncoding = 4; lastKnownFileType = sourcecode.swift; path = SignUpView.swift; sourceTree = "<group>"; };
		AD7F3A7D2E160A04004AEC61 /* Assets.xcassets */ = {isa = PBXFileReference; lastKnownFileType = folder.assetcatalog; path = Assets.xcassets; sourceTree = "<group>"; };
		AD7F3A7E2E160A04004AEC61 /* Config.xcconfig */ = {isa = PBXFileReference; fileEncoding = 4; lastKnownFileType = text.xcconfig; path = Config.xcconfig; sourceTree = "<group>"; };
		AD7F3A7F2E160A04004AEC61 /* Config.xcconfig.example */ = {isa = PBXFileReference; fileEncoding = 4; lastKnownFileType = text; path = Config.xcconfig.example; sourceTree = "<group>"; };
		AD7F3A802E160A04004AEC61 /* ContentView.swift */ = {isa = PBXFileReference; fileEncoding = 4; lastKnownFileType = sourcecode.swift; path = ContentView.swift; sourceTree = "<group>"; };
		AD7F3A822E160A04004AEC61 /* LaunchScreen.storyboard */ = {isa = PBXFileReference; fileEncoding = 4; lastKnownFileType = file.storyboard; path = LaunchScreen.storyboard; sourceTree = "<group>"; };
		AD7F3A832E160A04004AEC61 /* LogYourBody.entitlements */ = {isa = PBXFileReference; fileEncoding = 4; lastKnownFileType = text.plist.entitlements; path = LogYourBody.entitlements; sourceTree = "<group>"; };
		AD7F3A842E160A04004AEC61 /* LogYourBodyApp.swift */ = {isa = PBXFileReference; fileEncoding = 4; lastKnownFileType = sourcecode.swift; path = LogYourBodyApp.swift; sourceTree = "<group>"; };
		AD7F3A862E160A04004AEC61 /* LogYourBody.xcdatamodel */ = {isa = PBXFileReference; lastKnownFileType = wrapper.xcdatamodel; path = LogYourBody.xcdatamodel; sourceTree = "<group>"; };
		AD7F3BF62E161768004AEC61 /* Info.plist */ = {isa = PBXFileReference; fileEncoding = 4; lastKnownFileType = text.plist.xml; path = Info.plist; sourceTree = "<group>"; };
		AD7F3BFD2E164D51004AEC61 /* XCTest.framework */ = {isa = PBXFileReference; lastKnownFileType = wrapper.framework; name = XCTest.framework; path = Platforms/iPhoneOS.platform/Developer/Library/Frameworks/XCTest.framework; sourceTree = DEVELOPER_DIR; };
/* End PBXFileReference section */

/* Begin PBXFrameworksBuildPhase section */
		AD7D308F2E14907F0072AA5B /* Frameworks */ = {
			isa = PBXFrameworksBuildPhase;
			buildActionMask = 2147483647;
			files = (
			);
			runOnlyForDeploymentPostprocessing = 0;
		};
		AD7D309F2E1490810072AA5B /* Frameworks */ = {
			isa = PBXFrameworksBuildPhase;
			buildActionMask = 2147483647;
			files = (
				AD7F3BFE2E164D51004AEC61 /* XCTest.framework in Frameworks */,
			);
			runOnlyForDeploymentPostprocessing = 0;
		};
		AD7D30A92E1490810072AA5B /* Frameworks */ = {
			isa = PBXFrameworksBuildPhase;
			buildActionMask = 2147483647;
			files = (
			);
			runOnlyForDeploymentPostprocessing = 0;
		};
/* End PBXFrameworksBuildPhase section */

/* Begin PBXGroup section */
		AD7D30892E14907F0072AA5B = {
			isa = PBXGroup;
			children = (
				AD7F3A462E160A04004AEC61 /* Assets.xcassets */,
				AD7F39EA2E160A03004AEC61 /* auto_fix_project.sh */,
				AD7F39DC2E160A03004AEC61 /* auto_fix_xcode.py */,
				AD7F39DE2E160A03004AEC61 /* CLEANUP_INSTRUCTIONS.md */,
				AD7F39E72E160A03004AEC61 /* CLEANUP_REPORT.md */,
				AD7F3A162E160A03004AEC61 /* cleanup_xcode.sh */,
				AD7F39F12E160A03004AEC61 /* CLERK_SETUP.md */,
				AD7F39FF2E160A03004AEC61 /* Config.xcconfig */,
				AD7F3A0E2E160A03004AEC61 /* Config.xcconfig.example */,
				AD7F39E82E160A03004AEC61 /* CONFIGURATION.md */,
				AD7F3A1D2E160A03004AEC61 /* ContentView.swift */,
				AD7F3A132E160A03004AEC61 /* delete_files.sh */,
				AD7F39F02E160A03004AEC61 /* Extensions */,
				AD7F3A0D2E160A03004AEC61 /* FINAL_STEPS.md */,
				AD7F3A0C2E160A03004AEC61 /* fix_duplicate_files.sh */,
				AD7F3A0F2E160A03004AEC61 /* generate_app_icons.sh */,
				AD7F39EB2E160A03004AEC61 /* icon-1024.png */,
				AD7F3A1B2E160A03004AEC61 /* LaunchScreen.storyboard */,
				AD7F3A852E160A04004AEC61 /* LogYourBody */,
				AD7F3A112E160A03004AEC61 /* LogYourBody.entitlements */,
				AD7F39E02E160A03004AEC61 /* LogYourBody.xcodeproj */,
				AD7F39EC2E160A03004AEC61 /* LogYourBodyApp.swift */,
				AD7F3A082E160A03004AEC61 /* Models */,
				AD7F3A172E160A03004AEC61 /* move_files_for_deletion.sh */,
				AD7F3A0B2E160A03004AEC61 /* Preview Content */,
				AD7F3A3A2E160A03004AEC61 /* project_backup_20250702_171146 */,
				AD7F3A372E160A03004AEC61 /* PROJECT_STRUCTURE.md */,
				AD7F3A1E2E160A03004AEC61 /* README.md */,
				AD7F3A382E160A03004AEC61 /* reorganize_project.sh */,
				AD7F39FD2E160A03004AEC61 /* Resources */,
				AD7F39E62E160A03004AEC61 /* restore_project.sh */,
				AD7F39DF2E160A03004AEC61 /* safe_cleanup.sh */,
				AD7F39F92E160A03004AEC61 /* Services */,
				AD7F39DB2E160A03004AEC61 /* setup-local-testing.sh */,
				AD7F39DD2E160A03004AEC61 /* setup-xcode-config.sh */,
				AD7F39D82E160A03004AEC61 /* Supabase.xcconfig */,
				AD7F3A1A2E160A03004AEC61 /* Utils */,
				AD7F3A122E160A03004AEC61 /* verify_fix.sh */,
				AD7F3A152E160A03004AEC61 /* ViewModels */,
				AD7F3A362E160A03004AEC61 /* Views */,
				AD7F3A1C2E160A03004AEC61 /* XCODE_CLEANUP_GUIDE.md */,
				AD7F38742E160A02004AEC61 /* LogYourBody-Bridging-Header.h */,
				AD7F38752E160A02004AEC61 /* LogYourBody.app */,
				AD7F3BFC2E164D51004AEC61 /* Frameworks */,
				AD453ECB2E1654DD00FE2ABC /* LogYourBodyTests.xctest */,
				AD453ECC2E1654DD00FE2ABC /* LogYourBodyUITests.xctest */,
			);
			sourceTree = "<group>";
		};
		AD7F39E12E160A03004AEC61 /* Products */ = {
			isa = PBXGroup;
			name = Products;
			sourceTree = "<group>";
		};
		AD7F39F02E160A03004AEC61 /* Extensions */ = {
			isa = PBXGroup;
			children = (
				AD7F39ED2E160A03004AEC61 /* Color+Theme.swift */,
				AD7F39EE2E160A03004AEC61 /* Font+Custom.swift */,
				AD7F39EF2E160A03004AEC61 /* View+Styles.swift */,
			);
			name = Extensions;
			path = LogYourBody/Extensions;
			sourceTree = "<group>";
		};
		AD7F39F92E160A03004AEC61 /* Services */ = {
			isa = PBXGroup;
			children = (
				AD7F39F22E160A03004AEC61 /* AuthManager.swift */,
				AD7F39F32E160A03004AEC61 /* ClerkClient.swift */,
				AD7F39F42E160A03004AEC61 /* CoreDataManager.swift */,
				AD7F39F52E160A03004AEC61 /* HealthKitManager.swift */,
				AD7F39F62E160A03004AEC61 /* LoadingManager.swift */,
				AD7F39F72E160A03004AEC61 /* SupabaseDataClient.swift */,
				AD7F39F82E160A03004AEC61 /* SyncManager.swift */,
			);
			name = Services;
			path = LogYourBody/Services;
			sourceTree = "<group>";
		};
		AD7F39FD2E160A03004AEC61 /* Resources */ = {
			isa = PBXGroup;
			children = (
				AD7F39FB2E160A03004AEC61 /* app-icon-180.png */,
				AD7F39FC2E160A03004AEC61 /* AppIconGuide.md */,
			);
			name = Resources;
			path = LogYourBody/Resources;
			sourceTree = "<group>";
		};
		AD7F3A082E160A03004AEC61 /* Models */ = {
			isa = PBXGroup;
			children = (
				AD7F3A012E160A03004AEC61 /* BodyMetrics.swift */,
				AD7F3A022E160A03004AEC61 /* DailyLog.swift */,
				AD7F3A032E160A03004AEC61 /* DailyMetrics.swift */,
				AD7F3A042E160A03004AEC61 /* LogYourBody.xcdatamodeld */,
				AD7F3A052E160A03004AEC61 /* OnboardingData.swift */,
				AD7F3A062E160A03004AEC61 /* User.swift */,
				AD7F3A072E160A03004AEC61 /* WeightEntry.swift */,
			);
			name = Models;
			path = LogYourBody/Models;
			sourceTree = "<group>";
		};
		AD7F3A0B2E160A03004AEC61 /* Preview Content */ = {
			isa = PBXGroup;
			children = (
				AD7F3A0A2E160A03004AEC61 /* Preview Assets.xcassets */,
			);
			name = "Preview Content";
			path = "LogYourBody/Preview Content";
			sourceTree = "<group>";
		};
		AD7F3A152E160A03004AEC61 /* ViewModels */ = {
			isa = PBXGroup;
			children = (
				AD7F3A142E160A03004AEC61 /* OnboardingViewModel.swift */,
			);
			name = ViewModels;
			path = LogYourBody/ViewModels;
			sourceTree = "<group>";
		};
		AD7F3A1A2E160A03004AEC61 /* Utils */ = {
			isa = PBXGroup;
			children = (
				AD7F3A182E160A03004AEC61 /* Configuration.swift */,
				AD7F3A192E160A03004AEC61 /* Constants.swift */,
			);
			name = Utils;
			path = LogYourBody/Utils;
			sourceTree = "<group>";
		};
		AD7F3A272E160A03004AEC61 /* Onboarding */ = {
			isa = PBXGroup;
			children = (
				AD7F3A1F2E160A03004AEC61 /* CompletionStepView.swift */,
				AD7F3A202E160A03004AEC61 /* DataConfirmationStepView.swift */,
				AD7F3A212E160A03004AEC61 /* DexaUploadStepView.swift */,
				AD7F3A222E160A03004AEC61 /* HealthKitStepView.swift */,
				AD7F3A232E160A03004AEC61 /* NotificationsStepView.swift */,
				AD7F3A242E160A03004AEC61 /* OnboardingContainerView.swift */,
				AD7F3A252E160A03004AEC61 /* ProfileSetupStepView.swift */,
				AD7F3A262E160A03004AEC61 /* WelcomeStepView.swift */,
			);
			path = Onboarding;
			sourceTree = "<group>";
		};
		AD7F3A362E160A03004AEC61 /* Views */ = {
			isa = PBXGroup;
			children = (
				AD7F3A272E160A03004AEC61 /* Onboarding */,
				AD7F3A282E160A03004AEC61 /* AppleSignInButton.swift */,
				AD7F3A292E160A03004AEC61 /* DashboardView.swift */,
				AD7F3A2A2E160A03004AEC61 /* DeleteAccountView.swift */,
				AD7F3A2B2E160A03004AEC61 /* EmailVerificationView.swift */,
				AD7F3A2C2E160A03004AEC61 /* ExportDataView.swift */,
				AD7F3A2D2E160A03004AEC61 /* HealthKitPromptView.swift */,
				AD7F3A2E2E160A03004AEC61 /* LoadingView.swift */,
				AD7F3A2F2E160A03004AEC61 /* LoginView.swift */,
				AD7F3A302E160A03004AEC61 /* LogWeightView.swift */,
				AD7F3A312E160A03004AEC61 /* MainTabView.swift */,
				AD7F3A322E160A03004AEC61 /* PreferencesView.swift */,
				AD7F3A332E160A03004AEC61 /* ProfileSettingsView.swift */,
				AD7F3A342E160A03004AEC61 /* SettingsView.swift */,
				AD7F3A352E160A03004AEC61 /* SignUpView.swift */,
			);
			name = Views;
			path = LogYourBody/Views;
			sourceTree = "<group>";
		};
		AD7F3A3A2E160A03004AEC61 /* project_backup_20250702_171146 */ = {
			isa = PBXGroup;
			children = (
				AD7F3A392E160A03004AEC61 /* LogYourBody.xcodeproj */,
			);
			path = project_backup_20250702_171146;
			sourceTree = "<group>";
		};
		AD7F3A3B2E160A03004AEC61 /* Products */ = {
			isa = PBXGroup;
			children = (
				AD7F3A412E160A04004AEC61 /* LogYourBody.app */,
				AD7F3A432E160A04004AEC61 /* LogYourBodyTests.xctest */,
				AD7F3A452E160A04004AEC61 /* LogYourBodyUITests.xctest */,
			);
			name = Products;
			sourceTree = "<group>";
		};
		AD7F3A4A2E160A04004AEC61 /* Extensions */ = {
			isa = PBXGroup;
			children = (
				AD7F3A472E160A04004AEC61 /* Color+Theme.swift */,
				AD7F3A482E160A04004AEC61 /* Font+Custom.swift */,
				AD7F3A492E160A04004AEC61 /* View+Styles.swift */,
			);
			path = Extensions;
			sourceTree = "<group>";
		};
		AD7F3A522E160A04004AEC61 /* Models */ = {
			isa = PBXGroup;
			children = (
				AD7F3A4B2E160A04004AEC61 /* BodyMetrics.swift */,
				AD7F3A4C2E160A04004AEC61 /* DailyLog.swift */,
				AD7F3A4D2E160A04004AEC61 /* DailyMetrics.swift */,
				AD7F3A4E2E160A04004AEC61 /* LogYourBody.xcdatamodeld */,
				AD7F3A4F2E160A04004AEC61 /* OnboardingData.swift */,
				AD7F3A502E160A04004AEC61 /* User.swift */,
				AD7F3A512E160A04004AEC61 /* WeightEntry.swift */,
			);
			path = Models;
			sourceTree = "<group>";
		};
		AD7F3A542E160A04004AEC61 /* Preview Content */ = {
			isa = PBXGroup;
			children = (
				AD7F3A532E160A04004AEC61 /* Preview Assets.xcassets */,
			);
			path = "Preview Content";
			sourceTree = "<group>";
		};
		AD7F3A572E160A04004AEC61 /* Resources */ = {
			isa = PBXGroup;
			children = (
				AD7F3A552E160A04004AEC61 /* app-icon-180.png */,
				AD7F3A562E160A04004AEC61 /* AppIconGuide.md */,
			);
			path = Resources;
			sourceTree = "<group>";
		};
		AD7F3A5F2E160A04004AEC61 /* Services */ = {
			isa = PBXGroup;
			children = (
				AD7F3A582E160A04004AEC61 /* AuthManager.swift */,
				AD7F3A592E160A04004AEC61 /* ClerkClient.swift */,
				AD7F3A5A2E160A04004AEC61 /* CoreDataManager.swift */,
				AD7F3A5B2E160A04004AEC61 /* HealthKitManager.swift */,
				AD7F3A5C2E160A04004AEC61 /* LoadingManager.swift */,
				AD7F3A5D2E160A04004AEC61 /* SupabaseDataClient.swift */,
				AD7F3A5E2E160A04004AEC61 /* SyncManager.swift */,
			);
			path = Services;
			sourceTree = "<group>";
		};
		AD7F3A622E160A04004AEC61 /* Utils */ = {
			isa = PBXGroup;
			children = (
				AD7F3A602E160A04004AEC61 /* Configuration.swift */,
				AD7F3A612E160A04004AEC61 /* Constants.swift */,
			);
			path = Utils;
			sourceTree = "<group>";
		};
		AD7F3A642E160A04004AEC61 /* ViewModels */ = {
			isa = PBXGroup;
			children = (
				AD7F3A632E160A04004AEC61 /* OnboardingViewModel.swift */,
			);
			path = ViewModels;
			sourceTree = "<group>";
		};
		AD7F3A6D2E160A04004AEC61 /* Onboarding */ = {
			isa = PBXGroup;
			children = (
				AD7F3A652E160A04004AEC61 /* CompletionStepView.swift */,
				AD7F3A662E160A04004AEC61 /* DataConfirmationStepView.swift */,
				AD7F3A672E160A04004AEC61 /* DexaUploadStepView.swift */,
				AD7F3A682E160A04004AEC61 /* HealthKitStepView.swift */,
				AD7F3A692E160A04004AEC61 /* NotificationsStepView.swift */,
				AD7F3A6A2E160A04004AEC61 /* OnboardingContainerView.swift */,
				AD7F3A6B2E160A04004AEC61 /* ProfileSetupStepView.swift */,
				AD7F3A6C2E160A04004AEC61 /* WelcomeStepView.swift */,
			);
			path = Onboarding;
			sourceTree = "<group>";
		};
		AD7F3A7C2E160A04004AEC61 /* Views */ = {
			isa = PBXGroup;
			children = (
				AD7F3A6D2E160A04004AEC61 /* Onboarding */,
				AD7F3A6E2E160A04004AEC61 /* AppleSignInButton.swift */,
				AD7F3A6F2E160A04004AEC61 /* DashboardView.swift */,
				AD7F3A702E160A04004AEC61 /* DeleteAccountView.swift */,
				AD7F3A712E160A04004AEC61 /* EmailVerificationView.swift */,
				AD7F3A722E160A04004AEC61 /* ExportDataView.swift */,
				AD7F3A732E160A04004AEC61 /* HealthKitPromptView.swift */,
				AD7F3A742E160A04004AEC61 /* LoadingView.swift */,
				AD7F3A752E160A04004AEC61 /* LoginView.swift */,
				AD7F3A762E160A04004AEC61 /* LogWeightView.swift */,
				AD7F3A772E160A04004AEC61 /* MainTabView.swift */,
				AD7F3A782E160A04004AEC61 /* PreferencesView.swift */,
				AD7F3A792E160A04004AEC61 /* ProfileSettingsView.swift */,
				AD7F3A7A2E160A04004AEC61 /* SettingsView.swift */,
				AD7F3A7B2E160A04004AEC61 /* SignUpView.swift */,
			);
			path = Views;
			sourceTree = "<group>";
		};
		AD7F3A852E160A04004AEC61 /* LogYourBody */ = {
			isa = PBXGroup;
			children = (
				AD7F3BF62E161768004AEC61 /* Info.plist */,
				AD7F3A4A2E160A04004AEC61 /* Extensions */,
				AD7F3A522E160A04004AEC61 /* Models */,
				AD7F3A542E160A04004AEC61 /* Preview Content */,
				AD7F3A572E160A04004AEC61 /* Resources */,
				AD7F3A5F2E160A04004AEC61 /* Services */,
				AD7F3A622E160A04004AEC61 /* Utils */,
				AD7F3A642E160A04004AEC61 /* ViewModels */,
				AD7F3A7C2E160A04004AEC61 /* Views */,
				AD7F3A7D2E160A04004AEC61 /* Assets.xcassets */,
				AD7F3A7E2E160A04004AEC61 /* Config.xcconfig */,
				AD7F3A7F2E160A04004AEC61 /* Config.xcconfig.example */,
				AD7F3A802E160A04004AEC61 /* ContentView.swift */,
				AD7F3A822E160A04004AEC61 /* LaunchScreen.storyboard */,
				AD7F3A832E160A04004AEC61 /* LogYourBody.entitlements */,
				AD7F3A842E160A04004AEC61 /* LogYourBodyApp.swift */,
			);
			path = LogYourBody;
			sourceTree = "<group>";
		};
		AD7F3BFC2E164D51004AEC61 /* Frameworks */ = {
			isa = PBXGroup;
			children = (
				AD7F3BFD2E164D51004AEC61 /* XCTest.framework */,
			);
			name = Frameworks;
			sourceTree = "<group>";
		};
/* End PBXGroup section */

/* Begin PBXNativeTarget section */
		AD7D30912E14907F0072AA5B /* LogYourBody */ = {
			isa = PBXNativeTarget;
			buildConfigurationList = AD7D30B62E1490810072AA5B /* Build configuration list for PBXNativeTarget "LogYourBody" */;
			buildPhases = (
				AD7D308E2E14907F0072AA5B /* Sources */,
				AD7D308F2E14907F0072AA5B /* Frameworks */,
				AD7D30902E14907F0072AA5B /* Resources */,
			);
			buildRules = (
			);
			dependencies = (
			);
			name = LogYourBody;
			productName = LogYourBody;
			productReference = AD7F38752E160A02004AEC61 /* LogYourBody.app */;
			productType = "com.apple.product-type.application";
		};
		AD7D30A12E1490810072AA5B /* LogYourBodyTests */ = {
			isa = PBXNativeTarget;
			buildConfigurationList = AD7D30B92E1490810072AA5B /* Build configuration list for PBXNativeTarget "LogYourBodyTests" */;
			buildPhases = (
				AD7D309E2E1490810072AA5B /* Sources */,
				AD7D309F2E1490810072AA5B /* Frameworks */,
				AD7D30A02E1490810072AA5B /* Resources */,
			);
			buildRules = (
			);
			dependencies = (
				AD7D30A42E1490810072AA5B /* PBXTargetDependency */,
			);
			name = LogYourBodyTests;
			productName = LogYourBodyTests;
			productReference = AD453ECB2E1654DD00FE2ABC /* LogYourBodyTests.xctest */;
			productType = "com.apple.product-type.bundle.unit-test";
		};
		AD7D30AB2E1490810072AA5B /* LogYourBodyUITests */ = {
			isa = PBXNativeTarget;
			buildConfigurationList = AD7D30BC2E1490810072AA5B /* Build configuration list for PBXNativeTarget "LogYourBodyUITests" */;
			buildPhases = (
				AD7D30A82E1490810072AA5B /* Sources */,
				AD7D30A92E1490810072AA5B /* Frameworks */,
				AD7D30AA2E1490810072AA5B /* Resources */,
			);
			buildRules = (
			);
			dependencies = (
				AD7D30AE2E1490810072AA5B /* PBXTargetDependency */,
			);
			name = LogYourBodyUITests;
			productName = LogYourBodyUITests;
			productReference = AD453ECC2E1654DD00FE2ABC /* LogYourBodyUITests.xctest */;
			productType = "com.apple.product-type.bundle.ui-testing";
		};
/* End PBXNativeTarget section */

/* Begin PBXProject section */
		AD7D308A2E14907F0072AA5B /* Project object */ = {
			isa = PBXProject;
			attributes = {
				BuildIndependentTargetsInParallel = 1;
				LastSwiftUpdateCheck = 1540;
				LastUpgradeCheck = 1540;
				TargetAttributes = {
					AD7D30912E14907F0072AA5B = {
						CreatedOnToolsVersion = 15.4;
						LastSwiftMigration = 1540;
					};
					AD7D30A12E1490810072AA5B = {
						CreatedOnToolsVersion = 15.4;
						TestTargetID = AD7D30912E14907F0072AA5B;
					};
					AD7D30AB2E1490810072AA5B = {
						CreatedOnToolsVersion = 15.4;
						TestTargetID = AD7D30912E14907F0072AA5B;
					};
				};
			};
			buildConfigurationList = AD7D308D2E14907F0072AA5B /* Build configuration list for PBXProject "LogYourBody" */;
			compatibilityVersion = "Xcode 14.0";
			developmentRegion = en;
			hasScannedForEncodings = 0;
			knownRegions = (
				en,
				Base,
			);
			mainGroup = AD7D30892E14907F0072AA5B;
			productRefGroup = AD7D30892E14907F0072AA5B;
			projectDirPath = "";
			projectReferences = (
				{
					ProductGroup = AD7F3A3B2E160A03004AEC61 /* Products */;
					ProjectRef = AD7F3A392E160A03004AEC61 /* LogYourBody.xcodeproj */;
				},
				{
					ProductGroup = AD7F39E12E160A03004AEC61 /* Products */;
					ProjectRef = AD7F39E02E160A03004AEC61 /* LogYourBody.xcodeproj */;
				},
			);
			projectRoot = "";
			targets = (
				AD7D30912E14907F0072AA5B /* LogYourBody */,
				AD7D30A12E1490810072AA5B /* LogYourBodyTests */,
				AD7D30AB2E1490810072AA5B /* LogYourBodyUITests */,
			);
		};
/* End PBXProject section */

/* Begin PBXReferenceProxy section */
		AD7F3A412E160A04004AEC61 /* LogYourBody.app */ = {
			isa = PBXReferenceProxy;
			fileType = wrapper.application;
			path = LogYourBody.app;
			remoteRef = AD7F3A402E160A04004AEC61 /* PBXContainerItemProxy */;
			sourceTree = BUILT_PRODUCTS_DIR;
		};
		AD7F3A432E160A04004AEC61 /* LogYourBodyTests.xctest */ = {
			isa = PBXReferenceProxy;
			fileType = wrapper.cfbundle;
			path = LogYourBodyTests.xctest;
			remoteRef = AD7F3A422E160A04004AEC61 /* PBXContainerItemProxy */;
			sourceTree = BUILT_PRODUCTS_DIR;
		};
		AD7F3A452E160A04004AEC61 /* LogYourBodyUITests.xctest */ = {
			isa = PBXReferenceProxy;
			fileType = wrapper.cfbundle;
			path = LogYourBodyUITests.xctest;
			remoteRef = AD7F3A442E160A04004AEC61 /* PBXContainerItemProxy */;
			sourceTree = BUILT_PRODUCTS_DIR;
		};
/* End PBXReferenceProxy section */

/* Begin PBXResourcesBuildPhase section */
		AD7D30902E14907F0072AA5B /* Resources */ = {
			isa = PBXResourcesBuildPhase;
			buildActionMask = 2147483647;
			files = (
				AD7F3BB92E160A04004AEC61 /* Preview Assets.xcassets in Resources */,
				AD7F3B702E160A04004AEC61 /* CLERK_SETUP.md in Resources */,
				AD7F3B7A2E160A04004AEC61 /* AppIconGuide.md in Resources */,
				AD7F3B602E160A04004AEC61 /* auto_fix_xcode.py in Resources */,
				AD7F3BAE2E160A04004AEC61 /* Assets.xcassets in Resources */,
				AD7F3B612E160A04004AEC61 /* setup-xcode-config.sh in Resources */,
				AD7F3BAC2E160A04004AEC61 /* PROJECT_STRUCTURE.md in Resources */,
				AD7F3B7C2E160A04004AEC61 /* Config.xcconfig in Resources */,
				AD7F3B5F2E160A04004AEC61 /* setup-local-testing.sh in Resources */,
				AD7F3B662E160A04004AEC61 /* restore_project.sh in Resources */,
				AD7F3B8F2E160A04004AEC61 /* move_files_for_deletion.sh in Resources */,
				AD7F3BE12E160A04004AEC61 /* LaunchScreen.storyboard in Resources */,
				AD7F3B862E160A04004AEC61 /* fix_duplicate_files.sh in Resources */,
				AD7F3BDC2E160A04004AEC61 /* Assets.xcassets in Resources */,
				AD7F3B632E160A04004AEC61 /* safe_cleanup.sh in Resources */,
				AD7F3B8E2E160A04004AEC61 /* cleanup_xcode.sh in Resources */,
				AD7F3B932E160A04004AEC61 /* XCODE_CLEANUP_GUIDE.md in Resources */,
				AD7F3B892E160A04004AEC61 /* generate_app_icons.sh in Resources */,
				AD7F3B5B2E160A04004AEC61 /* Supabase.xcconfig in Resources */,
				AD7F3BAD2E160A04004AEC61 /* reorganize_project.sh in Resources */,
				AD7F3B792E160A04004AEC61 /* app-icon-180.png in Resources */,
				AD7F3B872E160A04004AEC61 /* FINAL_STEPS.md in Resources */,
				AD7F3BDD2E160A04004AEC61 /* Config.xcconfig in Resources */,
				AD7F3B952E160A04004AEC61 /* README.md in Resources */,
				AD7F3B682E160A04004AEC61 /* CONFIGURATION.md in Resources */,
				AD7F3B672E160A04004AEC61 /* CLEANUP_REPORT.md in Resources */,
				AD7F3B8B2E160A04004AEC61 /* verify_fix.sh in Resources */,
				AD7F3B8C2E160A04004AEC61 /* delete_files.sh in Resources */,
				AD7F3B6A2E160A04004AEC61 /* auto_fix_project.sh in Resources */,
				AD7F3B922E160A04004AEC61 /* LaunchScreen.storyboard in Resources */,
				AD7F3BDE2E160A04004AEC61 /* Config.xcconfig.example in Resources */,
				AD7F3B852E160A04004AEC61 /* Preview Assets.xcassets in Resources */,
				AD7F3B6B2E160A04004AEC61 /* icon-1024.png in Resources */,
				AD7F3BBB2E160A04004AEC61 /* AppIconGuide.md in Resources */,
				AD7F3BBA2E160A04004AEC61 /* app-icon-180.png in Resources */,
				AD7F3B622E160A04004AEC61 /* CLEANUP_INSTRUCTIONS.md in Resources */,
				AD7F3B882E160A04004AEC61 /* Config.xcconfig.example in Resources */,
			);
			runOnlyForDeploymentPostprocessing = 0;
		};
		AD7D30A02E1490810072AA5B /* Resources */ = {
			isa = PBXResourcesBuildPhase;
			buildActionMask = 2147483647;
			files = (
			);
			runOnlyForDeploymentPostprocessing = 0;
		};
		AD7D30AA2E1490810072AA5B /* Resources */ = {
			isa = PBXResourcesBuildPhase;
			buildActionMask = 2147483647;
			files = (
			);
			runOnlyForDeploymentPostprocessing = 0;
		};
/* End PBXResourcesBuildPhase section */

/* Begin PBXSourcesBuildPhase section */
		AD7D308E2E14907F0072AA5B /* Sources */ = {
			isa = PBXSourcesBuildPhase;
			buildActionMask = 2147483647;
			files = (
				AD7F3B962E160A04004AEC61 /* CompletionStepView.swift in Sources */,
				AD7F3BCC2E160A04004AEC61 /* ProfileSetupStepView.swift in Sources */,
				AD7F3BBC2E160A04004AEC61 /* AuthManager.swift in Sources */,
				AD7F3B9C2E160A04004AEC61 /* ProfileSetupStepView.swift in Sources */,
				AD7F3B8D2E160A04004AEC61 /* OnboardingViewModel.swift in Sources */,
				AD7F3B9D2E160A04004AEC61 /* WelcomeStepView.swift in Sources */,
				AD7F3BC52E160A04004AEC61 /* OnboardingViewModel.swift in Sources */,
				AD7F3BC02E160A04004AEC61 /* LoadingManager.swift in Sources */,
				AD7F3BD52E160A04004AEC61 /* LoginView.swift in Sources */,
				AD7F3B6D2E160A04004AEC61 /* Color+Theme.swift in Sources */,
				AD7F3BA32E160A04004AEC61 /* HealthKitPromptView.swift in Sources */,
				AD7F3BDF2E160A04004AEC61 /* ContentView.swift in Sources */,
				AD7F3BD82E160A04004AEC61 /* PreferencesView.swift in Sources */,
				AD7F3B942E160A04004AEC61 /* ContentView.swift in Sources */,
				AD7F3B722E160A04004AEC61 /* ClerkClient.swift in Sources */,
				AD7F3BC32E160A04004AEC61 /* Configuration.swift in Sources */,
				AD7F3BCE2E160A04004AEC61 /* AppleSignInButton.swift in Sources */,
				AD7F3B772E160A04004AEC61 /* SyncManager.swift in Sources */,
				AD7F3BA72E160A04004AEC61 /* MainTabView.swift in Sources */,
				AD7F3BC12E160A04004AEC61 /* SupabaseDataClient.swift in Sources */,
				AD7F3BCF2E160A04004AEC61 /* DashboardView.swift in Sources */,
				AD7F3BB62E160A04004AEC61 /* OnboardingData.swift in Sources */,
				AD7F3B992E160A04004AEC61 /* HealthKitStepView.swift in Sources */,
				AD7F3BB32E160A04004AEC61 /* DailyLog.swift in Sources */,
				AD7F3B812E160A04004AEC61 /* LogYourBody.xcdatamodeld in Sources */,
				AD7F3BCB2E160A04004AEC61 /* OnboardingContainerView.swift in Sources */,
				AD7F3BAA2E160A04004AEC61 /* SettingsView.swift in Sources */,
				AD7F3BDB2E160A04004AEC61 /* SignUpView.swift in Sources */,
				AD7F3BD72E160A04004AEC61 /* MainTabView.swift in Sources */,
				AD7F3BC82E160A04004AEC61 /* DexaUploadStepView.swift in Sources */,
				AD7F3BA12E160A04004AEC61 /* EmailVerificationView.swift in Sources */,
				AD7F3BAB2E160A04004AEC61 /* SignUpView.swift in Sources */,
				AD7F3BD02E160A04004AEC61 /* DeleteAccountView.swift in Sources */,
				AD7F3BD92E160A04004AEC61 /* ProfileSettingsView.swift in Sources */,
				AD7F3BBD2E160A04004AEC61 /* ClerkClient.swift in Sources */,
				AD7F3B7E2E160A04004AEC61 /* BodyMetrics.swift in Sources */,
				AD7F3BAF2E160A04004AEC61 /* Color+Theme.swift in Sources */,
				AD7F3BD22E160A04004AEC61 /* ExportDataView.swift in Sources */,
				AD7F3B9E2E160A04004AEC61 /* AppleSignInButton.swift in Sources */,
				AD7F3BB82E160A04004AEC61 /* WeightEntry.swift in Sources */,
				AD7F3B822E160A04004AEC61 /* OnboardingData.swift in Sources */,
				AD7F3BC42E160A04004AEC61 /* Constants.swift in Sources */,
				AD7F3BD42E160A04004AEC61 /* LoadingView.swift in Sources */,
				AD7F3B712E160A04004AEC61 /* AuthManager.swift in Sources */,
				AD7F3BB42E160A04004AEC61 /* DailyMetrics.swift in Sources */,
				AD7F3BB72E160A04004AEC61 /* User.swift in Sources */,
				AD7F3B6E2E160A04004AEC61 /* Font+Custom.swift in Sources */,
				AD7F3BA82E160A04004AEC61 /* PreferencesView.swift in Sources */,
				AD7F3BA42E160A04004AEC61 /* LoadingView.swift in Sources */,
				AD7F3B802E160A04004AEC61 /* DailyMetrics.swift in Sources */,
				AD7F3BD12E160A04004AEC61 /* EmailVerificationView.swift in Sources */,
				AD7F3BBE2E160A04004AEC61 /* CoreDataManager.swift in Sources */,
				AD7F3BD32E160A04004AEC61 /* HealthKitPromptView.swift in Sources */,
				AD7F3BB52E160A04004AEC61 /* LogYourBody.xcdatamodeld in Sources */,
				AD7F3B9A2E160A04004AEC61 /* NotificationsStepView.swift in Sources */,
				AD7F3B832E160A04004AEC61 /* User.swift in Sources */,
				AD7F3BC62E160A04004AEC61 /* CompletionStepView.swift in Sources */,
				AD7F3BC72E160A04004AEC61 /* DataConfirmationStepView.swift in Sources */,
				AD7F3B762E160A04004AEC61 /* SupabaseDataClient.swift in Sources */,
				AD7F3BA02E160A04004AEC61 /* DeleteAccountView.swift in Sources */,
				AD7F3BCD2E160A04004AEC61 /* WelcomeStepView.swift in Sources */,
				AD7F3BC92E160A04004AEC61 /* HealthKitStepView.swift in Sources */,
				AD7F3B7F2E160A04004AEC61 /* DailyLog.swift in Sources */,
				AD7F3BBF2E160A04004AEC61 /* HealthKitManager.swift in Sources */,
				AD7F3BD62E160A04004AEC61 /* LogWeightView.swift in Sources */,
				AD7F3B6C2E160A04004AEC61 /* LogYourBodyApp.swift in Sources */,
				AD7F3BA52E160A04004AEC61 /* LoginView.swift in Sources */,
				AD7F3BA92E160A04004AEC61 /* ProfileSettingsView.swift in Sources */,
				AD7F3B752E160A04004AEC61 /* LoadingManager.swift in Sources */,
				AD7F3B9F2E160A04004AEC61 /* DashboardView.swift in Sources */,
				AD7F3B902E160A04004AEC61 /* Configuration.swift in Sources */,
				AD7F3B9B2E160A04004AEC61 /* OnboardingContainerView.swift in Sources */,
				AD7F3B742E160A04004AEC61 /* HealthKitManager.swift in Sources */,
				AD7F3BB12E160A04004AEC61 /* View+Styles.swift in Sources */,
				AD7F3BDA2E160A04004AEC61 /* SettingsView.swift in Sources */,
				AD7F3B732E160A04004AEC61 /* CoreDataManager.swift in Sources */,
				AD7F3BC22E160A04004AEC61 /* SyncManager.swift in Sources */,
				AD7F3B982E160A04004AEC61 /* DexaUploadStepView.swift in Sources */,
				AD7F3B972E160A04004AEC61 /* DataConfirmationStepView.swift in Sources */,
				AD7F3BB02E160A04004AEC61 /* Font+Custom.swift in Sources */,
				AD7F3B6F2E160A04004AEC61 /* View+Styles.swift in Sources */,
				AD7F3BB22E160A04004AEC61 /* BodyMetrics.swift in Sources */,
				AD7F3BA22E160A04004AEC61 /* ExportDataView.swift in Sources */,
				AD7F3B842E160A04004AEC61 /* WeightEntry.swift in Sources */,
				AD7F3BCA2E160A04004AEC61 /* NotificationsStepView.swift in Sources */,
				AD7F3BE22E160A04004AEC61 /* LogYourBodyApp.swift in Sources */,
				AD7F3BA62E160A04004AEC61 /* LogWeightView.swift in Sources */,
				AD7F3B912E160A04004AEC61 /* Constants.swift in Sources */,
			);
			runOnlyForDeploymentPostprocessing = 0;
		};
		AD7D309E2E1490810072AA5B /* Sources */ = {
			isa = PBXSourcesBuildPhase;
			buildActionMask = 2147483647;
			files = (
			);
			runOnlyForDeploymentPostprocessing = 0;
		};
		AD7D30A82E1490810072AA5B /* Sources */ = {
			isa = PBXSourcesBuildPhase;
			buildActionMask = 2147483647;
			files = (
			);
			runOnlyForDeploymentPostprocessing = 0;
		};
/* End PBXSourcesBuildPhase section */

/* Begin PBXTargetDependency section */
		AD7D30A42E1490810072AA5B /* PBXTargetDependency */ = {
			isa = PBXTargetDependency;
			target = AD7D30912E14907F0072AA5B /* LogYourBody */;
			targetProxy = AD7D30A32E1490810072AA5B /* PBXContainerItemProxy */;
		};
		AD7D30AE2E1490810072AA5B /* PBXTargetDependency */ = {
			isa = PBXTargetDependency;
			target = AD7D30912E14907F0072AA5B /* LogYourBody */;
			targetProxy = AD7D30AD2E1490810072AA5B /* PBXContainerItemProxy */;
		};
/* End PBXTargetDependency section */

/* Begin XCBuildConfiguration section */
		AD7D30B42E1490810072AA5B /* Debug */ = {
			isa = XCBuildConfiguration;
			buildSettings = {
				ALWAYS_SEARCH_USER_PATHS = NO;
				ASSETCATALOG_COMPILER_GENERATE_SWIFT_ASSET_SYMBOL_EXTENSIONS = YES;
				CLANG_ANALYZER_NONNULL = YES;
				CLANG_ANALYZER_NUMBER_OBJECT_CONVERSION = YES_AGGRESSIVE;
				CLANG_CXX_LANGUAGE_STANDARD = "gnu++20";
				CLANG_ENABLE_MODULES = YES;
				CLANG_ENABLE_OBJC_ARC = YES;
				CLANG_ENABLE_OBJC_WEAK = YES;
				CLANG_WARN_BLOCK_CAPTURE_AUTORELEASING = YES;
				CLANG_WARN_BOOL_CONVERSION = YES;
				CLANG_WARN_COMMA = YES;
				CLANG_WARN_CONSTANT_CONVERSION = YES;
				CLANG_WARN_DEPRECATED_OBJC_IMPLEMENTATIONS = YES;
				CLANG_WARN_DIRECT_OBJC_ISA_USAGE = YES_ERROR;
				CLANG_WARN_DOCUMENTATION_COMMENTS = YES;
				CLANG_WARN_EMPTY_BODY = YES;
				CLANG_WARN_ENUM_CONVERSION = YES;
				CLANG_WARN_INFINITE_RECURSION = YES;
				CLANG_WARN_INT_CONVERSION = YES;
				CLANG_WARN_NON_LITERAL_NULL_CONVERSION = YES;
				CLANG_WARN_OBJC_IMPLICIT_RETAIN_SELF = YES;
				CLANG_WARN_OBJC_LITERAL_CONVERSION = YES;
				CLANG_WARN_OBJC_ROOT_CLASS = YES_ERROR;
				CLANG_WARN_QUOTED_INCLUDE_IN_FRAMEWORK_HEADER = YES;
				CLANG_WARN_RANGE_LOOP_ANALYSIS = YES;
				CLANG_WARN_STRICT_PROTOTYPES = YES;
				CLANG_WARN_SUSPICIOUS_MOVE = YES;
				CLANG_WARN_UNGUARDED_AVAILABILITY = YES_AGGRESSIVE;
				CLANG_WARN_UNREACHABLE_CODE = YES;
				CLANG_WARN__DUPLICATE_METHOD_MATCH = YES;
				COPY_PHASE_STRIP = NO;
				DEBUG_INFORMATION_FORMAT = dwarf;
				ENABLE_STRICT_OBJC_MSGSEND = YES;
				ENABLE_TESTABILITY = YES;
				ENABLE_USER_SCRIPT_SANDBOXING = YES;
				GCC_C_LANGUAGE_STANDARD = gnu17;
				GCC_DYNAMIC_NO_PIC = NO;
				GCC_NO_COMMON_BLOCKS = YES;
				GCC_OPTIMIZATION_LEVEL = 0;
				GCC_PREPROCESSOR_DEFINITIONS = (
					"DEBUG=1",
					"$(inherited)",
				);
				GCC_WARN_64_TO_32_BIT_CONVERSION = YES;
				GCC_WARN_ABOUT_RETURN_TYPE = YES_ERROR;
				GCC_WARN_UNDECLARED_SELECTOR = YES;
				GCC_WARN_UNINITIALIZED_AUTOS = YES_AGGRESSIVE;
				GCC_WARN_UNUSED_FUNCTION = YES;
				GCC_WARN_UNUSED_VARIABLE = YES;
				IPHONEOS_DEPLOYMENT_TARGET = 17.5;
				LOCALIZATION_PREFERS_STRING_CATALOGS = YES;
				MTL_ENABLE_DEBUG_INFO = INCLUDE_SOURCE;
				MTL_FAST_MATH = YES;
				ONLY_ACTIVE_ARCH = YES;
				SDKROOT = iphoneos;
				SWIFT_ACTIVE_COMPILATION_CONDITIONS = "DEBUG $(inherited)";
				SWIFT_OPTIMIZATION_LEVEL = "-Onone";
			};
			name = Debug;
		};
		AD7D30B52E1490810072AA5B /* Release */ = {
			isa = XCBuildConfiguration;
			buildSettings = {
				ALWAYS_SEARCH_USER_PATHS = NO;
				ASSETCATALOG_COMPILER_GENERATE_SWIFT_ASSET_SYMBOL_EXTENSIONS = YES;
				CLANG_ANALYZER_NONNULL = YES;
				CLANG_ANALYZER_NUMBER_OBJECT_CONVERSION = YES_AGGRESSIVE;
				CLANG_CXX_LANGUAGE_STANDARD = "gnu++20";
				CLANG_ENABLE_MODULES = YES;
				CLANG_ENABLE_OBJC_ARC = YES;
				CLANG_ENABLE_OBJC_WEAK = YES;
				CLANG_WARN_BLOCK_CAPTURE_AUTORELEASING = YES;
				CLANG_WARN_BOOL_CONVERSION = YES;
				CLANG_WARN_COMMA = YES;
				CLANG_WARN_CONSTANT_CONVERSION = YES;
				CLANG_WARN_DEPRECATED_OBJC_IMPLEMENTATIONS = YES;
				CLANG_WARN_DIRECT_OBJC_ISA_USAGE = YES_ERROR;
				CLANG_WARN_DOCUMENTATION_COMMENTS = YES;
				CLANG_WARN_EMPTY_BODY = YES;
				CLANG_WARN_ENUM_CONVERSION = YES;
				CLANG_WARN_INFINITE_RECURSION = YES;
				CLANG_WARN_INT_CONVERSION = YES;
				CLANG_WARN_NON_LITERAL_NULL_CONVERSION = YES;
				CLANG_WARN_OBJC_IMPLICIT_RETAIN_SELF = YES;
				CLANG_WARN_OBJC_LITERAL_CONVERSION = YES;
				CLANG_WARN_OBJC_ROOT_CLASS = YES_ERROR;
				CLANG_WARN_QUOTED_INCLUDE_IN_FRAMEWORK_HEADER = YES;
				CLANG_WARN_RANGE_LOOP_ANALYSIS = YES;
				CLANG_WARN_STRICT_PROTOTYPES = YES;
				CLANG_WARN_SUSPICIOUS_MOVE = YES;
				CLANG_WARN_UNGUARDED_AVAILABILITY = YES_AGGRESSIVE;
				CLANG_WARN_UNREACHABLE_CODE = YES;
				CLANG_WARN__DUPLICATE_METHOD_MATCH = YES;
				COPY_PHASE_STRIP = NO;
				DEBUG_INFORMATION_FORMAT = "dwarf-with-dsym";
				ENABLE_NS_ASSERTIONS = NO;
				ENABLE_STRICT_OBJC_MSGSEND = YES;
				ENABLE_USER_SCRIPT_SANDBOXING = YES;
				GCC_C_LANGUAGE_STANDARD = gnu17;
				GCC_NO_COMMON_BLOCKS = YES;
				GCC_WARN_64_TO_32_BIT_CONVERSION = YES;
				GCC_WARN_ABOUT_RETURN_TYPE = YES_ERROR;
				GCC_WARN_UNDECLARED_SELECTOR = YES;
				GCC_WARN_UNINITIALIZED_AUTOS = YES_AGGRESSIVE;
				GCC_WARN_UNUSED_FUNCTION = YES;
				GCC_WARN_UNUSED_VARIABLE = YES;
				IPHONEOS_DEPLOYMENT_TARGET = 17.5;
				LOCALIZATION_PREFERS_STRING_CATALOGS = YES;
				MTL_ENABLE_DEBUG_INFO = NO;
				MTL_FAST_MATH = YES;
				SDKROOT = iphoneos;
				SWIFT_COMPILATION_MODE = wholemodule;
				VALIDATE_PRODUCT = YES;
			};
			name = Release;
		};
		AD7D30B72E1490810072AA5B /* Debug */ = {
			isa = XCBuildConfiguration;
			buildSettings = {
				ASSETCATALOG_COMPILER_APPICON_NAME = AppIcon;
				ASSETCATALOG_COMPILER_GLOBAL_ACCENT_COLOR_NAME = AccentColor;
				CLANG_ENABLE_MODULES = YES;
				CODE_SIGN_ENTITLEMENTS = LogYourBody/LogYourBody.entitlements;
				CODE_SIGN_STYLE = Automatic;
				CURRENT_PROJECT_VERSION = 1;
				DEVELOPMENT_ASSET_PATHS = "\"LogYourBody/Preview Content\"";
				DEVELOPMENT_TEAM = G24T327LXT;
				ENABLE_PREVIEWS = YES;
				GENERATE_INFOPLIST_FILE = YES;
				INFOPLIST_FILE = "$(SRCROOT)/Info.plist";
				INFOPLIST_KEY_CFBundleDisplayName = LogYourBody;
				INFOPLIST_KEY_LSApplicationCategoryType = "public.app-category.healthcare-fitness";
				INFOPLIST_KEY_UIApplicationSceneManifest_Generation = YES;
				INFOPLIST_KEY_UIApplicationSupportsIndirectInputEvents = YES;
				INFOPLIST_KEY_UILaunchStoryboardName = LaunchScreen;
				INFOPLIST_KEY_UISupportedInterfaceOrientations_iPad = "UIInterfaceOrientationPortrait UIInterfaceOrientationPortraitUpsideDown UIInterfaceOrientationLandscapeLeft UIInterfaceOrientationLandscapeRight";
				INFOPLIST_KEY_UISupportedInterfaceOrientations_iPhone = "UIInterfaceOrientationPortrait UIInterfaceOrientationLandscapeLeft UIInterfaceOrientationLandscapeRight";
				LD_RUNPATH_SEARCH_PATHS = (
					"$(inherited)",
					"@executable_path/Frameworks",
				);
				MARKETING_VERSION = 1.0;
				PRODUCT_BUNDLE_IDENTIFIER = LogYourBody.LogYourBody;
				PRODUCT_NAME = "$(TARGET_NAME)";
				SWIFT_EMIT_LOC_STRINGS = YES;
				SWIFT_OBJC_BRIDGING_HEADER = "LogYourBody-Bridging-Header.h";
				SWIFT_OPTIMIZATION_LEVEL = "-Onone";
				SWIFT_VERSION = 5.0;
				TARGETED_DEVICE_FAMILY = 1;
			};
			name = Debug;
		};
		AD7D30B82E1490810072AA5B /* Release */ = {
			isa = XCBuildConfiguration;
			buildSettings = {
				ASSETCATALOG_COMPILER_APPICON_NAME = AppIcon;
				ASSETCATALOG_COMPILER_GLOBAL_ACCENT_COLOR_NAME = AccentColor;
				CLANG_ENABLE_MODULES = YES;
				CODE_SIGN_ENTITLEMENTS = LogYourBody/LogYourBody.entitlements;
				CODE_SIGN_STYLE = Automatic;
				CURRENT_PROJECT_VERSION = 1;
				DEVELOPMENT_ASSET_PATHS = "\"LogYourBody/Preview Content\"";
				DEVELOPMENT_TEAM = G24T327LXT;
				ENABLE_PREVIEWS = YES;
				GENERATE_INFOPLIST_FILE = YES;
				INFOPLIST_FILE = "$(SRCROOT)/Info.plist";
				INFOPLIST_KEY_CFBundleDisplayName = LogYourBody;
				INFOPLIST_KEY_LSApplicationCategoryType = "public.app-category.healthcare-fitness";
				INFOPLIST_KEY_UIApplicationSceneManifest_Generation = YES;
				INFOPLIST_KEY_UIApplicationSupportsIndirectInputEvents = YES;
				INFOPLIST_KEY_UILaunchStoryboardName = LaunchScreen;
				INFOPLIST_KEY_UISupportedInterfaceOrientations_iPad = "UIInterfaceOrientationPortrait UIInterfaceOrientationPortraitUpsideDown UIInterfaceOrientationLandscapeLeft UIInterfaceOrientationLandscapeRight";
				INFOPLIST_KEY_UISupportedInterfaceOrientations_iPhone = "UIInterfaceOrientationPortrait UIInterfaceOrientationLandscapeLeft UIInterfaceOrientationLandscapeRight";
				LD_RUNPATH_SEARCH_PATHS = (
					"$(inherited)",
					"@executable_path/Frameworks",
				);
				MARKETING_VERSION = 1.0;
				PRODUCT_BUNDLE_IDENTIFIER = LogYourBody.LogYourBody;
				PRODUCT_NAME = "$(TARGET_NAME)";
				SWIFT_EMIT_LOC_STRINGS = YES;
				SWIFT_OBJC_BRIDGING_HEADER = "LogYourBody-Bridging-Header.h";
				SWIFT_VERSION = 5.0;
				TARGETED_DEVICE_FAMILY = 1;
			};
			name = Release;
		};
		AD7D30BA2E1490810072AA5B /* Debug */ = {
			isa = XCBuildConfiguration;
			buildSettings = {
				ALWAYS_EMBED_SWIFT_STANDARD_LIBRARIES = YES;
				BUNDLE_LOADER = "$(TEST_HOST)";
				CODE_SIGN_STYLE = Automatic;
				CURRENT_PROJECT_VERSION = 1;
				DEVELOPMENT_TEAM = G24T327LXT;
				GENERATE_INFOPLIST_FILE = NO;
				INFOPLIST_FILE = LogYourBody/Info.plist;
				IPHONEOS_DEPLOYMENT_TARGET = 17.5;
				MARKETING_VERSION = 1.0;
				PRODUCT_BUNDLE_IDENTIFIER = LogYourBody.LogYourBodyTests;
				PRODUCT_NAME = "$(TARGET_NAME)";
				SWIFT_EMIT_LOC_STRINGS = NO;
				SWIFT_VERSION = 5.0;
				TARGETED_DEVICE_FAMILY = 1;
				TEST_HOST = "$(BUILT_PRODUCTS_DIR)/LogYourBody.app/$(BUNDLE_EXECUTABLE_FOLDER_PATH)/LogYourBody";
			};
			name = Debug;
		};
		AD7D30BB2E1490810072AA5B /* Release */ = {
			isa = XCBuildConfiguration;
			buildSettings = {
				ALWAYS_EMBED_SWIFT_STANDARD_LIBRARIES = YES;
				BUNDLE_LOADER = "$(TEST_HOST)";
				CODE_SIGN_STYLE = Automatic;
				CURRENT_PROJECT_VERSION = 1;
				DEVELOPMENT_TEAM = G24T327LXT;
				GENERATE_INFOPLIST_FILE = NO;
				INFOPLIST_FILE = LogYourBody/Info.plist;
				IPHONEOS_DEPLOYMENT_TARGET = 17.5;
				MARKETING_VERSION = 1.0;
				PRODUCT_BUNDLE_IDENTIFIER = LogYourBody.LogYourBodyTests;
				PRODUCT_NAME = "$(TARGET_NAME)";
				SWIFT_EMIT_LOC_STRINGS = NO;
				SWIFT_VERSION = 5.0;
				TARGETED_DEVICE_FAMILY = 1;
				TEST_HOST = "$(BUILT_PRODUCTS_DIR)/LogYourBody.app/$(BUNDLE_EXECUTABLE_FOLDER_PATH)/LogYourBody";
			};
			name = Release;
		};
		AD7D30BD2E1490810072AA5B /* Debug */ = {
			isa = XCBuildConfiguration;
			buildSettings = {
				ALWAYS_EMBED_SWIFT_STANDARD_LIBRARIES = YES;
				CODE_SIGN_STYLE = Automatic;
				CURRENT_PROJECT_VERSION = 1;
				DEVELOPMENT_TEAM = G24T327LXT;
				GENERATE_INFOPLIST_FILE = NO;
				INFOPLIST_FILE = LogYourBody/Info.plist;
				MARKETING_VERSION = 1.0;
				PRODUCT_BUNDLE_IDENTIFIER = LogYourBody.LogYourBodyUITests;
				PRODUCT_NAME = "$(TARGET_NAME)";
				SWIFT_EMIT_LOC_STRINGS = NO;
				SWIFT_VERSION = 5.0;
				TARGETED_DEVICE_FAMILY = "1,2";
				TEST_TARGET_NAME = LogYourBody;
			};
			name = Debug;
		};
		AD7D30BE2E1490810072AA5B /* Release */ = {
			isa = XCBuildConfiguration;
			buildSettings = {
				ALWAYS_EMBED_SWIFT_STANDARD_LIBRARIES = YES;
				CODE_SIGN_STYLE = Automatic;
				CURRENT_PROJECT_VERSION = 1;
				DEVELOPMENT_TEAM = G24T327LXT;
				GENERATE_INFOPLIST_FILE = NO;
				INFOPLIST_FILE = LogYourBody/Info.plist;
				MARKETING_VERSION = 1.0;
				PRODUCT_BUNDLE_IDENTIFIER = LogYourBody.LogYourBodyUITests;
				PRODUCT_NAME = "$(TARGET_NAME)";
				SWIFT_EMIT_LOC_STRINGS = NO;
				SWIFT_VERSION = 5.0;
				TARGETED_DEVICE_FAMILY = "1,2";
				TEST_TARGET_NAME = LogYourBody;
			};
			name = Release;
		};
/* End XCBuildConfiguration section */

/* Begin XCConfigurationList section */
		AD7D308D2E14907F0072AA5B /* Build configuration list for PBXProject "LogYourBody" */ = {
			isa = XCConfigurationList;
			buildConfigurations = (
				AD7D30B42E1490810072AA5B /* Debug */,
				AD7D30B52E1490810072AA5B /* Release */,
			);
			defaultConfigurationIsVisible = 0;
			defaultConfigurationName = Release;
		};
		AD7D30B62E1490810072AA5B /* Build configuration list for PBXNativeTarget "LogYourBody" */ = {
			isa = XCConfigurationList;
			buildConfigurations = (
				AD7D30B72E1490810072AA5B /* Debug */,
				AD7D30B82E1490810072AA5B /* Release */,
			);
			defaultConfigurationIsVisible = 0;
			defaultConfigurationName = Release;
		};
		AD7D30B92E1490810072AA5B /* Build configuration list for PBXNativeTarget "LogYourBodyTests" */ = {
			isa = XCConfigurationList;
			buildConfigurations = (
				AD7D30BA2E1490810072AA5B /* Debug */,
				AD7D30BB2E1490810072AA5B /* Release */,
			);
			defaultConfigurationIsVisible = 0;
			defaultConfigurationName = Release;
		};
		AD7D30BC2E1490810072AA5B /* Build configuration list for PBXNativeTarget "LogYourBodyUITests" */ = {
			isa = XCConfigurationList;
			buildConfigurations = (
				AD7D30BD2E1490810072AA5B /* Debug */,
				AD7D30BE2E1490810072AA5B /* Release */,
			);
			defaultConfigurationIsVisible = 0;
			defaultConfigurationName = Release;
		};
/* End XCConfigurationList section */

/* Begin XCVersionGroup section */
		AD7F3A042E160A03004AEC61 /* LogYourBody.xcdatamodeld */ = {
			isa = XCVersionGroup;
			children = (
				AD7F3A092E160A03004AEC61 /* LogYourBody.xcdatamodel */,
			);
			currentVersion = AD7F3A092E160A03004AEC61 /* LogYourBody.xcdatamodel */;
			name = LogYourBody.xcdatamodeld;
			path = "/Users/timwhite/Documents/GitHub/TBF/LogYourBody/ios-native/LogYourBody/Models/LogYourBody.xcdatamodeld";
			sourceTree = "<group>";
			versionGroupType = wrapper.xcdatamodel;
		};
		AD7F3A4E2E160A04004AEC61 /* LogYourBody.xcdatamodeld */ = {
			isa = XCVersionGroup;
			children = (
				AD7F3A862E160A04004AEC61 /* LogYourBody.xcdatamodel */,
			);
			currentVersion = AD7F3A862E160A04004AEC61 /* LogYourBody.xcdatamodel */;
			name = LogYourBody.xcdatamodeld;
			path = "/Users/timwhite/Documents/GitHub/TBF/LogYourBody/ios-native/LogYourBody/Models/LogYourBody.xcdatamodeld";
			sourceTree = "<group>";
			versionGroupType = wrapper.xcdatamodel;
		};
/* End XCVersionGroup section */
	};
	rootObject = AD7D308A2E14907F0072AA5B /* Project object */;
}
