// !$*UTF8*$!
{
	archiveVersion = 1;
	classes = {
	};
	objectVersion = 56;
	objects = {

/* Begin PBXBuildFile section */
		/* Add build files here */
/* End PBXBuildFile section */

/* Begin PBXFileReference section */
		/* Add file references here */
/* End PBXFileReference section */

/* Begin PBXFrameworksBuildPhase section */
		/* Add frameworks here */
/* End PBXFrameworksBuildPhase section */

/* Begin PBXGroup section */
		/* Add groups here */
/* End PBXGroup section */

/* Begin PBXNativeTarget section */
		/* Add targets here */
/* End PBXNativeTarget section */

/* Begin PBXProject section */
		/* Add project settings here */
/* End PBXProject section */

/* Begin PBXResourcesBuildPhase section */
		/* Add resources here */
/* End PBXResourcesBuildPhase section */

/* Begin PBXSourcesBuildPhase section */
		/* Add source files here */
/* End PBXSourcesBuildPhase section */

/* Begin XCBuildConfiguration section */
		/* Add build configurations here */
/* End XCBuildConfiguration section */

/* Begin XCConfigurationList section */
		/* Add configuration lists here */
/* End XCConfigurationList section */
	};
	rootObject = /* Add root object reference */;
}