PODS:
  - Capacitor (7.3.0):
    - CapacitorCordova
  - CapacitorCordova (7.3.0)
  - CapacitorSplashScreen (7.0.1):
    - Capacitor
  - CapacitorStatusBar (7.0.1):
    - Capacitor

DEPENDENCIES:
  - "Capacitor (from `../../node_modules/@capacitor/ios`)"
  - "CapacitorCordova (from `../../node_modules/@capacitor/ios`)"
  - "CapacitorSplashScreen (from `../../node_modules/@capacitor/splash-screen`)"
  - "CapacitorStatusBar (from `../../node_modules/@capacitor/status-bar`)"

EXTERNAL SOURCES:
  Capacitor:
    :path: "../../node_modules/@capacitor/ios"
  CapacitorCordova:
    :path: "../../node_modules/@capacitor/ios"
  CapacitorSplashScreen:
    :path: "../../node_modules/@capacitor/splash-screen"
  CapacitorStatusBar:
    :path: "../../node_modules/@capacitor/status-bar"

SPEC CHECKSUMS:
  Capacitor: fbd134fa28e503720559ecddb5ab6b41d69de347
  CapacitorCordova: 2685f5c43675793b5f06dfd66b3b26268f003b97
  CapacitorSplashScreen: 19cd3573e57507e02d6f34597a8c421e00931487
  CapacitorStatusBar: 275cbf2f4dfc00388f519ef80c7ec22edda342c9

PODFILE CHECKSUM: 7d86bf74e72f6415dc58161c44f5ddddf580dc42

COCOAPODS: 1.14.3
